// !$*UTF8*$!
{
	archiveVersion = 1;
	classes = {
	};
	objectVersion = 46;
	objects = {

/* Begin PBXAggregateTarget section */
		4CBD8E61182069CC005E5997 /* OCLint */ = {
			isa = PBXAggregateTarget;
			buildConfigurationList = 4CBD8E64182069CC005E5997 /* Build configuration list for PBXAggregateTarget "OCLint" */;
			buildPhases = (
				4CBD8E6518206ADC005E5997 /* ShellScript */,
			);
			dependencies = (
			);
			name = OCLint;
			productName = OCLint;
		};
/* End PBXAggregateTarget section */

/* Begin PBXBuildFile section */
		213733791937B18F00E2AD81 /* DrawViewTests.m in Sources */ = {isa = PBXBuildFile; fileRef = 213733781937B18F00E2AD81 /* DrawViewTests.m */; };
		21DA3D9318905B5000BFD96B /* DrawViewController.xib in Resources */ = {isa = PBXBuildFile; fileRef = 21DA3D8C18905B5000BFD96B /* DrawViewController.xib */; };
		21DA3D9518905B5000BFD96B /* DrawViewController.m in Sources */ = {isa = PBXBuildFile; fileRef = 21DA3D8E18905B5000BFD96B /* DrawViewController.m */; };
		2C5AD2C217B5430000BFB795 /* StreamViewControllerTests.m in Sources */ = {isa = PBXBuildFile; fileRef = 2C5AD2C117B5430000BFB795 /* StreamViewControllerTests.m */; };
		2CA93202188596D400199CC4 /* Images.xcassets in Resources */ = {isa = PBXBuildFile; fileRef = 2CA93201188596D400199CC4 /* Images.xcassets */; };
		2CF45FDD17971C0400E6C69E /* QuartzCore.framework in Frameworks */ = {isa = PBXBuildFile; fileRef = 2CF45FDC17971C0400E6C69E /* QuartzCore.framework */; };
		2CFC32A0175E60FC00384AEC /* MainStoryboard.storyboard in Resources */ = {isa = PBXBuildFile; fileRef = 2CFC329F175E60FC00384AEC /* MainStoryboard.storyboard */; };
		32C23AE47DD846CB8427DBC1 /* libPods-AccessLecture Tests.a in Frameworks */ = {isa = PBXBuildFile; fileRef = 0FAD181C458E4CEEB87F6ECE /* libPods-AccessLecture Tests.a */; };
		3F07C34F187B2BA7005BC7EC /* TextNoteViewController.m in Sources */ = {isa = PBXBuildFile; fileRef = 3F07C34E187B2BA7005BC7EC /* TextNoteViewController.m */; };
		3F07C352187B3627005BC7EC /* TextNoteView.m in Sources */ = {isa = PBXBuildFile; fileRef = 3F07C351187B3627005BC7EC /* TextNoteView.m */; };
		3F0DBDD613BD174900E3FEE8 /* AboutViewController.m in Sources */ = {isa = PBXBuildFile; fileRef = 3F0DBDD413BD174900E3FEE8 /* AboutViewController.m */; };
		3F0F3B71178DCB8B00163C2A /* CoreText.framework in Frameworks */ = {isa = PBXBuildFile; fileRef = 3F0F3B70178DCB8B00163C2A /* CoreText.framework */; };
		3F2DC98218871FE4008C29BF /* ImageNoteViewController.m in Sources */ = {isa = PBXBuildFile; fileRef = 3F2DC98018871FE4008C29BF /* ImageNoteViewController.m */; };
		3F2DC98318871FE4008C29BF /* ImageNoteViewController.xib in Resources */ = {isa = PBXBuildFile; fileRef = 3F2DC98118871FE4008C29BF /* ImageNoteViewController.xib */; };
		3F2DC9871887225D008C29BF /* ImageNoteView.m in Sources */ = {isa = PBXBuildFile; fileRef = 3F2DC9861887225D008C29BF /* ImageNoteView.m */; };
		3F408C0A18BF94F600F6B113 /* XMLReader.m in Sources */ = {isa = PBXBuildFile; fileRef = 3F408C0918BF94F600F6B113 /* XMLReader.m */; };
		3F408C0D18BF94FD00F6B113 /* NSString+asciihexcodes.m in Sources */ = {isa = PBXBuildFile; fileRef = 3F408C0C18BF94FD00F6B113 /* NSString+asciihexcodes.m */; };
		3F4DE76118EB492900BB9970 /* ABDrawToggleSwitch.m in Sources */ = {isa = PBXBuildFile; fileRef = 3F4DE76018EB492900BB9970 /* ABDrawToggleSwitch.m */; };
		3F59A9EA18AD193800AAC873 /* LectureNavbar.m in Sources */ = {isa = PBXBuildFile; fileRef = 3F59A9E918AD193800AAC873 /* LectureNavbar.m */; };
		3F62DEDE1921020800BDD4EE /* libPods-AccessLecture.a in Frameworks */ = {isa = PBXBuildFile; fileRef = 3F62DEDD1921020800BDD4EE /* libPods-AccessLecture.a */; };
		3F6D11C417625EA20066A4FA /* ALNetworkInterface.m in Sources */ = {isa = PBXBuildFile; fileRef = 3F6D11B017625EA20066A4FA /* ALNetworkInterface.m */; };
		3F6D11C517625EA20066A4FA /* SocketIO.m in Sources */ = {isa = PBXBuildFile; fileRef = 3F6D11B217625EA20066A4FA /* SocketIO.m */; };
		3F6D11C617625EA20066A4FA /* SocketIOJSONSerialization.m in Sources */ = {isa = PBXBuildFile; fileRef = 3F6D11B417625EA20066A4FA /* SocketIOJSONSerialization.m */; };
		3F6D11C717625EA20066A4FA /* SocketIOPacket.m in Sources */ = {isa = PBXBuildFile; fileRef = 3F6D11B617625EA20066A4FA /* SocketIOPacket.m */; };
		3F6D11C817625EA20066A4FA /* SocketIOTransportWebsocket.m in Sources */ = {isa = PBXBuildFile; fileRef = 3F6D11B917625EA20066A4FA /* SocketIOTransportWebsocket.m */; };
		3F6D11C917625EA20066A4FA /* SocketIOTransportXHR.m in Sources */ = {isa = PBXBuildFile; fileRef = 3F6D11BB17625EA20066A4FA /* SocketIOTransportXHR.m */; };
		3F6D11CA17625EA20066A4FA /* base64.c in Sources */ = {isa = PBXBuildFile; fileRef = 3F6D11BD17625EA20066A4FA /* base64.c */; };
		3F6D11CB17625EA20066A4FA /* NSData+SRB64Additions.m in Sources */ = {isa = PBXBuildFile; fileRef = 3F6D11C017625EA20066A4FA /* NSData+SRB64Additions.m */; };
		3F6D11CC17625EA20066A4FA /* SRWebSocket.m in Sources */ = {isa = PBXBuildFile; fileRef = 3F6D11C317625EA20066A4FA /* SRWebSocket.m */; };
		3F6D11D417625F260066A4FA /* libicucore.dylib in Frameworks */ = {isa = PBXBuildFile; fileRef = 3F6D11D217625F150066A4FA /* libicucore.dylib */; };
		3F6D11D517625F270066A4FA /* CFNetwork.framework in Frameworks */ = {isa = PBXBuildFile; fileRef = 3F6D11D017625F0D0066A4FA /* CFNetwork.framework */; };
		3F6D11D617625F2D0066A4FA /* Security.framework in Frameworks */ = {isa = PBXBuildFile; fileRef = 3F6D11CE17625F060066A4FA /* Security.framework */; };
		3F8B515418FD90580053BFE8 /* UIImage+FixOrientation.m in Sources */ = {isa = PBXBuildFile; fileRef = 3F8B514C18FD90580053BFE8 /* UIImage+FixOrientation.m */; };
		3F8B515618FD90580053BFE8 /* UIImage+Rotate.m in Sources */ = {isa = PBXBuildFile; fileRef = 3F8B515018FD90580053BFE8 /* UIImage+Rotate.m */; };
		3F8B515718FD90580053BFE8 /* UIImage+RoundedCorner.m in Sources */ = {isa = PBXBuildFile; fileRef = 3F8B515218FD90580053BFE8 /* UIImage+RoundedCorner.m */; };
		3F8D9908187B4E010061DEA2 /* TextNoteView.xib in Resources */ = {isa = PBXBuildFile; fileRef = 3F8D9906187B4E010061DEA2 /* TextNoteView.xib */; };
		3F8D990E187DD9100061DEA2 /* FullScreenNoteViewController.m in Sources */ = {isa = PBXBuildFile; fileRef = 3F8D990C187DD9100061DEA2 /* FullScreenNoteViewController.m */; };
		3F8D990F187DD9100061DEA2 /* FullScreenNoteViewController.xib in Resources */ = {isa = PBXBuildFile; fileRef = 3F8D990D187DD9100061DEA2 /* FullScreenNoteViewController.xib */; };
		3F8D9915187F0D1A0061DEA2 /* FileMangerViewController.m in Sources */ = {isa = PBXBuildFile; fileRef = 3F8D9913187F0D1A0061DEA2 /* FileMangerViewController.m */; };
		3F8D9925187F48CC0061DEA2 /* DocumentPicker.m in Sources */ = {isa = PBXBuildFile; fileRef = 3F8D9923187F48CC0061DEA2 /* DocumentPicker.m */; };
		3F8D9926187F48CC0061DEA2 /* DocumentPicker.xib in Resources */ = {isa = PBXBuildFile; fileRef = 3F8D9924187F48CC0061DEA2 /* DocumentPicker.xib */; };
		3F8D992B188099F30061DEA2 /* DocumentCreator.m in Sources */ = {isa = PBXBuildFile; fileRef = 3F8D9929188099F30061DEA2 /* DocumentCreator.m */; };
		3F8D992C188099F30061DEA2 /* DocumentCreator.xib in Resources */ = {isa = PBXBuildFile; fileRef = 3F8D992A188099F30061DEA2 /* DocumentCreator.xib */; };
		3F8D992F1880A2540061DEA2 /* StatusMark.m in Sources */ = {isa = PBXBuildFile; fileRef = 3F8D992E1880A2540061DEA2 /* StatusMark.m */; };
		3F8D99331880ACBE0061DEA2 /* NSString+TrimmingAdditions.m in Sources */ = {isa = PBXBuildFile; fileRef = 3F8D99321880ACBE0061DEA2 /* NSString+TrimmingAdditions.m */; };
		3F8FD2C418AD21860059EF9C /* AMOpenButton.m in Sources */ = {isa = PBXBuildFile; fileRef = 3F8FD2C318AD21860059EF9C /* AMOpenButton.m */; };
		3F8FD2CA18AD33350059EF9C /* AddImage.m in Sources */ = {isa = PBXBuildFile; fileRef = 3F8FD2C718AD33350059EF9C /* AddImage.m */; };
		3F8FD2CB18AD33350059EF9C /* AddNote.m in Sources */ = {isa = PBXBuildFile; fileRef = 3F8FD2C918AD33350059EF9C /* AddNote.m */; };
		3F8FD2CF18AD34EB0059EF9C /* DrawMode.m in Sources */ = {isa = PBXBuildFile; fileRef = 3F8FD2CE18AD34EB0059EF9C /* DrawMode.m */; };
		3F8FD2E318B3F7BF0059EF9C /* Deferred.m in Sources */ = {isa = PBXBuildFile; fileRef = 3F8FD2DF18B3F7BF0059EF9C /* Deferred.m */; };
		3F8FD2E418B3F7BF0059EF9C /* Promise.m in Sources */ = {isa = PBXBuildFile; fileRef = 3F8FD2E218B3F7BF0059EF9C /* Promise.m */; };
		3F99F20215436E090065CBB9 /* Lecture.m in Sources */ = {isa = PBXBuildFile; fileRef = 3F99F20115436E090065CBB9 /* Lecture.m */; };
		3FCD5D1715438472005F2A60 /* AccessLectureRuntime.m in Sources */ = {isa = PBXBuildFile; fileRef = 3FCD5D1615438472005F2A60 /* AccessLectureRuntime.m */; };
		3FED960C1370863E00D8D1B8 /* UIKit.framework in Frameworks */ = {isa = PBXBuildFile; fileRef = 3FED960B1370863E00D8D1B8 /* UIKit.framework */; };
		3FED960E1370863E00D8D1B8 /* Foundation.framework in Frameworks */ = {isa = PBXBuildFile; fileRef = 3FED960D1370863E00D8D1B8 /* Foundation.framework */; };
		3FED96101370863E00D8D1B8 /* CoreGraphics.framework in Frameworks */ = {isa = PBXBuildFile; fileRef = 3FED960F1370863E00D8D1B8 /* CoreGraphics.framework */; };
		3FED96161370863E00D8D1B8 /* InfoPlist.strings in Resources */ = {isa = PBXBuildFile; fileRef = 3FED96141370863E00D8D1B8 /* InfoPlist.strings */; };
		3FED96191370863E00D8D1B8 /* main.m in Sources */ = {isa = PBXBuildFile; fileRef = 3FED96181370863E00D8D1B8 /* main.m */; };
		3FED961C1370863E00D8D1B8 /* AccessLectureAppDelegate.m in Sources */ = {isa = PBXBuildFile; fileRef = 3FED961B1370863E00D8D1B8 /* AccessLectureAppDelegate.m */; };
		3FED96221370863E00D8D1B8 /* RootViewController.m in Sources */ = {isa = PBXBuildFile; fileRef = 3FED96211370863E00D8D1B8 /* RootViewController.m */; };
		3FFCFB2213A25388003DAB63 /* MessageUI.framework in Frameworks */ = {isa = PBXBuildFile; fileRef = 3FFCFB2113A25388003DAB63 /* MessageUI.framework */; };
		4C37CCB018295FC0006D3B1F /* ALMetaData.m in Sources */ = {isa = PBXBuildFile; fileRef = 4C37CCAF18295FC0006D3B1F /* ALMetaData.m */; };
		4C4B8BFA178EF57200C2F94B /* QRScanner.m in Sources */ = {isa = PBXBuildFile; fileRef = 4C4B8BF9178EF57200C2F94B /* QRScanner.m */; };
		4C4B8BFC178EF8D900C2F94B /* AVFoundation.framework in Frameworks */ = {isa = PBXBuildFile; fileRef = 4C4B8BFB178EF8D900C2F94B /* AVFoundation.framework */; };
		4C5B55FB17720A15005B79CF /* server.crt in Resources */ = {isa = PBXBuildFile; fileRef = 4C5B55FA17720A15005B79CF /* server.crt */; };
		4C5C50CD177B7B7C0095801A /* LectureViewContainer.m in Sources */ = {isa = PBXBuildFile; fileRef = 4C5C50CC177B7B7C0095801A /* LectureViewContainer.m */; };
		4C62BECD175651DB00CAF4CF /* FileManager.m in Sources */ = {isa = PBXBuildFile; fileRef = 3F99F1FA1543641E0065CBB9 /* FileManager.m */; };
		4C8ABE78177C87BD007C934C /* StreamViewController.m in Sources */ = {isa = PBXBuildFile; fileRef = 4C8ABE76177C87BD007C934C /* StreamViewController.m */; };
		4CBF5D871768DAD200746377 /* libicucore.dylib in Frameworks */ = {isa = PBXBuildFile; fileRef = 3F6D11D217625F150066A4FA /* libicucore.dylib */; };
		4CBF5D881768DAD500746377 /* CFNetwork.framework in Frameworks */ = {isa = PBXBuildFile; fileRef = 3F6D11D017625F0D0066A4FA /* CFNetwork.framework */; };
		4CBF5D891768DAD700746377 /* Security.framework in Frameworks */ = {isa = PBXBuildFile; fileRef = 3F6D11CE17625F060066A4FA /* Security.framework */; };
		4CCBC8DD17E222FF00CB303E /* Note.m in Sources */ = {isa = PBXBuildFile; fileRef = 3F99F1FF154364270065CBB9 /* Note.m */; };
		4CD0A5EF177DC98600864228 /* ConnectionViewController.m in Sources */ = {isa = PBXBuildFile; fileRef = 4CD0A5ED177DC98600864228 /* ConnectionViewController.m */; };
		4CD0A5F8177E1D6800864228 /* StreamDrawing.m in Sources */ = {isa = PBXBuildFile; fileRef = 4CD0A5F7177E1D6800864228 /* StreamDrawing.m */; };
		4CDB053817B5567300D8EB85 /* CoreData.framework in Frameworks */ = {isa = PBXBuildFile; fileRef = 4CDB053717B5567300D8EB85 /* CoreData.framework */; };
		4CDB057D17B557C300D8EB85 /* AccessLecture.xcdatamodeld in Sources */ = {isa = PBXBuildFile; fileRef = 4CDB057B17B557C300D8EB85 /* AccessLecture.xcdatamodeld */; };
		4CDB058017B5589A00D8EB85 /* Favorites.m in Sources */ = {isa = PBXBuildFile; fileRef = 4CDB057F17B5589A00D8EB85 /* Favorites.m */; };
		4CDDF69717EB690900FE34E7 /* AMLecture.m in Sources */ = {isa = PBXBuildFile; fileRef = 4CDDF69617EB690900FE34E7 /* AMLecture.m */; };
		4CE742C41768BDE60026DE71 /* SenTestingKit.framework in Frameworks */ = {isa = PBXBuildFile; fileRef = 3F9BA9C21758FE1C00BEFB55 /* SenTestingKit.framework */; };
		4CE742C51768BDE60026DE71 /* Foundation.framework in Frameworks */ = {isa = PBXBuildFile; fileRef = 3FED960D1370863E00D8D1B8 /* Foundation.framework */; };
		4CE742C61768BDE60026DE71 /* UIKit.framework in Frameworks */ = {isa = PBXBuildFile; fileRef = 3FED960B1370863E00D8D1B8 /* UIKit.framework */; };
		4CEA1A03177CAAED00A1DE05 /* LectureCell.m in Sources */ = {isa = PBXBuildFile; fileRef = 4CEA1A00177CAAED00A1DE05 /* LectureCell.m */; };
		4CEA1A04177CAAED00A1DE05 /* OpenLectureViewController.m in Sources */ = {isa = PBXBuildFile; fileRef = 4CEA1A02177CAAED00A1DE05 /* OpenLectureViewController.m */; };
		4CFC573017DF800700393A1E /* NoteTakingViewController.m in Sources */ = {isa = PBXBuildFile; fileRef = 4CFC572F17DF800700393A1E /* NoteTakingViewController.m */; };
/* End PBXBuildFile section */

/* Begin PBXContainerItemProxy section */
		4CBF5D8A1768DB4E00746377 /* PBXContainerItemProxy */ = {
			isa = PBXContainerItemProxy;
			containerPortal = 3FED95FE1370863E00D8D1B8 /* Project object */;
			proxyType = 1;
			remoteGlobalIDString = 3FED96061370863E00D8D1B8;
			remoteInfo = AccessLecture;
		};
/* End PBXContainerItemProxy section */

/* Begin PBXFileReference section */
		09983FD2441D47DAA38B408E /* libPods.a */ = {isa = PBXFileReference; explicitFileType = archive.ar; includeInIndex = 0; path = libPods.a; sourceTree = BUILT_PRODUCTS_DIR; };
		0FAD181C458E4CEEB87F6ECE /* libPods-AccessLecture Tests.a */ = {isa = PBXFileReference; explicitFileType = archive.ar; includeInIndex = 0; path = "libPods-AccessLecture Tests.a"; sourceTree = BUILT_PRODUCTS_DIR; };
		213733781937B18F00E2AD81 /* DrawViewTests.m */ = {isa = PBXFileReference; fileEncoding = 4; lastKnownFileType = sourcecode.c.objc; path = DrawViewTests.m; sourceTree = "<group>"; };
		21DA3D8C18905B5000BFD96B /* DrawViewController.xib */ = {isa = PBXFileReference; fileEncoding = 4; lastKnownFileType = file.xib; path = DrawViewController.xib; sourceTree = "<group>"; };
		21DA3D8E18905B5000BFD96B /* DrawViewController.m */ = {isa = PBXFileReference; fileEncoding = 4; lastKnownFileType = sourcecode.c.objc; path = DrawViewController.m; sourceTree = "<group>"; };
		21DA3D8F18905B5000BFD96B /* DrawViewController.h */ = {isa = PBXFileReference; fileEncoding = 4; lastKnownFileType = sourcecode.c.h; path = DrawViewController.h; sourceTree = "<group>"; };
		2C5AD2C117B5430000BFB795 /* StreamViewControllerTests.m */ = {isa = PBXFileReference; fileEncoding = 4; lastKnownFileType = sourcecode.c.objc; path = StreamViewControllerTests.m; sourceTree = "<group>"; };
		2CA93201188596D400199CC4 /* Images.xcassets */ = {isa = PBXFileReference; lastKnownFileType = folder.assetcatalog; name = Images.xcassets; path = ../Images.xcassets; sourceTree = "<group>"; };
		2CDF995E193CDE32005707D3 /* SearchViewController.h */ = {isa = PBXFileReference; fileEncoding = 4; lastKnownFileType = sourcecode.c.h; path = SearchViewController.h; sourceTree = "<group>"; };
		2CDF9961193CDE70005707D3 /* SearchViewController.m */ = {isa = PBXFileReference; lastKnownFileType = sourcecode.c.objc; path = SearchViewController.m; sourceTree = "<group>"; };
		2CDF9962193CDE85005707D3 /* LectureListViewController.m */ = {isa = PBXFileReference; lastKnownFileType = sourcecode.c.objc; path = LectureListViewController.m; sourceTree = "<group>"; };
		2CF21683193CDA0C0014F947 /* LectureListViewController.h */ = {isa = PBXFileReference; fileEncoding = 4; lastKnownFileType = sourcecode.c.h; path = LectureListViewController.h; sourceTree = "<group>"; };
		2CF45FDC17971C0400E6C69E /* QuartzCore.framework */ = {isa = PBXFileReference; lastKnownFileType = wrapper.framework; name = QuartzCore.framework; path = System/Library/Frameworks/QuartzCore.framework; sourceTree = SDKROOT; };
		2CFC329F175E60FC00384AEC /* MainStoryboard.storyboard */ = {isa = PBXFileReference; fileEncoding = 4; lastKnownFileType = file.storyboard; path = MainStoryboard.storyboard; sourceTree = "<group>"; };
		3F07C34D187B2BA7005BC7EC /* TextNoteViewController.h */ = {isa = PBXFileReference; fileEncoding = 4; lastKnownFileType = sourcecode.c.h; path = TextNoteViewController.h; sourceTree = "<group>"; };
		3F07C34E187B2BA7005BC7EC /* TextNoteViewController.m */ = {isa = PBXFileReference; fileEncoding = 4; lastKnownFileType = sourcecode.c.objc; path = TextNoteViewController.m; sourceTree = "<group>"; };
		3F07C350187B3627005BC7EC /* TextNoteView.h */ = {isa = PBXFileReference; fileEncoding = 4; lastKnownFileType = sourcecode.c.h; path = TextNoteView.h; sourceTree = "<group>"; };
		3F07C351187B3627005BC7EC /* TextNoteView.m */ = {isa = PBXFileReference; fileEncoding = 4; lastKnownFileType = sourcecode.c.objc; path = TextNoteView.m; sourceTree = "<group>"; };
		3F0DBDD313BD174900E3FEE8 /* AboutViewController.h */ = {isa = PBXFileReference; fileEncoding = 4; lastKnownFileType = sourcecode.c.h; path = AboutViewController.h; sourceTree = "<group>"; };
		3F0DBDD413BD174900E3FEE8 /* AboutViewController.m */ = {isa = PBXFileReference; fileEncoding = 4; lastKnownFileType = sourcecode.c.objc; path = AboutViewController.m; sourceTree = "<group>"; };
		3F0F3B70178DCB8B00163C2A /* CoreText.framework */ = {isa = PBXFileReference; lastKnownFileType = wrapper.framework; name = CoreText.framework; path = System/Library/Frameworks/CoreText.framework; sourceTree = SDKROOT; };
		3F2DC97F18871FE4008C29BF /* ImageNoteViewController.h */ = {isa = PBXFileReference; fileEncoding = 4; lastKnownFileType = sourcecode.c.h; path = ImageNoteViewController.h; sourceTree = "<group>"; };
		3F2DC98018871FE4008C29BF /* ImageNoteViewController.m */ = {isa = PBXFileReference; fileEncoding = 4; lastKnownFileType = sourcecode.c.objc; path = ImageNoteViewController.m; sourceTree = "<group>"; };
		3F2DC98118871FE4008C29BF /* ImageNoteViewController.xib */ = {isa = PBXFileReference; fileEncoding = 4; lastKnownFileType = file.xib; path = ImageNoteViewController.xib; sourceTree = "<group>"; };
		3F2DC9851887225D008C29BF /* ImageNoteView.h */ = {isa = PBXFileReference; fileEncoding = 4; lastKnownFileType = sourcecode.c.h; path = ImageNoteView.h; sourceTree = "<group>"; };
		3F2DC9861887225D008C29BF /* ImageNoteView.m */ = {isa = PBXFileReference; fileEncoding = 4; lastKnownFileType = sourcecode.c.objc; path = ImageNoteView.m; sourceTree = "<group>"; };
		3F408C0518BF94BA00F6B113 /* LectureNavbar.h */ = {isa = PBXFileReference; fileEncoding = 4; lastKnownFileType = sourcecode.c.h; path = LectureNavbar.h; sourceTree = "<group>"; };
		3F408C0818BF94F600F6B113 /* XMLReader.h */ = {isa = PBXFileReference; fileEncoding = 4; lastKnownFileType = sourcecode.c.h; path = XMLReader.h; sourceTree = "<group>"; };
		3F408C0918BF94F600F6B113 /* XMLReader.m */ = {isa = PBXFileReference; fileEncoding = 4; lastKnownFileType = sourcecode.c.objc; path = XMLReader.m; sourceTree = "<group>"; };
		3F408C0B18BF94FD00F6B113 /* NSString+asciihexcodes.h */ = {isa = PBXFileReference; fileEncoding = 4; lastKnownFileType = sourcecode.c.h; path = "NSString+asciihexcodes.h"; sourceTree = "<group>"; };
		3F408C0C18BF94FD00F6B113 /* NSString+asciihexcodes.m */ = {isa = PBXFileReference; fileEncoding = 4; lastKnownFileType = sourcecode.c.objc; path = "NSString+asciihexcodes.m"; sourceTree = "<group>"; };
		3F4DE75F18EB492900BB9970 /* ABDrawToggleSwitch.h */ = {isa = PBXFileReference; fileEncoding = 4; lastKnownFileType = sourcecode.c.h; path = ABDrawToggleSwitch.h; sourceTree = "<group>"; };
		3F4DE76018EB492900BB9970 /* ABDrawToggleSwitch.m */ = {isa = PBXFileReference; fileEncoding = 4; lastKnownFileType = sourcecode.c.objc; path = ABDrawToggleSwitch.m; sourceTree = "<group>"; };
		3F59A9E918AD193800AAC873 /* LectureNavbar.m */ = {isa = PBXFileReference; fileEncoding = 4; lastKnownFileType = sourcecode.c.objc; path = LectureNavbar.m; sourceTree = "<group>"; };
		3F62DED91919808200BDD4EE /* AccessLecture Tests-Info.plist */ = {isa = PBXFileReference; fileEncoding = 4; lastKnownFileType = text.plist.xml; path = "AccessLecture Tests-Info.plist"; sourceTree = "<group>"; };
		3F62DEDA1919808200BDD4EE /* AccessLecture Tests-Prefix.pch */ = {isa = PBXFileReference; fileEncoding = 4; lastKnownFileType = sourcecode.c.h; path = "AccessLecture Tests-Prefix.pch"; sourceTree = "<group>"; };
		3F62DEDD1921020800BDD4EE /* libPods-AccessLecture.a */ = {isa = PBXFileReference; lastKnownFileType = archive.ar; name = "libPods-AccessLecture.a"; path = "Pods/build/Debug-iphoneos/libPods-AccessLecture.a"; sourceTree = "<group>"; };
		3F6D11AF17625EA20066A4FA /* ALNetworkInterface.h */ = {isa = PBXFileReference; fileEncoding = 4; lastKnownFileType = sourcecode.c.h; path = ALNetworkInterface.h; sourceTree = "<group>"; };
		3F6D11B017625EA20066A4FA /* ALNetworkInterface.m */ = {isa = PBXFileReference; fileEncoding = 4; lastKnownFileType = sourcecode.c.objc; path = ALNetworkInterface.m; sourceTree = "<group>"; };
		3F6D11B117625EA20066A4FA /* SocketIO.h */ = {isa = PBXFileReference; fileEncoding = 4; lastKnownFileType = sourcecode.c.h; path = SocketIO.h; sourceTree = "<group>"; };
		3F6D11B217625EA20066A4FA /* SocketIO.m */ = {isa = PBXFileReference; fileEncoding = 4; lastKnownFileType = sourcecode.c.objc; path = SocketIO.m; sourceTree = "<group>"; };
		3F6D11B317625EA20066A4FA /* SocketIOJSONSerialization.h */ = {isa = PBXFileReference; fileEncoding = 4; lastKnownFileType = sourcecode.c.h; path = SocketIOJSONSerialization.h; sourceTree = "<group>"; };
		3F6D11B417625EA20066A4FA /* SocketIOJSONSerialization.m */ = {isa = PBXFileReference; fileEncoding = 4; lastKnownFileType = sourcecode.c.objc; path = SocketIOJSONSerialization.m; sourceTree = "<group>"; };
		3F6D11B517625EA20066A4FA /* SocketIOPacket.h */ = {isa = PBXFileReference; fileEncoding = 4; lastKnownFileType = sourcecode.c.h; path = SocketIOPacket.h; sourceTree = "<group>"; };
		3F6D11B617625EA20066A4FA /* SocketIOPacket.m */ = {isa = PBXFileReference; fileEncoding = 4; lastKnownFileType = sourcecode.c.objc; path = SocketIOPacket.m; sourceTree = "<group>"; };
		3F6D11B717625EA20066A4FA /* SocketIOTransport.h */ = {isa = PBXFileReference; fileEncoding = 4; lastKnownFileType = sourcecode.c.h; path = SocketIOTransport.h; sourceTree = "<group>"; };
		3F6D11B817625EA20066A4FA /* SocketIOTransportWebsocket.h */ = {isa = PBXFileReference; fileEncoding = 4; lastKnownFileType = sourcecode.c.h; path = SocketIOTransportWebsocket.h; sourceTree = "<group>"; };
		3F6D11B917625EA20066A4FA /* SocketIOTransportWebsocket.m */ = {isa = PBXFileReference; fileEncoding = 4; lastKnownFileType = sourcecode.c.objc; path = SocketIOTransportWebsocket.m; sourceTree = "<group>"; };
		3F6D11BA17625EA20066A4FA /* SocketIOTransportXHR.h */ = {isa = PBXFileReference; fileEncoding = 4; lastKnownFileType = sourcecode.c.h; path = SocketIOTransportXHR.h; sourceTree = "<group>"; };
		3F6D11BB17625EA20066A4FA /* SocketIOTransportXHR.m */ = {isa = PBXFileReference; fileEncoding = 4; lastKnownFileType = sourcecode.c.objc; path = SocketIOTransportXHR.m; sourceTree = "<group>"; };
		3F6D11BD17625EA20066A4FA /* base64.c */ = {isa = PBXFileReference; fileEncoding = 4; lastKnownFileType = sourcecode.c.c; path = base64.c; sourceTree = "<group>"; };
		3F6D11BE17625EA20066A4FA /* base64.h */ = {isa = PBXFileReference; fileEncoding = 4; lastKnownFileType = sourcecode.c.h; path = base64.h; sourceTree = "<group>"; };
		3F6D11BF17625EA20066A4FA /* NSData+SRB64Additions.h */ = {isa = PBXFileReference; fileEncoding = 4; lastKnownFileType = sourcecode.c.h; path = "NSData+SRB64Additions.h"; sourceTree = "<group>"; };
		3F6D11C017625EA20066A4FA /* NSData+SRB64Additions.m */ = {isa = PBXFileReference; fileEncoding = 4; lastKnownFileType = sourcecode.c.objc; path = "NSData+SRB64Additions.m"; sourceTree = "<group>"; };
		3F6D11C117625EA20066A4FA /* SocketRocket-Prefix.pch */ = {isa = PBXFileReference; fileEncoding = 4; lastKnownFileType = sourcecode.c.h; path = "SocketRocket-Prefix.pch"; sourceTree = "<group>"; };
		3F6D11C217625EA20066A4FA /* SRWebSocket.h */ = {isa = PBXFileReference; fileEncoding = 4; lastKnownFileType = sourcecode.c.h; path = SRWebSocket.h; sourceTree = "<group>"; };
		3F6D11C317625EA20066A4FA /* SRWebSocket.m */ = {isa = PBXFileReference; fileEncoding = 4; lastKnownFileType = sourcecode.c.objc; path = SRWebSocket.m; sourceTree = "<group>"; };
		3F6D11CE17625F060066A4FA /* Security.framework */ = {isa = PBXFileReference; lastKnownFileType = wrapper.framework; name = Security.framework; path = System/Library/Frameworks/Security.framework; sourceTree = SDKROOT; };
		3F6D11D017625F0D0066A4FA /* CFNetwork.framework */ = {isa = PBXFileReference; lastKnownFileType = wrapper.framework; name = CFNetwork.framework; path = System/Library/Frameworks/CFNetwork.framework; sourceTree = SDKROOT; };
		3F6D11D217625F150066A4FA /* libicucore.dylib */ = {isa = PBXFileReference; lastKnownFileType = "compiled.mach-o.dylib"; name = libicucore.dylib; path = usr/lib/libicucore.dylib; sourceTree = SDKROOT; };
		3F8B514918FD90580053BFE8 /* UIImage+Alpha.h */ = {isa = PBXFileReference; fileEncoding = 4; lastKnownFileType = sourcecode.c.h; path = "UIImage+Alpha.h"; sourceTree = "<group>"; };
		3F8B514A18FD90580053BFE8 /* UIImage+Alpha.m */ = {isa = PBXFileReference; fileEncoding = 4; lastKnownFileType = sourcecode.c.objc; path = "UIImage+Alpha.m"; sourceTree = "<group>"; };
		3F8B514B18FD90580053BFE8 /* UIImage+FixOrientation.h */ = {isa = PBXFileReference; fileEncoding = 4; lastKnownFileType = sourcecode.c.h; path = "UIImage+FixOrientation.h"; sourceTree = "<group>"; };
		3F8B514C18FD90580053BFE8 /* UIImage+FixOrientation.m */ = {isa = PBXFileReference; fileEncoding = 4; lastKnownFileType = sourcecode.c.objc; path = "UIImage+FixOrientation.m"; sourceTree = "<group>"; };
		3F8B514D18FD90580053BFE8 /* UIImage+Resize.h */ = {isa = PBXFileReference; fileEncoding = 4; lastKnownFileType = sourcecode.c.h; path = "UIImage+Resize.h"; sourceTree = "<group>"; };
		3F8B514E18FD90580053BFE8 /* UIImage+Resize.m */ = {isa = PBXFileReference; fileEncoding = 4; lastKnownFileType = sourcecode.c.objc; path = "UIImage+Resize.m"; sourceTree = "<group>"; };
		3F8B514F18FD90580053BFE8 /* UIImage+Rotate.h */ = {isa = PBXFileReference; fileEncoding = 4; lastKnownFileType = sourcecode.c.h; path = "UIImage+Rotate.h"; sourceTree = "<group>"; };
		3F8B515018FD90580053BFE8 /* UIImage+Rotate.m */ = {isa = PBXFileReference; fileEncoding = 4; lastKnownFileType = sourcecode.c.objc; path = "UIImage+Rotate.m"; sourceTree = "<group>"; };
		3F8B515118FD90580053BFE8 /* UIImage+RoundedCorner.h */ = {isa = PBXFileReference; fileEncoding = 4; lastKnownFileType = sourcecode.c.h; path = "UIImage+RoundedCorner.h"; sourceTree = "<group>"; };
		3F8B515218FD90580053BFE8 /* UIImage+RoundedCorner.m */ = {isa = PBXFileReference; fileEncoding = 4; lastKnownFileType = sourcecode.c.objc; path = "UIImage+RoundedCorner.m"; sourceTree = "<group>"; };
		3F8D9906187B4E010061DEA2 /* TextNoteView.xib */ = {isa = PBXFileReference; fileEncoding = 4; lastKnownFileType = file.xib; path = TextNoteView.xib; sourceTree = "<group>"; };
		3F8D9909187DA46C0061DEA2 /* TextNoteViewDelegate.h */ = {isa = PBXFileReference; lastKnownFileType = sourcecode.c.h; path = TextNoteViewDelegate.h; sourceTree = "<group>"; };
		3F8D990B187DD9100061DEA2 /* FullScreenNoteViewController.h */ = {isa = PBXFileReference; fileEncoding = 4; lastKnownFileType = sourcecode.c.h; path = FullScreenNoteViewController.h; sourceTree = "<group>"; };
		3F8D990C187DD9100061DEA2 /* FullScreenNoteViewController.m */ = {isa = PBXFileReference; fileEncoding = 4; lastKnownFileType = sourcecode.c.objc; path = FullScreenNoteViewController.m; sourceTree = "<group>"; };
		3F8D990D187DD9100061DEA2 /* FullScreenNoteViewController.xib */ = {isa = PBXFileReference; fileEncoding = 4; lastKnownFileType = file.xib; path = FullScreenNoteViewController.xib; sourceTree = "<group>"; };
		3F8D9912187F0D1A0061DEA2 /* FileMangerViewController.h */ = {isa = PBXFileReference; fileEncoding = 4; lastKnownFileType = sourcecode.c.h; path = FileMangerViewController.h; sourceTree = "<group>"; };
		3F8D9913187F0D1A0061DEA2 /* FileMangerViewController.m */ = {isa = PBXFileReference; fileEncoding = 4; lastKnownFileType = sourcecode.c.objc; path = FileMangerViewController.m; sourceTree = "<group>"; };
		3F8D9922187F48CC0061DEA2 /* DocumentPicker.h */ = {isa = PBXFileReference; fileEncoding = 4; lastKnownFileType = sourcecode.c.h; path = DocumentPicker.h; sourceTree = "<group>"; };
		3F8D9923187F48CC0061DEA2 /* DocumentPicker.m */ = {isa = PBXFileReference; fileEncoding = 4; lastKnownFileType = sourcecode.c.objc; path = DocumentPicker.m; sourceTree = "<group>"; };
		3F8D9924187F48CC0061DEA2 /* DocumentPicker.xib */ = {isa = PBXFileReference; fileEncoding = 4; lastKnownFileType = file.xib; path = DocumentPicker.xib; sourceTree = "<group>"; };
		3F8D9928188099F20061DEA2 /* DocumentCreator.h */ = {isa = PBXFileReference; fileEncoding = 4; lastKnownFileType = sourcecode.c.h; path = DocumentCreator.h; sourceTree = "<group>"; };
		3F8D9929188099F30061DEA2 /* DocumentCreator.m */ = {isa = PBXFileReference; fileEncoding = 4; lastKnownFileType = sourcecode.c.objc; path = DocumentCreator.m; sourceTree = "<group>"; };
		3F8D992A188099F30061DEA2 /* DocumentCreator.xib */ = {isa = PBXFileReference; fileEncoding = 4; lastKnownFileType = file.xib; path = DocumentCreator.xib; sourceTree = "<group>"; };
		3F8D992D1880A2540061DEA2 /* StatusMark.h */ = {isa = PBXFileReference; fileEncoding = 4; lastKnownFileType = sourcecode.c.h; path = StatusMark.h; sourceTree = "<group>"; };
		3F8D992E1880A2540061DEA2 /* StatusMark.m */ = {isa = PBXFileReference; fileEncoding = 4; lastKnownFileType = sourcecode.c.objc; path = StatusMark.m; sourceTree = "<group>"; };
		3F8D99311880ACBE0061DEA2 /* NSString+TrimmingAdditions.h */ = {isa = PBXFileReference; fileEncoding = 4; lastKnownFileType = sourcecode.c.h; path = "NSString+TrimmingAdditions.h"; sourceTree = "<group>"; };
		3F8D99321880ACBE0061DEA2 /* NSString+TrimmingAdditions.m */ = {isa = PBXFileReference; fileEncoding = 4; lastKnownFileType = sourcecode.c.objc; path = "NSString+TrimmingAdditions.m"; sourceTree = "<group>"; };
		3F8FD2C218AD21860059EF9C /* AMOpenButton.h */ = {isa = PBXFileReference; fileEncoding = 4; lastKnownFileType = sourcecode.c.h; path = AMOpenButton.h; sourceTree = "<group>"; };
		3F8FD2C318AD21860059EF9C /* AMOpenButton.m */ = {isa = PBXFileReference; fileEncoding = 4; lastKnownFileType = sourcecode.c.objc; path = AMOpenButton.m; sourceTree = "<group>"; };
		3F8FD2C618AD33350059EF9C /* AddImage.h */ = {isa = PBXFileReference; fileEncoding = 4; lastKnownFileType = sourcecode.c.h; path = AddImage.h; sourceTree = "<group>"; };
		3F8FD2C718AD33350059EF9C /* AddImage.m */ = {isa = PBXFileReference; fileEncoding = 4; lastKnownFileType = sourcecode.c.objc; path = AddImage.m; sourceTree = "<group>"; };
		3F8FD2C818AD33350059EF9C /* AddNote.h */ = {isa = PBXFileReference; fileEncoding = 4; lastKnownFileType = sourcecode.c.h; path = AddNote.h; sourceTree = "<group>"; };
		3F8FD2C918AD33350059EF9C /* AddNote.m */ = {isa = PBXFileReference; fileEncoding = 4; lastKnownFileType = sourcecode.c.objc; path = AddNote.m; sourceTree = "<group>"; };
		3F8FD2CD18AD34EB0059EF9C /* DrawMode.h */ = {isa = PBXFileReference; fileEncoding = 4; lastKnownFileType = sourcecode.c.h; path = DrawMode.h; sourceTree = "<group>"; };
		3F8FD2CE18AD34EB0059EF9C /* DrawMode.m */ = {isa = PBXFileReference; fileEncoding = 4; lastKnownFileType = sourcecode.c.objc; path = DrawMode.m; sourceTree = "<group>"; };
		3F8FD2DE18B3F7BF0059EF9C /* Deferred.h */ = {isa = PBXFileReference; fileEncoding = 4; lastKnownFileType = sourcecode.c.h; path = Deferred.h; sourceTree = "<group>"; };
		3F8FD2DF18B3F7BF0059EF9C /* Deferred.m */ = {isa = PBXFileReference; fileEncoding = 4; lastKnownFileType = sourcecode.c.objc; path = Deferred.m; sourceTree = "<group>"; };
		3F8FD2E118B3F7BF0059EF9C /* Promise.h */ = {isa = PBXFileReference; fileEncoding = 4; lastKnownFileType = sourcecode.c.h; path = Promise.h; sourceTree = "<group>"; };
		3F8FD2E218B3F7BF0059EF9C /* Promise.m */ = {isa = PBXFileReference; fileEncoding = 4; lastKnownFileType = sourcecode.c.objc; path = Promise.m; sourceTree = "<group>"; };
		3F99F1F91543641E0065CBB9 /* FileManager.h */ = {isa = PBXFileReference; lastKnownFileType = sourcecode.c.h; path = FileManager.h; sourceTree = "<group>"; };
		3F99F1FA1543641E0065CBB9 /* FileManager.m */ = {isa = PBXFileReference; lastKnownFileType = sourcecode.c.objc; path = FileManager.m; sourceTree = "<group>"; };
		3F99F1FE154364270065CBB9 /* Note.h */ = {isa = PBXFileReference; lastKnownFileType = sourcecode.c.h; path = Note.h; sourceTree = "<group>"; };
		3F99F1FF154364270065CBB9 /* Note.m */ = {isa = PBXFileReference; lastKnownFileType = sourcecode.c.objc; path = Note.m; sourceTree = "<group>"; };
		3F99F20015436E090065CBB9 /* Lecture.h */ = {isa = PBXFileReference; fileEncoding = 4; lastKnownFileType = sourcecode.c.h; path = Lecture.h; sourceTree = "<group>"; };
		3F99F20115436E090065CBB9 /* Lecture.m */ = {isa = PBXFileReference; fileEncoding = 4; lastKnownFileType = sourcecode.c.objc; path = Lecture.m; sourceTree = "<group>"; };
		3F9BA9C21758FE1C00BEFB55 /* SenTestingKit.framework */ = {isa = PBXFileReference; lastKnownFileType = wrapper.framework; name = SenTestingKit.framework; path = Library/Frameworks/SenTestingKit.framework; sourceTree = DEVELOPER_DIR; };
		3FCD5D1515438472005F2A60 /* AccessLectureRuntime.h */ = {isa = PBXFileReference; fileEncoding = 4; lastKnownFileType = sourcecode.c.h; path = AccessLectureRuntime.h; sourceTree = "<group>"; };
		3FCD5D1615438472005F2A60 /* AccessLectureRuntime.m */ = {isa = PBXFileReference; fileEncoding = 4; lastKnownFileType = sourcecode.c.objc; path = AccessLectureRuntime.m; sourceTree = "<group>"; };
		3FED96071370863E00D8D1B8 /* AccessLecture.app */ = {isa = PBXFileReference; explicitFileType = wrapper.application; includeInIndex = 0; path = AccessLecture.app; sourceTree = BUILT_PRODUCTS_DIR; };
		3FED960B1370863E00D8D1B8 /* UIKit.framework */ = {isa = PBXFileReference; lastKnownFileType = wrapper.framework; name = UIKit.framework; path = System/Library/Frameworks/UIKit.framework; sourceTree = SDKROOT; };
		3FED960D1370863E00D8D1B8 /* Foundation.framework */ = {isa = PBXFileReference; lastKnownFileType = wrapper.framework; name = Foundation.framework; path = System/Library/Frameworks/Foundation.framework; sourceTree = SDKROOT; };
		3FED960F1370863E00D8D1B8 /* CoreGraphics.framework */ = {isa = PBXFileReference; lastKnownFileType = wrapper.framework; name = CoreGraphics.framework; path = System/Library/Frameworks/CoreGraphics.framework; sourceTree = SDKROOT; };
		3FED96131370863E00D8D1B8 /* AccessLecture-Info.plist */ = {isa = PBXFileReference; lastKnownFileType = text.plist.xml; path = "AccessLecture-Info.plist"; sourceTree = "<group>"; };
		3FED96151370863E00D8D1B8 /* en */ = {isa = PBXFileReference; lastKnownFileType = text.plist.strings; name = en; path = en.lproj/InfoPlist.strings; sourceTree = "<group>"; };
		3FED96171370863E00D8D1B8 /* AccessLecture-Prefix.pch */ = {isa = PBXFileReference; lastKnownFileType = sourcecode.c.h; path = "AccessLecture-Prefix.pch"; sourceTree = "<group>"; };
		3FED96181370863E00D8D1B8 /* main.m */ = {isa = PBXFileReference; lastKnownFileType = sourcecode.c.objc; path = main.m; sourceTree = "<group>"; };
		3FED961A1370863E00D8D1B8 /* AccessLectureAppDelegate.h */ = {isa = PBXFileReference; lastKnownFileType = sourcecode.c.h; path = AccessLectureAppDelegate.h; sourceTree = "<group>"; };
		3FED961B1370863E00D8D1B8 /* AccessLectureAppDelegate.m */ = {isa = PBXFileReference; lastKnownFileType = sourcecode.c.objc; path = AccessLectureAppDelegate.m; sourceTree = "<group>"; };
		3FED96201370863E00D8D1B8 /* RootViewController.h */ = {isa = PBXFileReference; lastKnownFileType = sourcecode.c.h; path = RootViewController.h; sourceTree = "<group>"; };
		3FED96211370863E00D8D1B8 /* RootViewController.m */ = {isa = PBXFileReference; lastKnownFileType = sourcecode.c.objc; path = RootViewController.m; sourceTree = "<group>"; };
		3FFCFB2113A25388003DAB63 /* MessageUI.framework */ = {isa = PBXFileReference; lastKnownFileType = wrapper.framework; name = MessageUI.framework; path = System/Library/Frameworks/MessageUI.framework; sourceTree = SDKROOT; };
		4C37CCAE18295FC0006D3B1F /* ALMetaData.h */ = {isa = PBXFileReference; fileEncoding = 4; lastKnownFileType = sourcecode.c.h; path = ALMetaData.h; sourceTree = "<group>"; };
		4C37CCAF18295FC0006D3B1F /* ALMetaData.m */ = {isa = PBXFileReference; fileEncoding = 4; lastKnownFileType = sourcecode.c.objc; path = ALMetaData.m; sourceTree = "<group>"; };
		4C4B8BF8178EF57200C2F94B /* QRScanner.h */ = {isa = PBXFileReference; fileEncoding = 4; lastKnownFileType = sourcecode.c.h; path = QRScanner.h; sourceTree = "<group>"; };
		4C4B8BF9178EF57200C2F94B /* QRScanner.m */ = {isa = PBXFileReference; fileEncoding = 4; lastKnownFileType = sourcecode.c.objc; path = QRScanner.m; sourceTree = "<group>"; };
		4C4B8BFB178EF8D900C2F94B /* AVFoundation.framework */ = {isa = PBXFileReference; lastKnownFileType = wrapper.framework; name = AVFoundation.framework; path = System/Library/Frameworks/AVFoundation.framework; sourceTree = SDKROOT; };
		4C5B55FA17720A15005B79CF /* server.crt */ = {isa = PBXFileReference; fileEncoding = 4; lastKnownFileType = text; path = server.crt; sourceTree = "<group>"; };
		4C5C50CB177B7B7C0095801A /* LectureViewContainer.h */ = {isa = PBXFileReference; fileEncoding = 4; lastKnownFileType = sourcecode.c.h; path = LectureViewContainer.h; sourceTree = "<group>"; };
		4C5C50CC177B7B7C0095801A /* LectureViewContainer.m */ = {isa = PBXFileReference; fileEncoding = 4; lastKnownFileType = sourcecode.c.objc; path = LectureViewContainer.m; sourceTree = "<group>"; };
		4C8ABE75177C87BD007C934C /* StreamViewController.h */ = {isa = PBXFileReference; fileEncoding = 4; lastKnownFileType = sourcecode.c.h; path = StreamViewController.h; sourceTree = "<group>"; };
		4C8ABE76177C87BD007C934C /* StreamViewController.m */ = {isa = PBXFileReference; fileEncoding = 4; lastKnownFileType = sourcecode.c.objc; path = StreamViewController.m; sourceTree = "<group>"; };
		4CD0A5EC177DC98600864228 /* ConnectionViewController.h */ = {isa = PBXFileReference; fileEncoding = 4; lastKnownFileType = sourcecode.c.h; path = ConnectionViewController.h; sourceTree = "<group>"; };
		4CD0A5ED177DC98600864228 /* ConnectionViewController.m */ = {isa = PBXFileReference; fileEncoding = 4; lastKnownFileType = sourcecode.c.objc; path = ConnectionViewController.m; sourceTree = "<group>"; };
		4CD0A5F6177E1D6800864228 /* StreamDrawing.h */ = {isa = PBXFileReference; fileEncoding = 4; lastKnownFileType = sourcecode.c.h; path = StreamDrawing.h; sourceTree = "<group>"; };
		4CD0A5F7177E1D6800864228 /* StreamDrawing.m */ = {isa = PBXFileReference; fileEncoding = 4; lastKnownFileType = sourcecode.c.objc; path = StreamDrawing.m; sourceTree = "<group>"; };
		4CDB053717B5567300D8EB85 /* CoreData.framework */ = {isa = PBXFileReference; lastKnownFileType = wrapper.framework; name = CoreData.framework; path = System/Library/Frameworks/CoreData.framework; sourceTree = SDKROOT; };
		4CDB057C17B557C300D8EB85 /* AccessLecture.xcdatamodel */ = {isa = PBXFileReference; lastKnownFileType = wrapper.xcdatamodel; path = AccessLecture.xcdatamodel; sourceTree = "<group>"; };
		4CDB057E17B5589A00D8EB85 /* Favorites.h */ = {isa = PBXFileReference; fileEncoding = 4; lastKnownFileType = sourcecode.c.h; path = Favorites.h; sourceTree = "<group>"; };
		4CDB057F17B5589A00D8EB85 /* Favorites.m */ = {isa = PBXFileReference; fileEncoding = 4; lastKnownFileType = sourcecode.c.objc; path = Favorites.m; sourceTree = "<group>"; };
		4CDDF69517EB690900FE34E7 /* AMLecture.h */ = {isa = PBXFileReference; fileEncoding = 4; lastKnownFileType = sourcecode.c.h; path = AMLecture.h; sourceTree = "<group>"; };
		4CDDF69617EB690900FE34E7 /* AMLecture.m */ = {isa = PBXFileReference; fileEncoding = 4; lastKnownFileType = sourcecode.c.objc; path = AMLecture.m; sourceTree = "<group>"; };
		4CE742C31768BDE60026DE71 /* AccessLecture Tests.octest */ = {isa = PBXFileReference; explicitFileType = wrapper.cfbundle; includeInIndex = 0; path = "AccessLecture Tests.octest"; sourceTree = BUILT_PRODUCTS_DIR; };
		4CEA19FF177CAAED00A1DE05 /* LectureCell.h */ = {isa = PBXFileReference; fileEncoding = 4; lastKnownFileType = sourcecode.c.h; path = LectureCell.h; sourceTree = "<group>"; };
		4CEA1A00177CAAED00A1DE05 /* LectureCell.m */ = {isa = PBXFileReference; fileEncoding = 4; lastKnownFileType = sourcecode.c.objc; path = LectureCell.m; sourceTree = "<group>"; };
		4CEA1A01177CAAED00A1DE05 /* OpenLectureViewController.h */ = {isa = PBXFileReference; fileEncoding = 4; lastKnownFileType = sourcecode.c.h; path = OpenLectureViewController.h; sourceTree = "<group>"; };
		4CEA1A02177CAAED00A1DE05 /* OpenLectureViewController.m */ = {isa = PBXFileReference; fileEncoding = 4; lastKnownFileType = sourcecode.c.objc; path = OpenLectureViewController.m; sourceTree = "<group>"; };
		4CFC572E17DF800700393A1E /* NoteTakingViewController.h */ = {isa = PBXFileReference; fileEncoding = 4; lastKnownFileType = sourcecode.c.h; path = NoteTakingViewController.h; sourceTree = "<group>"; };
		4CFC572F17DF800700393A1E /* NoteTakingViewController.m */ = {isa = PBXFileReference; fileEncoding = 4; lastKnownFileType = sourcecode.c.objc; path = NoteTakingViewController.m; sourceTree = "<group>"; };
		53B36A0B717A4E4DBE587E9F /* Pods-AccessLecture Tests.xcconfig */ = {isa = PBXFileReference; includeInIndex = 1; lastKnownFileType = text.xcconfig; name = "Pods-AccessLecture Tests.xcconfig"; path = "Pods/Pods-AccessLecture Tests.xcconfig"; sourceTree = "<group>"; };
		811D1A8A44124F03B447E42A /* Pods-AccessLecture.xcconfig */ = {isa = PBXFileReference; includeInIndex = 1; lastKnownFileType = text.xcconfig; name = "Pods-AccessLecture.xcconfig"; path = "Pods/Pods-AccessLecture.xcconfig"; sourceTree = "<group>"; };
		8BC023B512F24FD184B9F806 /* libPods-AccessLecture.a */ = {isa = PBXFileReference; explicitFileType = archive.ar; includeInIndex = 0; path = "libPods-AccessLecture.a"; sourceTree = BUILT_PRODUCTS_DIR; };
		AC4FAAAE68144A8F8DC8769C /* Pods.xcconfig */ = {isa = PBXFileReference; includeInIndex = 1; lastKnownFileType = text.xcconfig; name = Pods.xcconfig; path = Pods/Pods.xcconfig; sourceTree = "<group>"; };
/* End PBXFileReference section */

/* Begin PBXFrameworksBuildPhase section */
		3FED96041370863E00D8D1B8 /* Frameworks */ = {
			isa = PBXFrameworksBuildPhase;
			buildActionMask = 2147483647;
			files = (
				3F62DEDE1921020800BDD4EE /* libPods-AccessLecture.a in Frameworks */,
				4CDB053817B5567300D8EB85 /* CoreData.framework in Frameworks */,
				2CF45FDD17971C0400E6C69E /* QuartzCore.framework in Frameworks */,
				4C4B8BFC178EF8D900C2F94B /* AVFoundation.framework in Frameworks */,
				3F0F3B71178DCB8B00163C2A /* CoreText.framework in Frameworks */,
				3FED960C1370863E00D8D1B8 /* UIKit.framework in Frameworks */,
				3F6D11D617625F2D0066A4FA /* Security.framework in Frameworks */,
				3F6D11D417625F260066A4FA /* libicucore.dylib in Frameworks */,
				3FED960E1370863E00D8D1B8 /* Foundation.framework in Frameworks */,
				3F6D11D517625F270066A4FA /* CFNetwork.framework in Frameworks */,
				3FED96101370863E00D8D1B8 /* CoreGraphics.framework in Frameworks */,
				3FFCFB2213A25388003DAB63 /* MessageUI.framework in Frameworks */,
			);
			runOnlyForDeploymentPostprocessing = 0;
		};
		4CE742C01768BDE60026DE71 /* Frameworks */ = {
			isa = PBXFrameworksBuildPhase;
			buildActionMask = 2147483647;
			files = (
				4CE742C41768BDE60026DE71 /* SenTestingKit.framework in Frameworks */,
				4CE742C61768BDE60026DE71 /* UIKit.framework in Frameworks */,
				4CBF5D881768DAD500746377 /* CFNetwork.framework in Frameworks */,
				4CBF5D891768DAD700746377 /* Security.framework in Frameworks */,
				4CBF5D871768DAD200746377 /* libicucore.dylib in Frameworks */,
				4CE742C51768BDE60026DE71 /* Foundation.framework in Frameworks */,
				32C23AE47DD846CB8427DBC1 /* libPods-AccessLecture Tests.a in Frameworks */,
			);
			runOnlyForDeploymentPostprocessing = 0;
		};
/* End PBXFrameworksBuildPhase section */

/* Begin PBXGroup section */
		2CBF3014177B700C0087C17C /* DrawViewController */ = {
			isa = PBXGroup;
			children = (
				21DA3D8F18905B5000BFD96B /* DrawViewController.h */,
				21DA3D8E18905B5000BFD96B /* DrawViewController.m */,
				21DA3D8C18905B5000BFD96B /* DrawViewController.xib */,
			);
			name = DrawViewController;
			sourceTree = "<group>";
		};
		2CF21688193CDA170014F947 /* SearchViewController */ = {
			isa = PBXGroup;
			children = (
				2CDF9961193CDE70005707D3 /* SearchViewController.m */,
				2CDF995E193CDE32005707D3 /* SearchViewController.h */,
				2CF21689193CDA250014F947 /* LectureListViewController */,
			);
			name = SearchViewController;
			sourceTree = "<group>";
		};
		2CF21689193CDA250014F947 /* LectureListViewController */ = {
			isa = PBXGroup;
			children = (
				2CDF9962193CDE85005707D3 /* LectureListViewController.m */,
				2CF21683193CDA0C0014F947 /* LectureListViewController.h */,
			);
			name = LectureListViewController;
			sourceTree = "<group>";
		};
		3F07C355187B3648005BC7EC /* TextNote */ = {
			isa = PBXGroup;
			children = (
				3F8D9909187DA46C0061DEA2 /* TextNoteViewDelegate.h */,
				3F07C34D187B2BA7005BC7EC /* TextNoteViewController.h */,
				3F07C34E187B2BA7005BC7EC /* TextNoteViewController.m */,
				3F07C350187B3627005BC7EC /* TextNoteView.h */,
				3F07C351187B3627005BC7EC /* TextNoteView.m */,
				3F8D9906187B4E010061DEA2 /* TextNoteView.xib */,
			);
			name = TextNote;
			sourceTree = "<group>";
		};
		3F0DBDCC13BD170C00E3FEE8 /* AboutViewController */ = {
			isa = PBXGroup;
			children = (
				3F0DBDD313BD174900E3FEE8 /* AboutViewController.h */,
				3F0DBDD413BD174900E3FEE8 /* AboutViewController.m */,
			);
			name = AboutViewController;
			sourceTree = "<group>";
		};
		3F2DC97E18871FCF008C29BF /* ImageNote */ = {
			isa = PBXGroup;
			children = (
				3F2DC97F18871FE4008C29BF /* ImageNoteViewController.h */,
				3F2DC98018871FE4008C29BF /* ImageNoteViewController.m */,
				3F2DC9851887225D008C29BF /* ImageNoteView.h */,
				3F2DC9861887225D008C29BF /* ImageNoteView.m */,
				3F2DC98118871FE4008C29BF /* ImageNoteViewController.xib */,
			);
			name = ImageNote;
			sourceTree = "<group>";
		};
		3F4DE75E18EB48D200BB9970 /* Navbar */ = {
			isa = PBXGroup;
			children = (
				3F408C0518BF94BA00F6B113 /* LectureNavbar.h */,
				3F59A9E918AD193800AAC873 /* LectureNavbar.m */,
			);
			name = Navbar;
			sourceTree = "<group>";
		};
		3F62DEDC1919808500BDD4EE /* Suporting Files */ = {
			isa = PBXGroup;
			children = (
				3F62DED91919808200BDD4EE /* AccessLecture Tests-Info.plist */,
				3F62DEDA1919808200BDD4EE /* AccessLecture Tests-Prefix.pch */,
			);
			name = "Suporting Files";
			sourceTree = "<group>";
		};
		3F6D11AD17625E500066A4FA /* Networking */ = {
			isa = PBXGroup;
			children = (
				4C5B55FA17720A15005B79CF /* server.crt */,
				3F6D11AF17625EA20066A4FA /* ALNetworkInterface.h */,
				3F6D11B017625EA20066A4FA /* ALNetworkInterface.m */,
				3F6D11CD17625EAC0066A4FA /* SocketIO */,
				3F6D11BC17625EA20066A4FA /* SocketRocket */,
			);
			name = Networking;
			sourceTree = "<group>";
		};
		3F6D11BC17625EA20066A4FA /* SocketRocket */ = {
			isa = PBXGroup;
			children = (
				3F6D11BD17625EA20066A4FA /* base64.c */,
				3F6D11BE17625EA20066A4FA /* base64.h */,
				3F6D11BF17625EA20066A4FA /* NSData+SRB64Additions.h */,
				3F6D11C017625EA20066A4FA /* NSData+SRB64Additions.m */,
				3F6D11C117625EA20066A4FA /* SocketRocket-Prefix.pch */,
				3F6D11C217625EA20066A4FA /* SRWebSocket.h */,
				3F6D11C317625EA20066A4FA /* SRWebSocket.m */,
			);
			path = SocketRocket;
			sourceTree = "<group>";
		};
		3F6D11CD17625EAC0066A4FA /* SocketIO */ = {
			isa = PBXGroup;
			children = (
				3F6D11B117625EA20066A4FA /* SocketIO.h */,
				3F6D11B217625EA20066A4FA /* SocketIO.m */,
				3F6D11B317625EA20066A4FA /* SocketIOJSONSerialization.h */,
				3F6D11B417625EA20066A4FA /* SocketIOJSONSerialization.m */,
				3F6D11B517625EA20066A4FA /* SocketIOPacket.h */,
				3F6D11B617625EA20066A4FA /* SocketIOPacket.m */,
				3F6D11B717625EA20066A4FA /* SocketIOTransport.h */,
				3F6D11B817625EA20066A4FA /* SocketIOTransportWebsocket.h */,
				3F6D11B917625EA20066A4FA /* SocketIOTransportWebsocket.m */,
				3F6D11BA17625EA20066A4FA /* SocketIOTransportXHR.h */,
				3F6D11BB17625EA20066A4FA /* SocketIOTransportXHR.m */,
			);
			name = SocketIO;
			sourceTree = "<group>";
		};
		3F8D990A187DD8EF0061DEA2 /* FullScreenNoteController */ = {
			isa = PBXGroup;
			children = (
				3F8D990B187DD9100061DEA2 /* FullScreenNoteViewController.h */,
				3F8D990C187DD9100061DEA2 /* FullScreenNoteViewController.m */,
				3F8D990D187DD9100061DEA2 /* FullScreenNoteViewController.xib */,
			);
			name = FullScreenNoteController;
			sourceTree = "<group>";
		};
		3F8D9911187F0CFC0061DEA2 /* FileManagerViewController */ = {
			isa = PBXGroup;
			children = (
				3F8D9927188099D80061DEA2 /* DocumentCreator */,
				3F8D9919187F21E60061DEA2 /* DocumentPicker */,
				3F8D9912187F0D1A0061DEA2 /* FileMangerViewController.h */,
				3F8D9913187F0D1A0061DEA2 /* FileMangerViewController.m */,
			);
			name = FileManagerViewController;
			sourceTree = "<group>";
		};
		3F8D9919187F21E60061DEA2 /* DocumentPicker */ = {
			isa = PBXGroup;
			children = (
				3F8D9922187F48CC0061DEA2 /* DocumentPicker.h */,
				3F8D9923187F48CC0061DEA2 /* DocumentPicker.m */,
				3F8D9924187F48CC0061DEA2 /* DocumentPicker.xib */,
			);
			name = DocumentPicker;
			sourceTree = "<group>";
		};
		3F8D9927188099D80061DEA2 /* DocumentCreator */ = {
			isa = PBXGroup;
			children = (
				3F8D9928188099F20061DEA2 /* DocumentCreator.h */,
				3F8D9929188099F30061DEA2 /* DocumentCreator.m */,
				3F8D992D1880A2540061DEA2 /* StatusMark.h */,
				3F8D992E1880A2540061DEA2 /* StatusMark.m */,
				3F8D992A188099F30061DEA2 /* DocumentCreator.xib */,
			);
			name = DocumentCreator;
			sourceTree = "<group>";
		};
		3F8D99301880AC9F0061DEA2 /* Helpers */ = {
			isa = PBXGroup;
			children = (
				3F8B514918FD90580053BFE8 /* UIImage+Alpha.h */,
				3F8B514A18FD90580053BFE8 /* UIImage+Alpha.m */,
				3F8B514B18FD90580053BFE8 /* UIImage+FixOrientation.h */,
				3F8B514C18FD90580053BFE8 /* UIImage+FixOrientation.m */,
				3F8B514D18FD90580053BFE8 /* UIImage+Resize.h */,
				3F8B514E18FD90580053BFE8 /* UIImage+Resize.m */,
				3F8B514F18FD90580053BFE8 /* UIImage+Rotate.h */,
				3F8B515018FD90580053BFE8 /* UIImage+Rotate.m */,
				3F8B515118FD90580053BFE8 /* UIImage+RoundedCorner.h */,
				3F8B515218FD90580053BFE8 /* UIImage+RoundedCorner.m */,
				3F408C0B18BF94FD00F6B113 /* NSString+asciihexcodes.h */,
				3F408C0C18BF94FD00F6B113 /* NSString+asciihexcodes.m */,
				3F408C0818BF94F600F6B113 /* XMLReader.h */,
				3F408C0918BF94F600F6B113 /* XMLReader.m */,
				3F8D99311880ACBE0061DEA2 /* NSString+TrimmingAdditions.h */,
				3F8D99321880ACBE0061DEA2 /* NSString+TrimmingAdditions.m */,
			);
			name = Helpers;
			sourceTree = "<group>";
		};
		3F8FD2C518AD33230059EF9C /* LeafViews */ = {
			isa = PBXGroup;
			children = (
				3F8FD2C618AD33350059EF9C /* AddImage.h */,
				3F8FD2C718AD33350059EF9C /* AddImage.m */,
				3F8FD2C818AD33350059EF9C /* AddNote.h */,
				3F8FD2C918AD33350059EF9C /* AddNote.m */,
			);
			name = LeafViews;
			sourceTree = "<group>";
		};
		3F8FD2CC18AD33EF0059EF9C /* LeafViews */ = {
			isa = PBXGroup;
			children = (
				3F8FD2CD18AD34EB0059EF9C /* DrawMode.h */,
				3F8FD2CE18AD34EB0059EF9C /* DrawMode.m */,
			);
			name = LeafViews;
			sourceTree = "<group>";
		};
		3F8FD2DD18B3F7BF0059EF9C /* objc-promise */ = {
			isa = PBXGroup;
			children = (
				3F8FD2DE18B3F7BF0059EF9C /* Deferred.h */,
				3F8FD2DF18B3F7BF0059EF9C /* Deferred.m */,
				3F8FD2E118B3F7BF0059EF9C /* Promise.h */,
				3F8FD2E218B3F7BF0059EF9C /* Promise.m */,
			);
			name = "objc-promise";
			path = "objc-promise/objc-promise";
			sourceTree = "<group>";
		};
		3F99F1ED15435F9D0065CBB9 /* Document Model */ = {
			isa = PBXGroup;
			children = (
				4CDDF69417EB68F100FE34E7 /* Lectures */,
				3F99F1EE15435FA80065CBB9 /* UIDocument */,
				3F99F1EF15435FB40065CBB9 /* FileManager */,
			);
			name = "Document Model";
			sourceTree = "<group>";
		};
		3F99F1EE15435FA80065CBB9 /* UIDocument */ = {
			isa = PBXGroup;
			children = (
				3F99F1FE154364270065CBB9 /* Note.h */,
				3F99F1FF154364270065CBB9 /* Note.m */,
				3F99F20015436E090065CBB9 /* Lecture.h */,
				3F99F20115436E090065CBB9 /* Lecture.m */,
			);
			name = UIDocument;
			sourceTree = "<group>";
		};
		3F99F1EF15435FB40065CBB9 /* FileManager */ = {
			isa = PBXGroup;
			children = (
				3F99F1F91543641E0065CBB9 /* FileManager.h */,
				3F99F1FA1543641E0065CBB9 /* FileManager.m */,
			);
			name = FileManager;
			sourceTree = "<group>";
		};
		3FCD5D14154382F5005F2A60 /* Model */ = {
			isa = PBXGroup;
			children = (
				4CDB057A17B557AF00D8EB85 /* CoreData */,
				3F99F1ED15435F9D0065CBB9 /* Document Model */,
				3FCD5D1515438472005F2A60 /* AccessLectureRuntime.h */,
				3FCD5D1615438472005F2A60 /* AccessLectureRuntime.m */,
			);
			name = Model;
			sourceTree = "<group>";
		};
		3FED95FC1370863E00D8D1B8 = {
			isa = PBXGroup;
			children = (
				3FED96111370863E00D8D1B8 /* AccessLecture */,
				3FED960A1370863E00D8D1B8 /* Frameworks */,
				3FED96121370863E00D8D1B8 /* Supporting Files */,
				3FED96081370863E00D8D1B8 /* Products */,
				4CE742C71768BDE60026DE71 /* AccessLecture Tests */,
				AC4FAAAE68144A8F8DC8769C /* Pods.xcconfig */,
				811D1A8A44124F03B447E42A /* Pods-AccessLecture.xcconfig */,
				53B36A0B717A4E4DBE587E9F /* Pods-AccessLecture Tests.xcconfig */,
			);
			sourceTree = "<group>";
		};
		3FED96081370863E00D8D1B8 /* Products */ = {
			isa = PBXGroup;
			children = (
				3FED96071370863E00D8D1B8 /* AccessLecture.app */,
				4CE742C31768BDE60026DE71 /* AccessLecture Tests.octest */,
			);
			name = Products;
			sourceTree = "<group>";
		};
		3FED960A1370863E00D8D1B8 /* Frameworks */ = {
			isa = PBXGroup;
			children = (
				3F62DEDD1921020800BDD4EE /* libPods-AccessLecture.a */,
				3F8FD2DD18B3F7BF0059EF9C /* objc-promise */,
				4CDB053717B5567300D8EB85 /* CoreData.framework */,
				2CF45FDC17971C0400E6C69E /* QuartzCore.framework */,
				4C4B8BFB178EF8D900C2F94B /* AVFoundation.framework */,
				3F0F3B70178DCB8B00163C2A /* CoreText.framework */,
				3F6D11D217625F150066A4FA /* libicucore.dylib */,
				3F6D11D017625F0D0066A4FA /* CFNetwork.framework */,
				3F6D11CE17625F060066A4FA /* Security.framework */,
				3FFCFB2113A25388003DAB63 /* MessageUI.framework */,
				3FED960B1370863E00D8D1B8 /* UIKit.framework */,
				3FED960D1370863E00D8D1B8 /* Foundation.framework */,
				3FED960F1370863E00D8D1B8 /* CoreGraphics.framework */,
				3F9BA9C21758FE1C00BEFB55 /* SenTestingKit.framework */,
				09983FD2441D47DAA38B408E /* libPods.a */,
				8BC023B512F24FD184B9F806 /* libPods-AccessLecture.a */,
				0FAD181C458E4CEEB87F6ECE /* libPods-AccessLecture Tests.a */,
			);
			name = Frameworks;
			sourceTree = "<group>";
		};
		3FED96111370863E00D8D1B8 /* AccessLecture */ = {
			isa = PBXGroup;
			children = (
				3FED963013708E0000D8D1B8 /* App Delegate */,
				3F8D99301880AC9F0061DEA2 /* Helpers */,
				4C5C50C9177B7B300095801A /* Controllers */,
				3F6D11AD17625E500066A4FA /* Networking */,
				3FCD5D14154382F5005F2A60 /* Model */,
			);
			path = AccessLecture;
			sourceTree = "<group>";
		};
		3FED96121370863E00D8D1B8 /* Supporting Files */ = {
			isa = PBXGroup;
			children = (
				2CA93201188596D400199CC4 /* Images.xcassets */,
				3FED96131370863E00D8D1B8 /* AccessLecture-Info.plist */,
				3FED96141370863E00D8D1B8 /* InfoPlist.strings */,
				3FED96171370863E00D8D1B8 /* AccessLecture-Prefix.pch */,
				3FED96181370863E00D8D1B8 /* main.m */,
				2CFC329F175E60FC00384AEC /* MainStoryboard.storyboard */,
			);
			name = "Supporting Files";
			path = AccessLecture;
			sourceTree = "<group>";
		};
		3FED963013708E0000D8D1B8 /* App Delegate */ = {
			isa = PBXGroup;
			children = (
				3FED961A1370863E00D8D1B8 /* AccessLectureAppDelegate.h */,
				3FED961B1370863E00D8D1B8 /* AccessLectureAppDelegate.m */,
			);
			name = "App Delegate";
			sourceTree = "<group>";
		};
		3FED963113708E4E00D8D1B8 /* RootViewController */ = {
			isa = PBXGroup;
			children = (
				3FED96201370863E00D8D1B8 /* RootViewController.h */,
				3FED96211370863E00D8D1B8 /* RootViewController.m */,
			);
			name = RootViewController;
			sourceTree = "<group>";
		};
		3FED963213708E5100D8D1B8 /* Lecture View */ = {
			isa = PBXGroup;
			children = (
				4CEA19FF177CAAED00A1DE05 /* LectureCell.h */,
				4CEA1A00177CAAED00A1DE05 /* LectureCell.m */,
				4CEA1A01177CAAED00A1DE05 /* OpenLectureViewController.h */,
				4CEA1A02177CAAED00A1DE05 /* OpenLectureViewController.m */,
			);
			name = "Lecture View";
			sourceTree = "<group>";
		};
		4C5C50C9177B7B300095801A /* Controllers */ = {
			isa = PBXGroup;
			children = (
				2CF21688193CDA170014F947 /* SearchViewController */,
				3F0DBDCC13BD170C00E3FEE8 /* AboutViewController */,
				3FED963113708E4E00D8D1B8 /* RootViewController */,
				4C8ABE7A177C886C007C934C /* StreamViewController */,
				4C5C50CA177B7B3A0095801A /* LectureViewController */,
			);
			name = Controllers;
			sourceTree = "<group>";
		};
		4C5C50CA177B7B3A0095801A /* LectureViewController */ = {
			isa = PBXGroup;
			children = (
				3F8D9911187F0CFC0061DEA2 /* FileManagerViewController */,
				4C8ABE7C177CA341007C934C /* NotesViewController */,
				2CBF3014177B700C0087C17C /* DrawViewController */,
				3FED963213708E5100D8D1B8 /* Lecture View */,
				3F4DE75E18EB48D200BB9970 /* Navbar */,
				3F8FD2CC18AD33EF0059EF9C /* LeafViews */,
				4C9AB8FB177C6884004A4F65 /* Views Icons */,
				4C5C50CB177B7B7C0095801A /* LectureViewContainer.h */,
				4C5C50CC177B7B7C0095801A /* LectureViewContainer.m */,
			);
			name = LectureViewController;
			sourceTree = "<group>";
		};
		4C8ABE7A177C886C007C934C /* StreamViewController */ = {
			isa = PBXGroup;
			children = (
				4CD0A5F5177E1D5000864228 /* DrawingView */,
				4CD0A5EB177DC96E00864228 /* Connect */,
				4C8ABE75177C87BD007C934C /* StreamViewController.h */,
				4C8ABE76177C87BD007C934C /* StreamViewController.m */,
			);
			name = StreamViewController;
			sourceTree = "<group>";
		};
		4C8ABE7C177CA341007C934C /* NotesViewController */ = {
			isa = PBXGroup;
			children = (
				3F8D990A187DD8EF0061DEA2 /* FullScreenNoteController */,
				3F8FD2C518AD33230059EF9C /* LeafViews */,
				3F2DC97E18871FCF008C29BF /* ImageNote */,
				3F07C355187B3648005BC7EC /* TextNote */,
				4CFC572E17DF800700393A1E /* NoteTakingViewController.h */,
				4CFC572F17DF800700393A1E /* NoteTakingViewController.m */,
			);
			name = NotesViewController;
			sourceTree = "<group>";
		};
		4C9AB8FB177C6884004A4F65 /* Views Icons */ = {
			isa = PBXGroup;
			children = (
				3F8FD2C218AD21860059EF9C /* AMOpenButton.h */,
				3F8FD2C318AD21860059EF9C /* AMOpenButton.m */,
				3F4DE75F18EB492900BB9970 /* ABDrawToggleSwitch.h */,
				3F4DE76018EB492900BB9970 /* ABDrawToggleSwitch.m */,
			);
			name = "Views Icons";
			sourceTree = "<group>";
		};
		4CD0A5EB177DC96E00864228 /* Connect */ = {
			isa = PBXGroup;
			children = (
				4CD0A5EC177DC98600864228 /* ConnectionViewController.h */,
				4CD0A5ED177DC98600864228 /* ConnectionViewController.m */,
				4C4B8BF8178EF57200C2F94B /* QRScanner.h */,
				4C4B8BF9178EF57200C2F94B /* QRScanner.m */,
			);
			name = Connect;
			sourceTree = "<group>";
		};
		4CD0A5F5177E1D5000864228 /* DrawingView */ = {
			isa = PBXGroup;
			children = (
				4CD0A5F6177E1D6800864228 /* StreamDrawing.h */,
				4CD0A5F7177E1D6800864228 /* StreamDrawing.m */,
			);
			name = DrawingView;
			sourceTree = "<group>";
		};
		4CDB057A17B557AF00D8EB85 /* CoreData */ = {
			isa = PBXGroup;
			children = (
				4CDB057B17B557C300D8EB85 /* AccessLecture.xcdatamodeld */,
				4CDB057E17B5589A00D8EB85 /* Favorites.h */,
				4CDB057F17B5589A00D8EB85 /* Favorites.m */,
			);
			name = CoreData;
			sourceTree = "<group>";
		};
		4CDDF69417EB68F100FE34E7 /* Lectures */ = {
			isa = PBXGroup;
			children = (
				4CDDF69517EB690900FE34E7 /* AMLecture.h */,
				4CDDF69617EB690900FE34E7 /* AMLecture.m */,
				4C37CCAE18295FC0006D3B1F /* ALMetaData.h */,
				4C37CCAF18295FC0006D3B1F /* ALMetaData.m */,
			);
			name = Lectures;
			sourceTree = "<group>";
		};
		4CE742C71768BDE60026DE71 /* AccessLecture Tests */ = {
			isa = PBXGroup;
			children = (
				3F62DEDC1919808500BDD4EE /* Suporting Files */,
				2C5AD2C117B5430000BFB795 /* StreamViewControllerTests.m */,
				213733781937B18F00E2AD81 /* DrawViewTests.m */,
			);
			path = "AccessLecture Tests";
			sourceTree = "<group>";
		};
/* End PBXGroup section */

/* Begin PBXNativeTarget section */
		3FED96061370863E00D8D1B8 /* AccessLecture */ = {
			isa = PBXNativeTarget;
			buildConfigurationList = 3FED96281370863E00D8D1B8 /* Build configuration list for PBXNativeTarget "AccessLecture" */;
			buildPhases = (
				C689DAC0904340B8B718833A /* Check Pods Manifest.lock */,
				3FED96031370863E00D8D1B8 /* Sources */,
				3FED96041370863E00D8D1B8 /* Frameworks */,
				3FED96051370863E00D8D1B8 /* Resources */,
				6BBD5438D4314FD2921B91D1 /* Copy Pods Resources */,
			);
			buildRules = (
			);
			dependencies = (
			);
			name = AccessLecture;
			productName = AccessLecture;
			productReference = 3FED96071370863E00D8D1B8 /* AccessLecture.app */;
			productType = "com.apple.product-type.application";
		};
		4CE742C21768BDE60026DE71 /* AccessLecture Tests */ = {
			isa = PBXNativeTarget;
			buildConfigurationList = 4CE742D21768BDE60026DE71 /* Build configuration list for PBXNativeTarget "AccessLecture Tests" */;
			buildPhases = (
				5D7CE565F90449668FE5BE49 /* Check Pods Manifest.lock */,
				4CE742BF1768BDE60026DE71 /* Sources */,
				4CE742C01768BDE60026DE71 /* Frameworks */,
				4CE742C11768BDE60026DE71 /* Resources */,
				0E2B979D8C4A48469A125E87 /* Copy Pods Resources */,
			);
			buildRules = (
			);
			dependencies = (
				4CBF5D8B1768DB4E00746377 /* PBXTargetDependency */,
			);
			name = "AccessLecture Tests";
			productName = "AccessLecture Tests";
			productReference = 4CE742C31768BDE60026DE71 /* AccessLecture Tests.octest */;
			productType = "com.apple.product-type.bundle";
		};
/* End PBXNativeTarget section */

/* Begin PBXProject section */
		3FED95FE1370863E00D8D1B8 /* Project object */ = {
			isa = PBXProject;
			attributes = {
				LastTestingUpgradeCheck = 0510;
				LastUpgradeCheck = 0510;
				TargetAttributes = {
					3FED96061370863E00D8D1B8 = {
						DevelopmentTeam = 4ZD4B3UWF7;
					};
					4CE742C21768BDE60026DE71 = {
						TestTargetID = 3FED96061370863E00D8D1B8;
					};
				};
			};
			buildConfigurationList = 3FED96011370863E00D8D1B8 /* Build configuration list for PBXProject "AccessLecture" */;
			compatibilityVersion = "Xcode 3.2";
			developmentRegion = English;
			hasScannedForEncodings = 0;
			knownRegions = (
				en,
			);
			mainGroup = 3FED95FC1370863E00D8D1B8;
			productRefGroup = 3FED96081370863E00D8D1B8 /* Products */;
			projectDirPath = "";
			projectRoot = "";
			targets = (
				3FED96061370863E00D8D1B8 /* AccessLecture */,
				4CE742C21768BDE60026DE71 /* AccessLecture Tests */,
				4CBD8E61182069CC005E5997 /* OCLint */,
			);
		};
/* End PBXProject section */

/* Begin PBXResourcesBuildPhase section */
		3FED96051370863E00D8D1B8 /* Resources */ = {
			isa = PBXResourcesBuildPhase;
			buildActionMask = 2147483647;
			files = (
				3FED96161370863E00D8D1B8 /* InfoPlist.strings in Resources */,
				21DA3D9318905B5000BFD96B /* DrawViewController.xib in Resources */,
				3F2DC98318871FE4008C29BF /* ImageNoteViewController.xib in Resources */,
				3F8D9926187F48CC0061DEA2 /* DocumentPicker.xib in Resources */,
				3F8D990F187DD9100061DEA2 /* FullScreenNoteViewController.xib in Resources */,
				4C5B55FB17720A15005B79CF /* server.crt in Resources */,
				3F8D992C188099F30061DEA2 /* DocumentCreator.xib in Resources */,
				3F8D9908187B4E010061DEA2 /* TextNoteView.xib in Resources */,
				2CA93202188596D400199CC4 /* Images.xcassets in Resources */,
				2CFC32A0175E60FC00384AEC /* MainStoryboard.storyboard in Resources */,
			);
			runOnlyForDeploymentPostprocessing = 0;
		};
		4CE742C11768BDE60026DE71 /* Resources */ = {
			isa = PBXResourcesBuildPhase;
			buildActionMask = 2147483647;
			files = (
			);
			runOnlyForDeploymentPostprocessing = 0;
		};
/* End PBXResourcesBuildPhase section */

/* Begin PBXShellScriptBuildPhase section */
		0E2B979D8C4A48469A125E87 /* Copy Pods Resources */ = {
			isa = PBXShellScriptBuildPhase;
			buildActionMask = 2147483647;
			files = (
			);
			inputPaths = (
			);
			name = "Copy Pods Resources";
			outputPaths = (
			);
			runOnlyForDeploymentPostprocessing = 0;
			shellPath = /bin/sh;
			shellScript = "\"${SRCROOT}/Pods/Pods-AccessLecture Tests-resources.sh\"\n";
			showEnvVarsInLog = 0;
		};
		4CBD8E6518206ADC005E5997 /* ShellScript */ = {
			isa = PBXShellScriptBuildPhase;
			buildActionMask = 2147483647;
			files = (
			);
			inputPaths = (
			);
			outputPaths = (
			);
			runOnlyForDeploymentPostprocessing = 0;
			shellPath = /bin/sh;
			shellScript = "source ~/.bash_profile\n\nhash oclint &> /dev/null\nif [ $? -eq 1 ]; then\necho >&2 \"oclint not found, analyzing stopped\"\nexit 1\nfi\n\ncd ${TARGET_TEMP_DIR}\n\nif [ ! -f compile_commands.json ]; then\necho \"[*] compile_commands.json not found, possibly clean was performed\"\necho \"[*] starting xcodebuild to rebuild the project..\"\n# clean previous output\nif [ -f xcodebuild.log ]; then\nrm xcodebuild.log\nfi\n\ncd ${SRCROOT}\n\nxcodebuild clean\n\n#build xcodebuild.log\nxcodebuild | tee ${TARGET_TEMP_DIR}/xcodebuild.log\n#xcodebuild <options>| tee ${TARGET_TEMP_DIR}/xcodebuild.log\n\necho \"[*] transforming xcodebuild.log into compile_commands.json...\"\ncd ${TARGET_TEMP_DIR}\n#transform it into compile_commands.json\noclint-xcodebuild\n\necho \"[*] copy compile_commands.json to the project root...\"\ncp ${TARGET_TEMP_DIR}/compile_commands.json ${SRCROOT}/compile_commands.json\n\nfi\n\necho \"[*] starting analyzing\"\ncd ${TARGET_TEMP_DIR}\noclint-json-compilation-database | sed 's/\\(.*\\.\\m\\{1,2\\}:[0-9]*:[0-9]*:\\)/\\1 warning:/'";
		};
		5D7CE565F90449668FE5BE49 /* Check Pods Manifest.lock */ = {
			isa = PBXShellScriptBuildPhase;
			buildActionMask = 2147483647;
			files = (
			);
			inputPaths = (
			);
			name = "Check Pods Manifest.lock";
			outputPaths = (
			);
			runOnlyForDeploymentPostprocessing = 0;
			shellPath = /bin/sh;
			shellScript = "diff \"${PODS_ROOT}/../Podfile.lock\" \"${PODS_ROOT}/Manifest.lock\" > /dev/null\nif [[ $? != 0 ]] ; then\n    cat << EOM\nerror: The sandbox is not in sync with the Podfile.lock. Run 'pod install' or update your CocoaPods installation.\nEOM\n    exit 1\nfi\n";
			showEnvVarsInLog = 0;
		};
		6BBD5438D4314FD2921B91D1 /* Copy Pods Resources */ = {
			isa = PBXShellScriptBuildPhase;
			buildActionMask = 2147483647;
			files = (
			);
			inputPaths = (
			);
			name = "Copy Pods Resources";
			outputPaths = (
			);
			runOnlyForDeploymentPostprocessing = 0;
			shellPath = /bin/sh;
			shellScript = "\"${SRCROOT}/Pods/Pods-AccessLecture-resources.sh\"\n";
			showEnvVarsInLog = 0;
		};
		C689DAC0904340B8B718833A /* Check Pods Manifest.lock */ = {
			isa = PBXShellScriptBuildPhase;
			buildActionMask = 2147483647;
			files = (
			);
			inputPaths = (
			);
			name = "Check Pods Manifest.lock";
			outputPaths = (
			);
			runOnlyForDeploymentPostprocessing = 0;
			shellPath = /bin/sh;
			shellScript = "diff \"${PODS_ROOT}/../Podfile.lock\" \"${PODS_ROOT}/Manifest.lock\" > /dev/null\nif [[ $? != 0 ]] ; then\n    cat << EOM\nerror: The sandbox is not in sync with the Podfile.lock. Run 'pod install' or update your CocoaPods installation.\nEOM\n    exit 1\nfi\n";
			showEnvVarsInLog = 0;
		};
/* End PBXShellScriptBuildPhase section */

/* Begin PBXSourcesBuildPhase section */
		3FED96031370863E00D8D1B8 /* Sources */ = {
			isa = PBXSourcesBuildPhase;
			buildActionMask = 2147483647;
			files = (
				4CD0A5F8177E1D6800864228 /* StreamDrawing.m in Sources */,
				3F408C0D18BF94FD00F6B113 /* NSString+asciihexcodes.m in Sources */,
				3F07C352187B3627005BC7EC /* TextNoteView.m in Sources */,
				3F8FD2CB18AD33350059EF9C /* AddNote.m in Sources */,
				3F8D99331880ACBE0061DEA2 /* NSString+TrimmingAdditions.m in Sources */,
				3F8D990E187DD9100061DEA2 /* FullScreenNoteViewController.m in Sources */,
				3F07C34F187B2BA7005BC7EC /* TextNoteViewController.m in Sources */,
				3FED96191370863E00D8D1B8 /* main.m in Sources */,
				4CEA1A03177CAAED00A1DE05 /* LectureCell.m in Sources */,
				3FED961C1370863E00D8D1B8 /* AccessLectureAppDelegate.m in Sources */,
				3FED96221370863E00D8D1B8 /* RootViewController.m in Sources */,
				3F8FD2CF18AD34EB0059EF9C /* DrawMode.m in Sources */,
				3F0DBDD613BD174900E3FEE8 /* AboutViewController.m in Sources */,
				3F99F20215436E090065CBB9 /* Lecture.m in Sources */,
				3F59A9EA18AD193800AAC873 /* LectureNavbar.m in Sources */,
				4C5C50CD177B7B7C0095801A /* LectureViewContainer.m in Sources */,
				4CCBC8DD17E222FF00CB303E /* Note.m in Sources */,
				3F8FD2E418B3F7BF0059EF9C /* Promise.m in Sources */,
				3FCD5D1715438472005F2A60 /* AccessLectureRuntime.m in Sources */,
				4C62BECD175651DB00CAF4CF /* FileManager.m in Sources */,
				4C4B8BFA178EF57200C2F94B /* QRScanner.m in Sources */,
				3F2DC98218871FE4008C29BF /* ImageNoteViewController.m in Sources */,
				3F6D11C417625EA20066A4FA /* ALNetworkInterface.m in Sources */,
				4C37CCB018295FC0006D3B1F /* ALMetaData.m in Sources */,
				3F8FD2CA18AD33350059EF9C /* AddImage.m in Sources */,
				3F6D11C517625EA20066A4FA /* SocketIO.m in Sources */,
				3F8B515618FD90580053BFE8 /* UIImage+Rotate.m in Sources */,
				4CD0A5EF177DC98600864228 /* ConnectionViewController.m in Sources */,
				4CFC573017DF800700393A1E /* NoteTakingViewController.m in Sources */,
				4CDB057D17B557C300D8EB85 /* AccessLecture.xcdatamodeld in Sources */,
				3F6D11C617625EA20066A4FA /* SocketIOJSONSerialization.m in Sources */,
				3F8B515418FD90580053BFE8 /* UIImage+FixOrientation.m in Sources */,
				3F6D11C717625EA20066A4FA /* SocketIOPacket.m in Sources */,
				3F6D11C817625EA20066A4FA /* SocketIOTransportWebsocket.m in Sources */,
				3F8FD2E318B3F7BF0059EF9C /* Deferred.m in Sources */,
				3F408C0A18BF94F600F6B113 /* XMLReader.m in Sources */,
				3F6D11C917625EA20066A4FA /* SocketIOTransportXHR.m in Sources */,
				3F6D11CA17625EA20066A4FA /* base64.c in Sources */,
				3F4DE76118EB492900BB9970 /* ABDrawToggleSwitch.m in Sources */,
				3F6D11CB17625EA20066A4FA /* NSData+SRB64Additions.m in Sources */,
				3F8D9925187F48CC0061DEA2 /* DocumentPicker.m in Sources */,
				4CDDF69717EB690900FE34E7 /* AMLecture.m in Sources */,
				3F2DC9871887225D008C29BF /* ImageNoteView.m in Sources */,
				4CEA1A04177CAAED00A1DE05 /* OpenLectureViewController.m in Sources */,
				4C8ABE78177C87BD007C934C /* StreamViewController.m in Sources */,
				21DA3D9518905B5000BFD96B /* DrawViewController.m in Sources */,
				3F6D11CC17625EA20066A4FA /* SRWebSocket.m in Sources */,
				3F8D992B188099F30061DEA2 /* DocumentCreator.m in Sources */,
				4CDB058017B5589A00D8EB85 /* Favorites.m in Sources */,
				3F8B515718FD90580053BFE8 /* UIImage+RoundedCorner.m in Sources */,
				3F8D9915187F0D1A0061DEA2 /* FileMangerViewController.m in Sources */,
				3F8D992F1880A2540061DEA2 /* StatusMark.m in Sources */,
				3F8FD2C418AD21860059EF9C /* AMOpenButton.m in Sources */,
			);
			runOnlyForDeploymentPostprocessing = 0;
		};
		4CE742BF1768BDE60026DE71 /* Sources */ = {
			isa = PBXSourcesBuildPhase;
			buildActionMask = 2147483647;
			files = (
				213733791937B18F00E2AD81 /* DrawViewTests.m in Sources */,
				2C5AD2C217B5430000BFB795 /* StreamViewControllerTests.m in Sources */,
			);
			runOnlyForDeploymentPostprocessing = 0;
		};
/* End PBXSourcesBuildPhase section */

/* Begin PBXTargetDependency section */
		4CBF5D8B1768DB4E00746377 /* PBXTargetDependency */ = {
			isa = PBXTargetDependency;
			target = 3FED96061370863E00D8D1B8 /* AccessLecture */;
			targetProxy = 4CBF5D8A1768DB4E00746377 /* PBXContainerItemProxy */;
		};
/* End PBXTargetDependency section */

/* Begin PBXVariantGroup section */
		3FED96141370863E00D8D1B8 /* InfoPlist.strings */ = {
			isa = PBXVariantGroup;
			children = (
				3FED96151370863E00D8D1B8 /* en */,
			);
			name = InfoPlist.strings;
			sourceTree = "<group>";
		};
/* End PBXVariantGroup section */

/* Begin XCBuildConfiguration section */
		3FED96261370863E00D8D1B8 /* Debug */ = {
			isa = XCBuildConfiguration;
			buildSettings = {
				CODE_SIGN_IDENTITY = "iPhone Developer";
				"CODE_SIGN_IDENTITY[sdk=iphoneos*]" = "iPhone Developer";
				GCC_C_LANGUAGE_STANDARD = gnu99;
				GCC_OPTIMIZATION_LEVEL = 0;
				GCC_PREPROCESSOR_DEFINITIONS = DEBUG;
				GCC_SYMBOLS_PRIVATE_EXTERN = NO;
				GCC_VERSION = "";
				GCC_WARN_ABOUT_RETURN_TYPE = YES;
				GCC_WARN_UNUSED_VARIABLE = YES;
				IPHONEOS_DEPLOYMENT_TARGET = 7.0;
				ONLY_ACTIVE_ARCH = YES;
				PROVISIONING_PROFILE = "EC51EB3A-91E0-4B0D-8398-E553BBD0EE94";
				"PROVISIONING_PROFILE[sdk=iphoneos*]" = "EC51EB3A-91E0-4B0D-8398-E553BBD0EE94";
				SDKROOT = iphoneos;
				VALIDATE_PRODUCT = YES;
			};
			name = Debug;
		};
		3FED96271370863E00D8D1B8 /* Release */ = {
			isa = XCBuildConfiguration;
			buildSettings = {
				CODE_SIGN_IDENTITY = "iPhone Developer";
				"CODE_SIGN_IDENTITY[sdk=iphoneos*]" = "iPhone Developer";
				GCC_C_LANGUAGE_STANDARD = gnu99;
				GCC_VERSION = "";
				GCC_WARN_ABOUT_RETURN_TYPE = YES;
				GCC_WARN_UNUSED_VARIABLE = YES;
				IPHONEOS_DEPLOYMENT_TARGET = 7.0;
				OTHER_CFLAGS = "-DNS_BLOCK_ASSERTIONS=1";
				PROVISIONING_PROFILE = "EC51EB3A-91E0-4B0D-8398-E553BBD0EE94";
				"PROVISIONING_PROFILE[sdk=iphoneos*]" = "EC51EB3A-91E0-4B0D-8398-E553BBD0EE94";
				SDKROOT = iphoneos;
			};
			name = Release;
		};
		3FED96291370863E00D8D1B8 /* Debug */ = {
			isa = XCBuildConfiguration;
			baseConfigurationReference = 811D1A8A44124F03B447E42A /* Pods-AccessLecture.xcconfig */;
			buildSettings = {
				ALWAYS_SEARCH_USER_PATHS = NO;
				ASSETCATALOG_COMPILER_APPICON_NAME = AppIcon;
				ASSETCATALOG_COMPILER_LAUNCHIMAGE_NAME = LaunchImage;
				CLANG_ENABLE_MODULES = YES;
				CLANG_ENABLE_OBJC_ARC = YES;
				CLANG_WARN_DEPRECATED_OBJC_IMPLEMENTATIONS = YES;
				CLANG_WARN_DOCUMENTATION_COMMENTS = YES;
				CLANG_WARN_OBJC_EXPLICIT_OWNERSHIP_TYPE = YES;
				CLANG_WARN_OBJC_IMPLICIT_RETAIN_SELF = NO;
				CLANG_WARN_OBJC_RECEIVER_WEAK = NO;
				CLANG_WARN_OBJC_REPEATED_USE_OF_WEAK = NO;
				CLANG_WARN__DUPLICATE_METHOD_MATCH = YES;
				CODE_SIGN_IDENTITY = "";
				"CODE_SIGN_IDENTITY[sdk=iphoneos*]" = "";
				COPY_PHASE_STRIP = NO;
				GCC_DYNAMIC_NO_PIC = NO;
				GCC_PRECOMPILE_PREFIX_HEADER = YES;
				GCC_PREFIX_HEADER = "AccessLecture/AccessLecture-Prefix.pch";
				GCC_VERSION = com.apple.compilers.llvm.clang.1_0;
				GCC_WARN_FOUR_CHARACTER_CONSTANTS = YES;
				GCC_WARN_SHADOW = YES;
				GCC_WARN_TYPECHECK_CALLS_TO_PRINTF = NO;
				GCC_WARN_UNUSED_FUNCTION = YES;
				GCC_WARN_UNUSED_PARAMETER = NO;
				INFOPLIST_FILE = "AccessLecture/AccessLecture-Info.plist";
				IPHONEOS_DEPLOYMENT_TARGET = 6.0;
				LIBRARY_SEARCH_PATHS = (
					"$(inherited)",
					"$(PROJECT_DIR)/Pods/build/Debug-iphoneos",
				);
				ONLY_ACTIVE_ARCH = YES;
				OTHER_LDFLAGS = (
					"-ObjC",
					"-framework",
					CoreGraphics,
					"-framework",
					Foundation,
					"-framework",
					QuartzCore,
					"-framework",
					UIKit,
				);
				PRODUCT_NAME = "$(TARGET_NAME)";
				PROVISIONING_PROFILE = "B7D7016C-D428-40C6-A7E2-D8107126BB0C";
				"PROVISIONING_PROFILE[sdk=iphoneos*]" = "B7D7016C-D428-40C6-A7E2-D8107126BB0C";
				TARGETED_DEVICE_FAMILY = 2;
				VALIDATE_PRODUCT = YES;
				WRAPPER_EXTENSION = app;
			};
			name = Debug;
		};
		3FED962A1370863E00D8D1B8 /* Release */ = {
			isa = XCBuildConfiguration;
			baseConfigurationReference = 811D1A8A44124F03B447E42A /* Pods-AccessLecture.xcconfig */;
			buildSettings = {
				ALWAYS_SEARCH_USER_PATHS = NO;
				ASSETCATALOG_COMPILER_APPICON_NAME = AppIcon;
				ASSETCATALOG_COMPILER_LAUNCHIMAGE_NAME = LaunchImage;
				CLANG_ENABLE_MODULES = YES;
				CLANG_ENABLE_OBJC_ARC = YES;
				CLANG_WARN_DEPRECATED_OBJC_IMPLEMENTATIONS = YES;
				CLANG_WARN_DOCUMENTATION_COMMENTS = YES;
				CLANG_WARN_OBJC_EXPLICIT_OWNERSHIP_TYPE = YES;
				CLANG_WARN_OBJC_IMPLICIT_RETAIN_SELF = NO;
				CLANG_WARN_OBJC_RECEIVER_WEAK = NO;
				CLANG_WARN_OBJC_REPEATED_USE_OF_WEAK = NO;
				CLANG_WARN__DUPLICATE_METHOD_MATCH = YES;
				CODE_SIGN_IDENTITY = "";
				"CODE_SIGN_IDENTITY[sdk=iphoneos*]" = "";
				COPY_PHASE_STRIP = YES;
				GCC_PRECOMPILE_PREFIX_HEADER = YES;
				GCC_PREFIX_HEADER = "AccessLecture/AccessLecture-Prefix.pch";
				GCC_VERSION = com.apple.compilers.llvm.clang.1_0;
				GCC_WARN_FOUR_CHARACTER_CONSTANTS = YES;
				GCC_WARN_SHADOW = YES;
				GCC_WARN_TYPECHECK_CALLS_TO_PRINTF = NO;
				GCC_WARN_UNUSED_FUNCTION = YES;
				GCC_WARN_UNUSED_PARAMETER = NO;
				INFOPLIST_FILE = "AccessLecture/AccessLecture-Info.plist";
				IPHONEOS_DEPLOYMENT_TARGET = 6.0;
				LIBRARY_SEARCH_PATHS = (
					"$(inherited)",
					"$(PROJECT_DIR)/Pods/build/Debug-iphoneos",
				);
				ONLY_ACTIVE_ARCH = YES;
				OTHER_LDFLAGS = (
					"-ObjC",
					"-framework",
					CoreGraphics,
					"-framework",
					Foundation,
					"-framework",
					QuartzCore,
					"-framework",
					UIKit,
				);
				PRODUCT_NAME = "$(TARGET_NAME)";
				PROVISIONING_PROFILE = "B7D7016C-D428-40C6-A7E2-D8107126BB0C";
				"PROVISIONING_PROFILE[sdk=iphoneos*]" = "B7D7016C-D428-40C6-A7E2-D8107126BB0C";
				TARGETED_DEVICE_FAMILY = 2;
				VALIDATE_PRODUCT = YES;
				WRAPPER_EXTENSION = app;
			};
			name = Release;
		};
		4CBD8E62182069CC005E5997 /* Debug */ = {
			isa = XCBuildConfiguration;
			buildSettings = {
				PRODUCT_NAME = "$(TARGET_NAME)";
			};
			name = Debug;
		};
		4CBD8E63182069CC005E5997 /* Release */ = {
			isa = XCBuildConfiguration;
			buildSettings = {
				PRODUCT_NAME = "$(TARGET_NAME)";
			};
			name = Release;
		};
		4CE742D31768BDE60026DE71 /* Debug */ = {
			isa = XCBuildConfiguration;
			baseConfigurationReference = 53B36A0B717A4E4DBE587E9F /* Pods-AccessLecture Tests.xcconfig */;
			buildSettings = {
				ALWAYS_SEARCH_USER_PATHS = NO;
				BUNDLE_LOADER = "$(BUILT_PRODUCTS_DIR)/AccessLecture.app/AccessLecture";
				CLANG_CXX_LANGUAGE_STANDARD = "gnu++0x";
				CLANG_CXX_LIBRARY = "libc++";
				CLANG_ENABLE_MODULES = YES;
				CLANG_ENABLE_OBJC_ARC = YES;
				CLANG_WARN_BOOL_CONVERSION = YES;
				CLANG_WARN_CONSTANT_CONVERSION = YES;
				CLANG_WARN_DIRECT_OBJC_ISA_USAGE = YES_ERROR;
				CLANG_WARN_EMPTY_BODY = YES;
				CLANG_WARN_ENUM_CONVERSION = YES;
				CLANG_WARN_INT_CONVERSION = YES;
				CLANG_WARN_OBJC_ROOT_CLASS = YES_ERROR;
				CLANG_WARN__DUPLICATE_METHOD_MATCH = YES;
				CODE_SIGN_IDENTITY = "iPhone Developer";
				COPY_PHASE_STRIP = NO;
				FRAMEWORK_SEARCH_PATHS = (
					"$(SDKROOT)/Developer/Library/Frameworks",
					"$(inherited)",
					"$(SYSTEM_APPS_DIR)/Xcode5-DP.app/Contents/Frameworks",
				);
				GCC_DYNAMIC_NO_PIC = NO;
				GCC_PRECOMPILE_PREFIX_HEADER = YES;
				GCC_PREFIX_HEADER = "AccessLecture Tests/AccessLecture Tests-Prefix.pch";
				GCC_PREPROCESSOR_DEFINITIONS = (
					"DEBUG=1",
					"$(inherited)",
				);
				GCC_VERSION = "";
				GCC_WARN_ABOUT_RETURN_TYPE = YES_ERROR;
				GCC_WARN_UNDECLARED_SELECTOR = YES;
				GCC_WARN_UNINITIALIZED_AUTOS = YES;
				GCC_WARN_UNUSED_FUNCTION = YES;
				INFOPLIST_FILE = "AccessLecture Tests/AccessLecture Tests-Info.plist";
				IPHONEOS_DEPLOYMENT_TARGET = 7.0;
				ONLY_ACTIVE_ARCH = YES;
				PRODUCT_NAME = "$(TARGET_NAME)";
				PROVISIONING_PROFILE = "EC51EB3A-91E0-4B0D-8398-E553BBD0EE94";
				TEST_HOST = "$(BUNDLE_LOADER)";
				WRAPPER_EXTENSION = octest;
			};
			name = Debug;
		};
		4CE742D41768BDE60026DE71 /* Release */ = {
			isa = XCBuildConfiguration;
			baseConfigurationReference = 53B36A0B717A4E4DBE587E9F /* Pods-AccessLecture Tests.xcconfig */;
			buildSettings = {
				ALWAYS_SEARCH_USER_PATHS = NO;
				BUNDLE_LOADER = "$(BUILT_PRODUCTS_DIR)/AccessLecture.app/AccessLecture";
				CLANG_CXX_LANGUAGE_STANDARD = "gnu++0x";
				CLANG_CXX_LIBRARY = "libc++";
				CLANG_ENABLE_MODULES = YES;
				CLANG_ENABLE_OBJC_ARC = YES;
				CLANG_WARN_BOOL_CONVERSION = YES;
				CLANG_WARN_CONSTANT_CONVERSION = YES;
				CLANG_WARN_DIRECT_OBJC_ISA_USAGE = YES_ERROR;
				CLANG_WARN_EMPTY_BODY = YES;
				CLANG_WARN_ENUM_CONVERSION = YES;
				CLANG_WARN_INT_CONVERSION = YES;
				CLANG_WARN_OBJC_ROOT_CLASS = YES_ERROR;
				CLANG_WARN__DUPLICATE_METHOD_MATCH = YES;
				CODE_SIGN_IDENTITY = "iPhone Developer";
				COPY_PHASE_STRIP = YES;
				ENABLE_NS_ASSERTIONS = NO;
				FRAMEWORK_SEARCH_PATHS = (
					"$(SDKROOT)/Developer/Library/Frameworks",
					"$(inherited)",
					"$(SYSTEM_APPS_DIR)/Xcode5-DP.app/Contents/Frameworks",
				);
				GCC_PRECOMPILE_PREFIX_HEADER = YES;
				GCC_PREFIX_HEADER = "AccessLecture Tests/AccessLecture Tests-Prefix.pch";
				GCC_VERSION = "";
				GCC_WARN_ABOUT_RETURN_TYPE = YES_ERROR;
				GCC_WARN_UNDECLARED_SELECTOR = YES;
				GCC_WARN_UNINITIALIZED_AUTOS = YES;
				GCC_WARN_UNUSED_FUNCTION = YES;
				INFOPLIST_FILE = "AccessLecture Tests/AccessLecture Tests-Info.plist";
				IPHONEOS_DEPLOYMENT_TARGET = 7.0;
				PRODUCT_NAME = "$(TARGET_NAME)";
				PROVISIONING_PROFILE = "EC51EB3A-91E0-4B0D-8398-E553BBD0EE94";
				TEST_HOST = "$(BUNDLE_LOADER)";
				VALIDATE_PRODUCT = YES;
				WRAPPER_EXTENSION = octest;
			};
			name = Release;
		};
/* End XCBuildConfiguration section */

/* Begin XCConfigurationList section */
		3FED96011370863E00D8D1B8 /* Build configuration list for PBXProject "AccessLecture" */ = {
			isa = XCConfigurationList;
			buildConfigurations = (
				3FED96261370863E00D8D1B8 /* Debug */,
				3FED96271370863E00D8D1B8 /* Release */,
			);
			defaultConfigurationIsVisible = 0;
			defaultConfigurationName = Release;
		};
		3FED96281370863E00D8D1B8 /* Build configuration list for PBXNativeTarget "AccessLecture" */ = {
			isa = XCConfigurationList;
			buildConfigurations = (
				3FED96291370863E00D8D1B8 /* Debug */,
				3FED962A1370863E00D8D1B8 /* Release */,
			);
			defaultConfigurationIsVisible = 0;
			defaultConfigurationName = Release;
		};
		4CBD8E64182069CC005E5997 /* Build configuration list for PBXAggregateTarget "OCLint" */ = {
			isa = XCConfigurationList;
			buildConfigurations = (
				4CBD8E62182069CC005E5997 /* Debug */,
				4CBD8E63182069CC005E5997 /* Release */,
			);
			defaultConfigurationIsVisible = 0;
			defaultConfigurationName = Release;
		};
		4CE742D21768BDE60026DE71 /* Build configuration list for PBXNativeTarget "AccessLecture Tests" */ = {
			isa = XCConfigurationList;
			buildConfigurations = (
				4CE742D31768BDE60026DE71 /* Debug */,
				4CE742D41768BDE60026DE71 /* Release */,
			);
			defaultConfigurationIsVisible = 0;
			defaultConfigurationName = Release;
		};
/* End XCConfigurationList section */

/* Begin XCVersionGroup section */
		4CDB057B17B557C300D8EB85 /* AccessLecture.xcdatamodeld */ = {
			isa = XCVersionGroup;
			children = (
				4CDB057C17B557C300D8EB85 /* AccessLecture.xcdatamodel */,
			);
			currentVersion = 4CDB057C17B557C300D8EB85 /* AccessLecture.xcdatamodel */;
			path = AccessLecture.xcdatamodeld;
			sourceTree = "<group>";
			versionGroupType = wrapper.xcdatamodel;
		};
/* End XCVersionGroup section */
	};
	rootObject = 3FED95FE1370863E00D8D1B8 /* Project object */;
}
