// !$*UTF8*$!
{
	archiveVersion = 1;
	classes = {
	};
	objectVersion = 46;
	objects = {

/* Begin PBXBuildFile section */
		2C0F886B1760D8EC0062BD16 /* DrawView.m in Sources */ = {isa = PBXBuildFile; fileRef = 2C0F886A1760D8EC0062BD16 /* DrawView.m */; };
		2C3BFE6517A2BF7B00404B9C /* ZoomBounds.c in Sources */ = {isa = PBXBuildFile; fileRef = 2C3BFE6317A2BF7B00404B9C /* ZoomBounds.c */; };
		2C7C981A17999B5C00F8ECE4 /* sample-qr.png in Resources */ = {isa = PBXBuildFile; fileRef = 2C7C981917999B5C00F8ECE4 /* sample-qr.png */; };
		2CBF301C177B7AB10087C17C /* DrawViewController.m in Sources */ = {isa = PBXBuildFile; fileRef = 2CBF301A177B7AB10087C17C /* DrawViewController.m */; };
		2CBF301D177B7AB10087C17C /* DrawViewController.xib in Resources */ = {isa = PBXBuildFile; fileRef = 2CBF301B177B7AB10087C17C /* DrawViewController.xib */; };
		2CCA61AE17B13AB9002DA6A3 /* DrawViewTests.m in Sources */ = {isa = PBXBuildFile; fileRef = 2CCA61AD17B13AB9002DA6A3 /* DrawViewTests.m */; };
		2CCA979817B14DD700669275 /* DrawViewControllerTests.m in Sources */ = {isa = PBXBuildFile; fileRef = 2CCA979717B14DD700669275 /* DrawViewControllerTests.m */; };
		2CF45FDD17971C0400E6C69E /* QuartzCore.framework in Frameworks */ = {isa = PBXBuildFile; fileRef = 2CF45FDC17971C0400E6C69E /* QuartzCore.framework */; };
		2CF6BA901784919300A695CC /* AMBezierPath.m in Sources */ = {isa = PBXBuildFile; fileRef = 2CF6BA8D1784919300A695CC /* AMBezierPath.m */; };
		2CF6BA911784919300A695CC /* arrow.png in Resources */ = {isa = PBXBuildFile; fileRef = 2CF6BA8E1784919300A695CC /* arrow.png */; };
		2CF6BA921784919300A695CC /* circle.png in Resources */ = {isa = PBXBuildFile; fileRef = 2CF6BA8F1784919300A695CC /* circle.png */; };
		2CF6BA961784920100A695CC /* star.png in Resources */ = {isa = PBXBuildFile; fileRef = 2CF6BA951784920100A695CC /* star.png */; };
		2CF6BA981784920D00A695CC /* undo.png in Resources */ = {isa = PBXBuildFile; fileRef = 2CF6BA971784920D00A695CC /* undo.png */; };
		2CFC32A0175E60FC00384AEC /* MainStoryboard.storyboard in Resources */ = {isa = PBXBuildFile; fileRef = 2CFC329F175E60FC00384AEC /* MainStoryboard.storyboard */; };
		3F0DBDD613BD174900E3FEE8 /* AboutViewController.m in Sources */ = {isa = PBXBuildFile; fileRef = 3F0DBDD413BD174900E3FEE8 /* AboutViewController.m */; };
		3F0F3B6B178DBB9D00163C2A /* FTCoreTextView.m in Sources */ = {isa = PBXBuildFile; fileRef = 3F0F3B6A178DBB8700163C2A /* FTCoreTextView.m */; };
		3F0F3B6D178DBBB900163C2A /* UIColor+Tools.m in Sources */ = {isa = PBXBuildFile; fileRef = 3F0F3B64178DBB6D00163C2A /* UIColor+Tools.m */; };
		3F0F3B6E178DBBBD00163C2A /* UIView+Layout.m in Sources */ = {isa = PBXBuildFile; fileRef = 3F0F3B66178DBB6D00163C2A /* UIView+Layout.m */; };
		3F0F3B6F178DBC1800163C2A /* FTCoreTextStyle.m in Sources */ = {isa = PBXBuildFile; fileRef = 3F0F3B68178DBB8700163C2A /* FTCoreTextStyle.m */; };
		3F0F3B71178DCB8B00163C2A /* CoreText.framework in Frameworks */ = {isa = PBXBuildFile; fileRef = 3F0F3B70178DCB8B00163C2A /* CoreText.framework */; };
		3F0F3B74178DF32E00163C2A /* drawNote.png in Resources */ = {isa = PBXBuildFile; fileRef = 3F0F3B72178DF32E00163C2A /* drawNote.png */; };
		3F0F3B75178DF32E00163C2A /* TextNote.png in Resources */ = {isa = PBXBuildFile; fileRef = 3F0F3B73178DF32E00163C2A /* TextNote.png */; };
		3F0FFCFB1371A93A00299663 /* Back.png in Resources */ = {isa = PBXBuildFile; fileRef = 3F0FFCFA1371A93A00299663 /* Back.png */; };
		3F2DB24113A65C2D00041736 /* ColorViewController.m in Sources */ = {isa = PBXBuildFile; fileRef = 3F2DB23F13A65C2D00041736 /* ColorViewController.m */; };
		3F5E3F1E137C5CA30022F3C9 /* Default-Landscape~ipad.png in Resources */ = {isa = PBXBuildFile; fileRef = 3F5E3F1D137C5CA30022F3C9 /* Default-Landscape~ipad.png */; };
		3F5E3F21137C5CAC0022F3C9 /* Default-Portrait~ipad.png in Resources */ = {isa = PBXBuildFile; fileRef = 3F5E3F20137C5CAC0022F3C9 /* Default-Portrait~ipad.png */; };
		3F6D11C417625EA20066A4FA /* ALNetworkInterface.m in Sources */ = {isa = PBXBuildFile; fileRef = 3F6D11B017625EA20066A4FA /* ALNetworkInterface.m */; };
		3F6D11C517625EA20066A4FA /* SocketIO.m in Sources */ = {isa = PBXBuildFile; fileRef = 3F6D11B217625EA20066A4FA /* SocketIO.m */; };
		3F6D11C617625EA20066A4FA /* SocketIOJSONSerialization.m in Sources */ = {isa = PBXBuildFile; fileRef = 3F6D11B417625EA20066A4FA /* SocketIOJSONSerialization.m */; };
		3F6D11C717625EA20066A4FA /* SocketIOPacket.m in Sources */ = {isa = PBXBuildFile; fileRef = 3F6D11B617625EA20066A4FA /* SocketIOPacket.m */; };
		3F6D11C817625EA20066A4FA /* SocketIOTransportWebsocket.m in Sources */ = {isa = PBXBuildFile; fileRef = 3F6D11B917625EA20066A4FA /* SocketIOTransportWebsocket.m */; };
		3F6D11C917625EA20066A4FA /* SocketIOTransportXHR.m in Sources */ = {isa = PBXBuildFile; fileRef = 3F6D11BB17625EA20066A4FA /* SocketIOTransportXHR.m */; };
		3F6D11CA17625EA20066A4FA /* base64.c in Sources */ = {isa = PBXBuildFile; fileRef = 3F6D11BD17625EA20066A4FA /* base64.c */; };
		3F6D11CB17625EA20066A4FA /* NSData+SRB64Additions.m in Sources */ = {isa = PBXBuildFile; fileRef = 3F6D11C017625EA20066A4FA /* NSData+SRB64Additions.m */; };
		3F6D11CC17625EA20066A4FA /* SRWebSocket.m in Sources */ = {isa = PBXBuildFile; fileRef = 3F6D11C317625EA20066A4FA /* SRWebSocket.m */; };
		3F6D11D417625F260066A4FA /* libicucore.dylib in Frameworks */ = {isa = PBXBuildFile; fileRef = 3F6D11D217625F150066A4FA /* libicucore.dylib */; };
		3F6D11D517625F270066A4FA /* CFNetwork.framework in Frameworks */ = {isa = PBXBuildFile; fileRef = 3F6D11D017625F0D0066A4FA /* CFNetwork.framework */; };
		3F6D11D617625F2D0066A4FA /* Security.framework in Frameworks */ = {isa = PBXBuildFile; fileRef = 3F6D11CE17625F060066A4FA /* Security.framework */; };
		3F959F0713C7555500A6DA79 /* ClearNotes.png in Resources */ = {isa = PBXBuildFile; fileRef = 3F959F0613C7555500A6DA79 /* ClearNotes.png */; };
		3F99F20215436E090065CBB9 /* Lecture.m in Sources */ = {isa = PBXBuildFile; fileRef = 3F99F20115436E090065CBB9 /* Lecture.m */; };
		3F99F209154375270065CBB9 /* Position.m in Sources */ = {isa = PBXBuildFile; fileRef = 3F99F208154375270065CBB9 /* Position.m */; };
		3FA6119717905EDF00A2B4C8 /* blue.png in Resources */ = {isa = PBXBuildFile; fileRef = 3FA6119517905EDF00A2B4C8 /* blue.png */; };
		3FA6119817905EDF00A2B4C8 /* redNote.png in Resources */ = {isa = PBXBuildFile; fileRef = 3FA6119617905EDF00A2B4C8 /* redNote.png */; };
		3FA6119A17906A8B00A2B4C8 /* yellowNote.png in Resources */ = {isa = PBXBuildFile; fileRef = 3FA6119917906A8B00A2B4C8 /* yellowNote.png */; };
		3FAAA850137848AB00F79C0C /* Icon.png in Resources */ = {isa = PBXBuildFile; fileRef = 3FAAA84F137848AB00F79C0C /* Icon.png */; };
		3FADD94917983F7A00ADEF76 /* RecycleBin.png in Resources */ = {isa = PBXBuildFile; fileRef = 3FADD94817983F7400ADEF76 /* RecycleBin.png */; };
		3FAE785413C786F800796813 /* accesslecture.png in Resources */ = {isa = PBXBuildFile; fileRef = 3FAE785313C786F800796813 /* accesslecture.png */; };
		3FB653D917B1836D00AE8FB5 /* NotesViewControllerTests.m in Sources */ = {isa = PBXBuildFile; fileRef = 3FB653D817B1836D00AE8FB5 /* NotesViewControllerTests.m */; };
		3FCD5D0B15437D0A005F2A60 /* AccessDocument.m in Sources */ = {isa = PBXBuildFile; fileRef = 3F99F1FD154364270065CBB9 /* AccessDocument.m */; };
		3FCD5D1715438472005F2A60 /* AccessLectureRuntime.m in Sources */ = {isa = PBXBuildFile; fileRef = 3FCD5D1615438472005F2A60 /* AccessLectureRuntime.m */; };
		3FED960C1370863E00D8D1B8 /* UIKit.framework in Frameworks */ = {isa = PBXBuildFile; fileRef = 3FED960B1370863E00D8D1B8 /* UIKit.framework */; };
		3FED960E1370863E00D8D1B8 /* Foundation.framework in Frameworks */ = {isa = PBXBuildFile; fileRef = 3FED960D1370863E00D8D1B8 /* Foundation.framework */; };
		3FED96101370863E00D8D1B8 /* CoreGraphics.framework in Frameworks */ = {isa = PBXBuildFile; fileRef = 3FED960F1370863E00D8D1B8 /* CoreGraphics.framework */; };
		3FED96161370863E00D8D1B8 /* InfoPlist.strings in Resources */ = {isa = PBXBuildFile; fileRef = 3FED96141370863E00D8D1B8 /* InfoPlist.strings */; };
		3FED96191370863E00D8D1B8 /* main.m in Sources */ = {isa = PBXBuildFile; fileRef = 3FED96181370863E00D8D1B8 /* main.m */; };
		3FED961C1370863E00D8D1B8 /* AccessLectureAppDelegate.m in Sources */ = {isa = PBXBuildFile; fileRef = 3FED961B1370863E00D8D1B8 /* AccessLectureAppDelegate.m */; };
		3FED96221370863E00D8D1B8 /* RootViewController.m in Sources */ = {isa = PBXBuildFile; fileRef = 3FED96211370863E00D8D1B8 /* RootViewController.m */; };
		3FED96531370909100D8D1B8 /* Invert.png in Resources */ = {isa = PBXBuildFile; fileRef = 3FED96471370909100D8D1B8 /* Invert.png */; };
		3FED96541370909100D8D1B8 /* Notes.png in Resources */ = {isa = PBXBuildFile; fileRef = 3FED96481370909100D8D1B8 /* Notes.png */; };
		3FED96551370909100D8D1B8 /* Save.png in Resources */ = {isa = PBXBuildFile; fileRef = 3FED96491370909100D8D1B8 /* Save.png */; };
		3FED96561370909100D8D1B8 /* Selection.png in Resources */ = {isa = PBXBuildFile; fileRef = 3FED964A1370909100D8D1B8 /* Selection.png */; };
		3FED96571370909100D8D1B8 /* Settings.png in Resources */ = {isa = PBXBuildFile; fileRef = 3FED964B1370909100D8D1B8 /* Settings.png */; };
		3FED965B1370909100D8D1B8 /* ZoomIn.png in Resources */ = {isa = PBXBuildFile; fileRef = 3FED964F1370909100D8D1B8 /* ZoomIn.png */; };
		3FED965C1370909100D8D1B8 /* ZoomOut.png in Resources */ = {isa = PBXBuildFile; fileRef = 3FED96501370909100D8D1B8 /* ZoomOut.png */; };
		3FF7FFD513D5E45300B89A5D /* AlertBG.png in Resources */ = {isa = PBXBuildFile; fileRef = 3FF7FFD413D5E45300B89A5D /* AlertBG.png */; };
		3FFCFB2213A25388003DAB63 /* MessageUI.framework in Frameworks */ = {isa = PBXBuildFile; fileRef = 3FFCFB2113A25388003DAB63 /* MessageUI.framework */; };
		4C4B8BFA178EF57200C2F94B /* QRScanner.m in Sources */ = {isa = PBXBuildFile; fileRef = 4C4B8BF9178EF57200C2F94B /* QRScanner.m */; };
		4C4B8BFC178EF8D900C2F94B /* AVFoundation.framework in Frameworks */ = {isa = PBXBuildFile; fileRef = 4C4B8BFB178EF8D900C2F94B /* AVFoundation.framework */; };
		4C51C79D1768F5BE0045DF42 /* Lectures.m in Sources */ = {isa = PBXBuildFile; fileRef = 4C51C79C1768F5BE0045DF42 /* Lectures.m */; };
		4C5219EE17B1485A00601A4D /* LectureContainer.m in Sources */ = {isa = PBXBuildFile; fileRef = 4C5219ED17B1485A00601A4D /* LectureContainer.m */; };
		4C5B55FB17720A15005B79CF /* server.crt in Resources */ = {isa = PBXBuildFile; fileRef = 4C5B55FA17720A15005B79CF /* server.crt */; };
		4C5C50C6177B59D90095801A /* pin.png in Resources */ = {isa = PBXBuildFile; fileRef = 4C5C50C5177B59D90095801A /* pin.png */; };
		4C5C50CD177B7B7C0095801A /* LectureViewContainer.m in Sources */ = {isa = PBXBuildFile; fileRef = 4C5C50CC177B7B7C0095801A /* LectureViewContainer.m */; };
		4C62BECD175651DB00CAF4CF /* FileManager.m in Sources */ = {isa = PBXBuildFile; fileRef = 3F99F1FA1543641E0065CBB9 /* FileManager.m */; };
		4C861C06178EE0B600CD499C /* StreamLayout.storyboard in Resources */ = {isa = PBXBuildFile; fileRef = 4C861C05178EE0B600CD499C /* StreamLayout.storyboard */; };
		4C8ABE78177C87BD007C934C /* StreamViewController.m in Sources */ = {isa = PBXBuildFile; fileRef = 4C8ABE76177C87BD007C934C /* StreamViewController.m */; };
		4C8ABE80177CA356007C934C /* NotesViewController.m in Sources */ = {isa = PBXBuildFile; fileRef = 4C8ABE7E177CA356007C934C /* NotesViewController.m */; };
		4C8ABE81177CA356007C934C /* NotesViewController.xib in Resources */ = {isa = PBXBuildFile; fileRef = 4C8ABE7F177CA356007C934C /* NotesViewController.xib */; };
		4C9AB8FE177C6895004A4F65 /* TopNav.m in Sources */ = {isa = PBXBuildFile; fileRef = 4C9AB8FD177C6895004A4F65 /* TopNav.m */; };
		4CADF4F2178DEC19005978C0 /* UISegmentedControlExtension.m in Sources */ = {isa = PBXBuildFile; fileRef = 4CADF4F1178DEC19005978C0 /* UISegmentedControlExtension.m */; };
		4CBF5D871768DAD200746377 /* libicucore.dylib in Frameworks */ = {isa = PBXBuildFile; fileRef = 3F6D11D217625F150066A4FA /* libicucore.dylib */; };
		4CBF5D881768DAD500746377 /* CFNetwork.framework in Frameworks */ = {isa = PBXBuildFile; fileRef = 3F6D11D017625F0D0066A4FA /* CFNetwork.framework */; };
		4CBF5D891768DAD700746377 /* Security.framework in Frameworks */ = {isa = PBXBuildFile; fileRef = 3F6D11CE17625F060066A4FA /* Security.framework */; };
		4CD0A5EF177DC98600864228 /* ConnectionViewController.m in Sources */ = {isa = PBXBuildFile; fileRef = 4CD0A5ED177DC98600864228 /* ConnectionViewController.m */; };
		4CD0A5F8177E1D6800864228 /* StreamDrawing.m in Sources */ = {isa = PBXBuildFile; fileRef = 4CD0A5F7177E1D6800864228 /* StreamDrawing.m */; };
		4CE742C41768BDE60026DE71 /* SenTestingKit.framework in Frameworks */ = {isa = PBXBuildFile; fileRef = 3F9BA9C21758FE1C00BEFB55 /* SenTestingKit.framework */; };
		4CE742C51768BDE60026DE71 /* Foundation.framework in Frameworks */ = {isa = PBXBuildFile; fileRef = 3FED960D1370863E00D8D1B8 /* Foundation.framework */; };
		4CE742C61768BDE60026DE71 /* UIKit.framework in Frameworks */ = {isa = PBXBuildFile; fileRef = 3FED960B1370863E00D8D1B8 /* UIKit.framework */; };
		4CEA1A03177CAAED00A1DE05 /* LectureCell.m in Sources */ = {isa = PBXBuildFile; fileRef = 4CEA1A00177CAAED00A1DE05 /* LectureCell.m */; };
		4CEA1A04177CAAED00A1DE05 /* OpenLectureViewController.m in Sources */ = {isa = PBXBuildFile; fileRef = 4CEA1A02177CAAED00A1DE05 /* OpenLectureViewController.m */; };
/* End PBXBuildFile section */

/* Begin PBXContainerItemProxy section */
		4CBF5D8A1768DB4E00746377 /* PBXContainerItemProxy */ = {
			isa = PBXContainerItemProxy;
			containerPortal = 3FED95FE1370863E00D8D1B8 /* Project object */;
			proxyType = 1;
			remoteGlobalIDString = 3FED96061370863E00D8D1B8;
			remoteInfo = AccessLecture;
		};
/* End PBXContainerItemProxy section */

/* Begin PBXFileReference section */
		2C0F88691760D8EC0062BD16 /* DrawView.h */ = {isa = PBXFileReference; fileEncoding = 4; lastKnownFileType = sourcecode.c.h; path = DrawView.h; sourceTree = "<group>"; };
		2C0F886A1760D8EC0062BD16 /* DrawView.m */ = {isa = PBXFileReference; fileEncoding = 4; lastKnownFileType = sourcecode.c.objc; path = DrawView.m; sourceTree = "<group>"; };
		2C3BFE6317A2BF7B00404B9C /* ZoomBounds.c */ = {isa = PBXFileReference; fileEncoding = 4; lastKnownFileType = sourcecode.c.c; path = ZoomBounds.c; sourceTree = "<group>"; };
		2C3BFE6417A2BF7B00404B9C /* ZoomBounds.h */ = {isa = PBXFileReference; fileEncoding = 4; lastKnownFileType = sourcecode.c.h; path = ZoomBounds.h; sourceTree = "<group>"; };
		2C7C981917999B5C00F8ECE4 /* sample-qr.png */ = {isa = PBXFileReference; lastKnownFileType = image.png; path = "sample-qr.png"; sourceTree = "<group>"; };
		2CBF3019177B7AB10087C17C /* DrawViewController.h */ = {isa = PBXFileReference; fileEncoding = 4; lastKnownFileType = sourcecode.c.h; path = DrawViewController.h; sourceTree = "<group>"; };
		2CBF301A177B7AB10087C17C /* DrawViewController.m */ = {isa = PBXFileReference; fileEncoding = 4; lastKnownFileType = sourcecode.c.objc; path = DrawViewController.m; sourceTree = "<group>"; };
		2CBF301B177B7AB10087C17C /* DrawViewController.xib */ = {isa = PBXFileReference; fileEncoding = 4; lastKnownFileType = file.xib; path = DrawViewController.xib; sourceTree = "<group>"; };
		2CCA61AD17B13AB9002DA6A3 /* DrawViewTests.m */ = {isa = PBXFileReference; fileEncoding = 4; lastKnownFileType = sourcecode.c.objc; path = DrawViewTests.m; sourceTree = "<group>"; };
		2CCA979717B14DD700669275 /* DrawViewControllerTests.m */ = {isa = PBXFileReference; fileEncoding = 4; lastKnownFileType = sourcecode.c.objc; path = DrawViewControllerTests.m; sourceTree = "<group>"; };
		2CF45FDC17971C0400E6C69E /* QuartzCore.framework */ = {isa = PBXFileReference; lastKnownFileType = wrapper.framework; name = QuartzCore.framework; path = System/Library/Frameworks/QuartzCore.framework; sourceTree = SDKROOT; };
		2CF6BA8C1784919300A695CC /* AMBezierPath.h */ = {isa = PBXFileReference; fileEncoding = 4; lastKnownFileType = sourcecode.c.h; path = AMBezierPath.h; sourceTree = "<group>"; };
		2CF6BA8D1784919300A695CC /* AMBezierPath.m */ = {isa = PBXFileReference; fileEncoding = 4; lastKnownFileType = sourcecode.c.objc; path = AMBezierPath.m; sourceTree = "<group>"; };
		2CF6BA8E1784919300A695CC /* arrow.png */ = {isa = PBXFileReference; lastKnownFileType = image.png; path = arrow.png; sourceTree = "<group>"; };
		2CF6BA8F1784919300A695CC /* circle.png */ = {isa = PBXFileReference; lastKnownFileType = image.png; path = circle.png; sourceTree = "<group>"; };
		2CF6BA951784920100A695CC /* star.png */ = {isa = PBXFileReference; lastKnownFileType = image.png; path = star.png; sourceTree = "<group>"; };
		2CF6BA971784920D00A695CC /* undo.png */ = {isa = PBXFileReference; lastKnownFileType = image.png; path = undo.png; sourceTree = "<group>"; };
		2CFC329F175E60FC00384AEC /* MainStoryboard.storyboard */ = {isa = PBXFileReference; fileEncoding = 4; lastKnownFileType = file.storyboard; path = MainStoryboard.storyboard; sourceTree = "<group>"; };
		3F0DBDD313BD174900E3FEE8 /* AboutViewController.h */ = {isa = PBXFileReference; fileEncoding = 4; lastKnownFileType = sourcecode.c.h; path = AboutViewController.h; sourceTree = "<group>"; };
		3F0DBDD413BD174900E3FEE8 /* AboutViewController.m */ = {isa = PBXFileReference; fileEncoding = 4; lastKnownFileType = sourcecode.c.objc; path = AboutViewController.m; sourceTree = "<group>"; };
		3F0F3B63178DBB6D00163C2A /* UIColor+Tools.h */ = {isa = PBXFileReference; lastKnownFileType = sourcecode.c.h; path = "UIColor+Tools.h"; sourceTree = "<group>"; };
		3F0F3B64178DBB6D00163C2A /* UIColor+Tools.m */ = {isa = PBXFileReference; lastKnownFileType = sourcecode.c.objc; path = "UIColor+Tools.m"; sourceTree = "<group>"; };
		3F0F3B65178DBB6D00163C2A /* UIView+Layout.h */ = {isa = PBXFileReference; lastKnownFileType = sourcecode.c.h; path = "UIView+Layout.h"; sourceTree = "<group>"; };
		3F0F3B66178DBB6D00163C2A /* UIView+Layout.m */ = {isa = PBXFileReference; lastKnownFileType = sourcecode.c.objc; path = "UIView+Layout.m"; sourceTree = "<group>"; };
		3F0F3B67178DBB8700163C2A /* FTCoreTextStyle.h */ = {isa = PBXFileReference; lastKnownFileType = sourcecode.c.h; path = FTCoreTextStyle.h; sourceTree = "<group>"; };
		3F0F3B68178DBB8700163C2A /* FTCoreTextStyle.m */ = {isa = PBXFileReference; lastKnownFileType = sourcecode.c.objc; path = FTCoreTextStyle.m; sourceTree = "<group>"; };
		3F0F3B69178DBB8700163C2A /* FTCoreTextView.h */ = {isa = PBXFileReference; lastKnownFileType = sourcecode.c.h; path = FTCoreTextView.h; sourceTree = "<group>"; };
		3F0F3B6A178DBB8700163C2A /* FTCoreTextView.m */ = {isa = PBXFileReference; lastKnownFileType = sourcecode.c.objc; path = FTCoreTextView.m; sourceTree = "<group>"; };
		3F0F3B70178DCB8B00163C2A /* CoreText.framework */ = {isa = PBXFileReference; lastKnownFileType = wrapper.framework; name = CoreText.framework; path = System/Library/Frameworks/CoreText.framework; sourceTree = SDKROOT; };
		3F0F3B72178DF32E00163C2A /* drawNote.png */ = {isa = PBXFileReference; lastKnownFileType = image.png; path = drawNote.png; sourceTree = "<group>"; };
		3F0F3B73178DF32E00163C2A /* TextNote.png */ = {isa = PBXFileReference; lastKnownFileType = image.png; path = TextNote.png; sourceTree = "<group>"; };
		3F0FFCFA1371A93A00299663 /* Back.png */ = {isa = PBXFileReference; lastKnownFileType = image.png; name = Back.png; path = "Lecture View Images/Back.png"; sourceTree = "<group>"; };
		3F2DB23E13A65C2D00041736 /* ColorViewController.h */ = {isa = PBXFileReference; fileEncoding = 4; lastKnownFileType = sourcecode.c.h; path = ColorViewController.h; sourceTree = "<group>"; };
		3F2DB23F13A65C2D00041736 /* ColorViewController.m */ = {isa = PBXFileReference; fileEncoding = 4; lastKnownFileType = sourcecode.c.objc; path = ColorViewController.m; sourceTree = "<group>"; };
		3F5E3F1D137C5CA30022F3C9 /* Default-Landscape~ipad.png */ = {isa = PBXFileReference; lastKnownFileType = image.png; name = "Default-Landscape~ipad.png"; path = "../Default-Landscape~ipad.png"; sourceTree = "<group>"; };
		3F5E3F20137C5CAC0022F3C9 /* Default-Portrait~ipad.png */ = {isa = PBXFileReference; lastKnownFileType = image.png; name = "Default-Portrait~ipad.png"; path = "../Default-Portrait~ipad.png"; sourceTree = "<group>"; };
		3F6D11AF17625EA20066A4FA /* ALNetworkInterface.h */ = {isa = PBXFileReference; fileEncoding = 4; lastKnownFileType = sourcecode.c.h; path = ALNetworkInterface.h; sourceTree = "<group>"; };
		3F6D11B017625EA20066A4FA /* ALNetworkInterface.m */ = {isa = PBXFileReference; fileEncoding = 4; lastKnownFileType = sourcecode.c.objc; path = ALNetworkInterface.m; sourceTree = "<group>"; };
		3F6D11B117625EA20066A4FA /* SocketIO.h */ = {isa = PBXFileReference; fileEncoding = 4; lastKnownFileType = sourcecode.c.h; path = SocketIO.h; sourceTree = "<group>"; };
		3F6D11B217625EA20066A4FA /* SocketIO.m */ = {isa = PBXFileReference; fileEncoding = 4; lastKnownFileType = sourcecode.c.objc; path = SocketIO.m; sourceTree = "<group>"; };
		3F6D11B317625EA20066A4FA /* SocketIOJSONSerialization.h */ = {isa = PBXFileReference; fileEncoding = 4; lastKnownFileType = sourcecode.c.h; path = SocketIOJSONSerialization.h; sourceTree = "<group>"; };
		3F6D11B417625EA20066A4FA /* SocketIOJSONSerialization.m */ = {isa = PBXFileReference; fileEncoding = 4; lastKnownFileType = sourcecode.c.objc; path = SocketIOJSONSerialization.m; sourceTree = "<group>"; };
		3F6D11B517625EA20066A4FA /* SocketIOPacket.h */ = {isa = PBXFileReference; fileEncoding = 4; lastKnownFileType = sourcecode.c.h; path = SocketIOPacket.h; sourceTree = "<group>"; };
		3F6D11B617625EA20066A4FA /* SocketIOPacket.m */ = {isa = PBXFileReference; fileEncoding = 4; lastKnownFileType = sourcecode.c.objc; path = SocketIOPacket.m; sourceTree = "<group>"; };
		3F6D11B717625EA20066A4FA /* SocketIOTransport.h */ = {isa = PBXFileReference; fileEncoding = 4; lastKnownFileType = sourcecode.c.h; path = SocketIOTransport.h; sourceTree = "<group>"; };
		3F6D11B817625EA20066A4FA /* SocketIOTransportWebsocket.h */ = {isa = PBXFileReference; fileEncoding = 4; lastKnownFileType = sourcecode.c.h; path = SocketIOTransportWebsocket.h; sourceTree = "<group>"; };
		3F6D11B917625EA20066A4FA /* SocketIOTransportWebsocket.m */ = {isa = PBXFileReference; fileEncoding = 4; lastKnownFileType = sourcecode.c.objc; path = SocketIOTransportWebsocket.m; sourceTree = "<group>"; };
		3F6D11BA17625EA20066A4FA /* SocketIOTransportXHR.h */ = {isa = PBXFileReference; fileEncoding = 4; lastKnownFileType = sourcecode.c.h; path = SocketIOTransportXHR.h; sourceTree = "<group>"; };
		3F6D11BB17625EA20066A4FA /* SocketIOTransportXHR.m */ = {isa = PBXFileReference; fileEncoding = 4; lastKnownFileType = sourcecode.c.objc; path = SocketIOTransportXHR.m; sourceTree = "<group>"; };
		3F6D11BD17625EA20066A4FA /* base64.c */ = {isa = PBXFileReference; fileEncoding = 4; lastKnownFileType = sourcecode.c.c; path = base64.c; sourceTree = "<group>"; };
		3F6D11BE17625EA20066A4FA /* base64.h */ = {isa = PBXFileReference; fileEncoding = 4; lastKnownFileType = sourcecode.c.h; path = base64.h; sourceTree = "<group>"; };
		3F6D11BF17625EA20066A4FA /* NSData+SRB64Additions.h */ = {isa = PBXFileReference; fileEncoding = 4; lastKnownFileType = sourcecode.c.h; path = "NSData+SRB64Additions.h"; sourceTree = "<group>"; };
		3F6D11C017625EA20066A4FA /* NSData+SRB64Additions.m */ = {isa = PBXFileReference; fileEncoding = 4; lastKnownFileType = sourcecode.c.objc; path = "NSData+SRB64Additions.m"; sourceTree = "<group>"; };
		3F6D11C117625EA20066A4FA /* SocketRocket-Prefix.pch */ = {isa = PBXFileReference; fileEncoding = 4; lastKnownFileType = sourcecode.c.h; path = "SocketRocket-Prefix.pch"; sourceTree = "<group>"; };
		3F6D11C217625EA20066A4FA /* SRWebSocket.h */ = {isa = PBXFileReference; fileEncoding = 4; lastKnownFileType = sourcecode.c.h; path = SRWebSocket.h; sourceTree = "<group>"; };
		3F6D11C317625EA20066A4FA /* SRWebSocket.m */ = {isa = PBXFileReference; fileEncoding = 4; lastKnownFileType = sourcecode.c.objc; path = SRWebSocket.m; sourceTree = "<group>"; };
		3F6D11CE17625F060066A4FA /* Security.framework */ = {isa = PBXFileReference; lastKnownFileType = wrapper.framework; name = Security.framework; path = System/Library/Frameworks/Security.framework; sourceTree = SDKROOT; };
		3F6D11D017625F0D0066A4FA /* CFNetwork.framework */ = {isa = PBXFileReference; lastKnownFileType = wrapper.framework; name = CFNetwork.framework; path = System/Library/Frameworks/CFNetwork.framework; sourceTree = SDKROOT; };
		3F6D11D217625F150066A4FA /* libicucore.dylib */ = {isa = PBXFileReference; lastKnownFileType = "compiled.mach-o.dylib"; name = libicucore.dylib; path = usr/lib/libicucore.dylib; sourceTree = SDKROOT; };
		3F959F0613C7555500A6DA79 /* ClearNotes.png */ = {isa = PBXFileReference; lastKnownFileType = image.png; name = ClearNotes.png; path = "Lecture View Images/ClearNotes.png"; sourceTree = "<group>"; };
		3F99F1F91543641E0065CBB9 /* FileManager.h */ = {isa = PBXFileReference; lastKnownFileType = sourcecode.c.h; path = FileManager.h; sourceTree = "<group>"; };
		3F99F1FA1543641E0065CBB9 /* FileManager.m */ = {isa = PBXFileReference; lastKnownFileType = sourcecode.c.objc; path = FileManager.m; sourceTree = "<group>"; };
		3F99F1FC154364270065CBB9 /* AccessDocument.h */ = {isa = PBXFileReference; lastKnownFileType = sourcecode.c.h; path = AccessDocument.h; sourceTree = "<group>"; };
		3F99F1FD154364270065CBB9 /* AccessDocument.m */ = {isa = PBXFileReference; lastKnownFileType = sourcecode.c.objc; path = AccessDocument.m; sourceTree = "<group>"; };
		3F99F1FE154364270065CBB9 /* Note.h */ = {isa = PBXFileReference; lastKnownFileType = sourcecode.c.h; path = Note.h; sourceTree = "<group>"; };
		3F99F1FF154364270065CBB9 /* Note.m */ = {isa = PBXFileReference; lastKnownFileType = sourcecode.c.objc; path = Note.m; sourceTree = "<group>"; };
		3F99F20015436E090065CBB9 /* Lecture.h */ = {isa = PBXFileReference; fileEncoding = 4; lastKnownFileType = sourcecode.c.h; path = Lecture.h; sourceTree = "<group>"; };
		3F99F20115436E090065CBB9 /* Lecture.m */ = {isa = PBXFileReference; fileEncoding = 4; lastKnownFileType = sourcecode.c.objc; path = Lecture.m; sourceTree = "<group>"; };
		3F99F207154375270065CBB9 /* Position.h */ = {isa = PBXFileReference; fileEncoding = 4; lastKnownFileType = sourcecode.c.h; path = Position.h; sourceTree = "<group>"; };
		3F99F208154375270065CBB9 /* Position.m */ = {isa = PBXFileReference; fileEncoding = 4; lastKnownFileType = sourcecode.c.objc; path = Position.m; sourceTree = "<group>"; };
		3F9BA9C21758FE1C00BEFB55 /* SenTestingKit.framework */ = {isa = PBXFileReference; lastKnownFileType = wrapper.framework; name = SenTestingKit.framework; path = Library/Frameworks/SenTestingKit.framework; sourceTree = DEVELOPER_DIR; };
		3FA6119517905EDF00A2B4C8 /* blue.png */ = {isa = PBXFileReference; lastKnownFileType = image.png; path = blue.png; sourceTree = "<group>"; };
		3FA6119617905EDF00A2B4C8 /* redNote.png */ = {isa = PBXFileReference; lastKnownFileType = image.png; path = redNote.png; sourceTree = "<group>"; };
		3FA6119917906A8B00A2B4C8 /* yellowNote.png */ = {isa = PBXFileReference; lastKnownFileType = image.png; path = yellowNote.png; sourceTree = "<group>"; };
		3FA6119B17906E1A00A2B4C8 /* resizeDrawNote.png */ = {isa = PBXFileReference; lastKnownFileType = image.png; path = resizeDrawNote.png; sourceTree = "<group>"; };
		3FAAA84F137848AB00F79C0C /* Icon.png */ = {isa = PBXFileReference; lastKnownFileType = image.png; name = Icon.png; path = ../Icon.png; sourceTree = "<group>"; };
		3FADD94817983F7400ADEF76 /* RecycleBin.png */ = {isa = PBXFileReference; lastKnownFileType = image.png; path = RecycleBin.png; sourceTree = "<group>"; };
		3FAE785313C786F800796813 /* accesslecture.png */ = {isa = PBXFileReference; lastKnownFileType = image.png; path = accesslecture.png; sourceTree = "<group>"; };
		3FB653D817B1836D00AE8FB5 /* NotesViewControllerTests.m */ = {isa = PBXFileReference; fileEncoding = 4; lastKnownFileType = sourcecode.c.objc; path = NotesViewControllerTests.m; sourceTree = "<group>"; };
		3FC32EBA13E05E0F00077291 /* biology.png */ = {isa = PBXFileReference; lastKnownFileType = image.png; name = biology.png; path = ../biology.png; sourceTree = "<group>"; };
		3FC32EBB13E05E0F00077291 /* geometry.png */ = {isa = PBXFileReference; lastKnownFileType = image.png; name = geometry.png; path = ../geometry.png; sourceTree = "<group>"; };
		3FCD5D1515438472005F2A60 /* AccessLectureRuntime.h */ = {isa = PBXFileReference; fileEncoding = 4; lastKnownFileType = sourcecode.c.h; path = AccessLectureRuntime.h; sourceTree = "<group>"; };
		3FCD5D1615438472005F2A60 /* AccessLectureRuntime.m */ = {isa = PBXFileReference; fileEncoding = 4; lastKnownFileType = sourcecode.c.objc; path = AccessLectureRuntime.m; sourceTree = "<group>"; };
		3FED96071370863E00D8D1B8 /* AccessLecture.app */ = {isa = PBXFileReference; explicitFileType = wrapper.application; includeInIndex = 0; path = AccessLecture.app; sourceTree = BUILT_PRODUCTS_DIR; };
		3FED960B1370863E00D8D1B8 /* UIKit.framework */ = {isa = PBXFileReference; lastKnownFileType = wrapper.framework; name = UIKit.framework; path = System/Library/Frameworks/UIKit.framework; sourceTree = SDKROOT; };
		3FED960D1370863E00D8D1B8 /* Foundation.framework */ = {isa = PBXFileReference; lastKnownFileType = wrapper.framework; name = Foundation.framework; path = System/Library/Frameworks/Foundation.framework; sourceTree = SDKROOT; };
		3FED960F1370863E00D8D1B8 /* CoreGraphics.framework */ = {isa = PBXFileReference; lastKnownFileType = wrapper.framework; name = CoreGraphics.framework; path = System/Library/Frameworks/CoreGraphics.framework; sourceTree = SDKROOT; };
		3FED96131370863E00D8D1B8 /* AccessLecture-Info.plist */ = {isa = PBXFileReference; lastKnownFileType = text.plist.xml; path = "AccessLecture-Info.plist"; sourceTree = "<group>"; };
		3FED96151370863E00D8D1B8 /* en */ = {isa = PBXFileReference; lastKnownFileType = text.plist.strings; name = en; path = en.lproj/InfoPlist.strings; sourceTree = "<group>"; };
		3FED96171370863E00D8D1B8 /* AccessLecture-Prefix.pch */ = {isa = PBXFileReference; lastKnownFileType = sourcecode.c.h; path = "AccessLecture-Prefix.pch"; sourceTree = "<group>"; };
		3FED96181370863E00D8D1B8 /* main.m */ = {isa = PBXFileReference; lastKnownFileType = sourcecode.c.objc; path = main.m; sourceTree = "<group>"; };
		3FED961A1370863E00D8D1B8 /* AccessLectureAppDelegate.h */ = {isa = PBXFileReference; lastKnownFileType = sourcecode.c.h; path = AccessLectureAppDelegate.h; sourceTree = "<group>"; };
		3FED961B1370863E00D8D1B8 /* AccessLectureAppDelegate.m */ = {isa = PBXFileReference; lastKnownFileType = sourcecode.c.objc; path = AccessLectureAppDelegate.m; sourceTree = "<group>"; };
		3FED96201370863E00D8D1B8 /* RootViewController.h */ = {isa = PBXFileReference; lastKnownFileType = sourcecode.c.h; path = RootViewController.h; sourceTree = "<group>"; };
		3FED96211370863E00D8D1B8 /* RootViewController.m */ = {isa = PBXFileReference; lastKnownFileType = sourcecode.c.objc; path = RootViewController.m; sourceTree = "<group>"; };
		3FED96471370909100D8D1B8 /* Invert.png */ = {isa = PBXFileReference; lastKnownFileType = image.png; name = Invert.png; path = "Lecture View Images/Invert.png"; sourceTree = "<group>"; };
		3FED96481370909100D8D1B8 /* Notes.png */ = {isa = PBXFileReference; lastKnownFileType = image.png; name = Notes.png; path = "Lecture View Images/Notes.png"; sourceTree = "<group>"; };
		3FED96491370909100D8D1B8 /* Save.png */ = {isa = PBXFileReference; lastKnownFileType = image.png; name = Save.png; path = "Lecture View Images/Save.png"; sourceTree = "<group>"; };
		3FED964A1370909100D8D1B8 /* Selection.png */ = {isa = PBXFileReference; lastKnownFileType = image.png; name = Selection.png; path = "Lecture View Images/Selection.png"; sourceTree = "<group>"; };
		3FED964B1370909100D8D1B8 /* Settings.png */ = {isa = PBXFileReference; lastKnownFileType = image.png; name = Settings.png; path = "Lecture View Images/Settings.png"; sourceTree = "<group>"; };
		3FED964F1370909100D8D1B8 /* ZoomIn.png */ = {isa = PBXFileReference; lastKnownFileType = image.png; name = ZoomIn.png; path = "Lecture View Images/ZoomIn.png"; sourceTree = "<group>"; };
		3FED96501370909100D8D1B8 /* ZoomOut.png */ = {isa = PBXFileReference; lastKnownFileType = image.png; name = ZoomOut.png; path = "Lecture View Images/ZoomOut.png"; sourceTree = "<group>"; };
		3FF7FFD413D5E45300B89A5D /* AlertBG.png */ = {isa = PBXFileReference; lastKnownFileType = image.png; name = AlertBG.png; path = AccessLecture/core/AlertBG.png; sourceTree = "<group>"; };
		3FFCFB2113A25388003DAB63 /* MessageUI.framework */ = {isa = PBXFileReference; lastKnownFileType = wrapper.framework; name = MessageUI.framework; path = System/Library/Frameworks/MessageUI.framework; sourceTree = SDKROOT; };
		4C4B8BF8178EF57200C2F94B /* QRScanner.h */ = {isa = PBXFileReference; fileEncoding = 4; lastKnownFileType = sourcecode.c.h; path = QRScanner.h; sourceTree = "<group>"; };
		4C4B8BF9178EF57200C2F94B /* QRScanner.m */ = {isa = PBXFileReference; fileEncoding = 4; lastKnownFileType = sourcecode.c.objc; path = QRScanner.m; sourceTree = "<group>"; };
		4C4B8BFB178EF8D900C2F94B /* AVFoundation.framework */ = {isa = PBXFileReference; lastKnownFileType = wrapper.framework; name = AVFoundation.framework; path = System/Library/Frameworks/AVFoundation.framework; sourceTree = SDKROOT; };
		4C51C79C1768F5BE0045DF42 /* Lectures.m */ = {isa = PBXFileReference; fileEncoding = 4; lastKnownFileType = sourcecode.c.objc; path = Lectures.m; sourceTree = "<group>"; };
		4C5219ED17B1485A00601A4D /* LectureContainer.m */ = {isa = PBXFileReference; fileEncoding = 4; lastKnownFileType = sourcecode.c.objc; path = LectureContainer.m; sourceTree = "<group>"; };
		4C5B55FA17720A15005B79CF /* server.crt */ = {isa = PBXFileReference; fileEncoding = 4; lastKnownFileType = text; path = server.crt; sourceTree = "<group>"; };
		4C5C50C5177B59D90095801A /* pin.png */ = {isa = PBXFileReference; lastKnownFileType = image.png; path = pin.png; sourceTree = "<group>"; };
		4C5C50CB177B7B7C0095801A /* LectureViewContainer.h */ = {isa = PBXFileReference; fileEncoding = 4; lastKnownFileType = sourcecode.c.h; path = LectureViewContainer.h; sourceTree = "<group>"; };
		4C5C50CC177B7B7C0095801A /* LectureViewContainer.m */ = {isa = PBXFileReference; fileEncoding = 4; lastKnownFileType = sourcecode.c.objc; path = LectureViewContainer.m; sourceTree = "<group>"; };
		4C861C05178EE0B600CD499C /* StreamLayout.storyboard */ = {isa = PBXFileReference; fileEncoding = 4; lastKnownFileType = file.storyboard; path = StreamLayout.storyboard; sourceTree = "<group>"; };
		4C8ABE75177C87BD007C934C /* StreamViewController.h */ = {isa = PBXFileReference; fileEncoding = 4; lastKnownFileType = sourcecode.c.h; path = StreamViewController.h; sourceTree = "<group>"; };
		4C8ABE76177C87BD007C934C /* StreamViewController.m */ = {isa = PBXFileReference; fileEncoding = 4; lastKnownFileType = sourcecode.c.objc; path = StreamViewController.m; sourceTree = "<group>"; };
		4C8ABE7D177CA356007C934C /* NotesViewController.h */ = {isa = PBXFileReference; fileEncoding = 4; lastKnownFileType = sourcecode.c.h; path = NotesViewController.h; sourceTree = "<group>"; };
		4C8ABE7E177CA356007C934C /* NotesViewController.m */ = {isa = PBXFileReference; fileEncoding = 4; lastKnownFileType = sourcecode.c.objc; path = NotesViewController.m; sourceTree = "<group>"; };
		4C8ABE7F177CA356007C934C /* NotesViewController.xib */ = {isa = PBXFileReference; fileEncoding = 4; lastKnownFileType = file.xib; path = NotesViewController.xib; sourceTree = "<group>"; };
		4C9AB8FC177C6895004A4F65 /* TopNav.h */ = {isa = PBXFileReference; fileEncoding = 4; lastKnownFileType = sourcecode.c.h; path = TopNav.h; sourceTree = "<group>"; };
		4C9AB8FD177C6895004A4F65 /* TopNav.m */ = {isa = PBXFileReference; fileEncoding = 4; lastKnownFileType = sourcecode.c.objc; path = TopNav.m; sourceTree = "<group>"; };
		4CADF4F0178DEC19005978C0 /* UISegmentedControlExtension.h */ = {isa = PBXFileReference; fileEncoding = 4; lastKnownFileType = sourcecode.c.h; path = UISegmentedControlExtension.h; sourceTree = "<group>"; };
		4CADF4F1178DEC19005978C0 /* UISegmentedControlExtension.m */ = {isa = PBXFileReference; fileEncoding = 4; lastKnownFileType = sourcecode.c.objc; path = UISegmentedControlExtension.m; sourceTree = "<group>"; };
		4CB8329E1768C0AC008F0099 /* AccessLecture Tests-Info.plist */ = {isa = PBXFileReference; lastKnownFileType = text.plist.xml; path = "AccessLecture Tests-Info.plist"; sourceTree = "<group>"; };
		4CB8329F1768C0AC008F0099 /* AccessLecture Tests-Prefix.pch */ = {isa = PBXFileReference; lastKnownFileType = sourcecode.c.h; path = "AccessLecture Tests-Prefix.pch"; sourceTree = "<group>"; };
		4CD0A5EC177DC98600864228 /* ConnectionViewController.h */ = {isa = PBXFileReference; fileEncoding = 4; lastKnownFileType = sourcecode.c.h; path = ConnectionViewController.h; sourceTree = "<group>"; };
		4CD0A5ED177DC98600864228 /* ConnectionViewController.m */ = {isa = PBXFileReference; fileEncoding = 4; lastKnownFileType = sourcecode.c.objc; path = ConnectionViewController.m; sourceTree = "<group>"; };
		4CD0A5F6177E1D6800864228 /* StreamDrawing.h */ = {isa = PBXFileReference; fileEncoding = 4; lastKnownFileType = sourcecode.c.h; path = StreamDrawing.h; sourceTree = "<group>"; };
		4CD0A5F7177E1D6800864228 /* StreamDrawing.m */ = {isa = PBXFileReference; fileEncoding = 4; lastKnownFileType = sourcecode.c.objc; path = StreamDrawing.m; sourceTree = "<group>"; };
		4CE742C31768BDE60026DE71 /* AccessLecture Tests.octest */ = {isa = PBXFileReference; explicitFileType = wrapper.cfbundle; includeInIndex = 0; path = "AccessLecture Tests.octest"; sourceTree = BUILT_PRODUCTS_DIR; };
		4CEA19FF177CAAED00A1DE05 /* LectureCell.h */ = {isa = PBXFileReference; fileEncoding = 4; lastKnownFileType = sourcecode.c.h; path = LectureCell.h; sourceTree = "<group>"; };
		4CEA1A00177CAAED00A1DE05 /* LectureCell.m */ = {isa = PBXFileReference; fileEncoding = 4; lastKnownFileType = sourcecode.c.objc; path = LectureCell.m; sourceTree = "<group>"; };
		4CEA1A01177CAAED00A1DE05 /* OpenLectureViewController.h */ = {isa = PBXFileReference; fileEncoding = 4; lastKnownFileType = sourcecode.c.h; path = OpenLectureViewController.h; sourceTree = "<group>"; };
		4CEA1A02177CAAED00A1DE05 /* OpenLectureViewController.m */ = {isa = PBXFileReference; fileEncoding = 4; lastKnownFileType = sourcecode.c.objc; path = OpenLectureViewController.m; sourceTree = "<group>"; };
/* End PBXFileReference section */

/* Begin PBXFrameworksBuildPhase section */
		3FED96041370863E00D8D1B8 /* Frameworks */ = {
			isa = PBXFrameworksBuildPhase;
			buildActionMask = 2147483647;
			files = (
				2CF45FDD17971C0400E6C69E /* QuartzCore.framework in Frameworks */,
				4C4B8BFC178EF8D900C2F94B /* AVFoundation.framework in Frameworks */,
				3F0F3B71178DCB8B00163C2A /* CoreText.framework in Frameworks */,
				3FED960C1370863E00D8D1B8 /* UIKit.framework in Frameworks */,
				3F6D11D617625F2D0066A4FA /* Security.framework in Frameworks */,
				3F6D11D417625F260066A4FA /* libicucore.dylib in Frameworks */,
				3FED960E1370863E00D8D1B8 /* Foundation.framework in Frameworks */,
				3F6D11D517625F270066A4FA /* CFNetwork.framework in Frameworks */,
				3FED96101370863E00D8D1B8 /* CoreGraphics.framework in Frameworks */,
				3FFCFB2213A25388003DAB63 /* MessageUI.framework in Frameworks */,
			);
			runOnlyForDeploymentPostprocessing = 0;
		};
		4CE742C01768BDE60026DE71 /* Frameworks */ = {
			isa = PBXFrameworksBuildPhase;
			buildActionMask = 2147483647;
			files = (
				4CE742C41768BDE60026DE71 /* SenTestingKit.framework in Frameworks */,
				4CE742C61768BDE60026DE71 /* UIKit.framework in Frameworks */,
				4CBF5D881768DAD500746377 /* CFNetwork.framework in Frameworks */,
				4CBF5D891768DAD700746377 /* Security.framework in Frameworks */,
				4CBF5D871768DAD200746377 /* libicucore.dylib in Frameworks */,
				4CE742C51768BDE60026DE71 /* Foundation.framework in Frameworks */,
			);
			runOnlyForDeploymentPostprocessing = 0;
		};
/* End PBXFrameworksBuildPhase section */

/* Begin PBXGroup section */
		2C544E29177C7E9A00BC1A32 /* DrawView */ = {
			isa = PBXGroup;
			children = (
				2CF6BA93178491D100A695CC /* AMBezierPath */,
				2C0F88691760D8EC0062BD16 /* DrawView.h */,
				2C0F886A1760D8EC0062BD16 /* DrawView.m */,
			);
			name = DrawView;
			sourceTree = "<group>";
		};
		2C6F399A1768DA0300D700F7 /* Color Selection */ = {
			isa = PBXGroup;
			children = (
				4CADF4F0178DEC19005978C0 /* UISegmentedControlExtension.h */,
				4CADF4F1178DEC19005978C0 /* UISegmentedControlExtension.m */,
			);
			name = "Color Selection";
			sourceTree = "<group>";
		};
		2CBF3014177B700C0087C17C /* DrawViewController */ = {
			isa = PBXGroup;
			children = (
				2CF6BA94178491E300A695CC /* Shape Images */,
				2C544E29177C7E9A00BC1A32 /* DrawView */,
				2CBF3019177B7AB10087C17C /* DrawViewController.h */,
				2CBF301A177B7AB10087C17C /* DrawViewController.m */,
				2CBF301B177B7AB10087C17C /* DrawViewController.xib */,
				2C6F399A1768DA0300D700F7 /* Color Selection */,
			);
			name = DrawViewController;
			sourceTree = "<group>";
		};
		2CF6BA93178491D100A695CC /* AMBezierPath */ = {
			isa = PBXGroup;
			children = (
				2CF6BA8C1784919300A695CC /* AMBezierPath.h */,
				2CF6BA8D1784919300A695CC /* AMBezierPath.m */,
			);
			name = AMBezierPath;
			sourceTree = "<group>";
		};
		2CF6BA94178491E300A695CC /* Shape Images */ = {
			isa = PBXGroup;
			children = (
				2CF6BA971784920D00A695CC /* undo.png */,
				2CF6BA951784920100A695CC /* star.png */,
				2CF6BA8E1784919300A695CC /* arrow.png */,
				2CF6BA8F1784919300A695CC /* circle.png */,
			);
			name = "Shape Images";
			sourceTree = "<group>";
		};
		2CFC32A1175E7ED600384AEC /* Images */ = {
			isa = PBXGroup;
			children = (
				2C7C981917999B5C00F8ECE4 /* sample-qr.png */,
				3FADD94817983F7400ADEF76 /* RecycleBin.png */,
				3FA6119B17906E1A00A2B4C8 /* resizeDrawNote.png */,
				3FA6119917906A8B00A2B4C8 /* yellowNote.png */,
				3FA6119517905EDF00A2B4C8 /* blue.png */,
				3FA6119617905EDF00A2B4C8 /* redNote.png */,
				3F0F3B72178DF32E00163C2A /* drawNote.png */,
				3F0F3B73178DF32E00163C2A /* TextNote.png */,
				4C5C50C5177B59D90095801A /* pin.png */,
				3FED964313708FC800D8D1B8 /* Lecture View Images */,
				3F959F0613C7555500A6DA79 /* ClearNotes.png */,
				3FAE785313C786F800796813 /* accesslecture.png */,
			);
			name = Images;
			sourceTree = "<group>";
		};
		3F0DBDCC13BD170C00E3FEE8 /* About View */ = {
			isa = PBXGroup;
			children = (
				3F0DBDD313BD174900E3FEE8 /* AboutViewController.h */,
				3F0DBDD413BD174900E3FEE8 /* AboutViewController.m */,
			);
			name = "About View";
			sourceTree = "<group>";
		};
		3F0F3B62178DBB6D00163C2A /* categories */ = {
			isa = PBXGroup;
			children = (
				3F0F3B63178DBB6D00163C2A /* UIColor+Tools.h */,
				3F0F3B64178DBB6D00163C2A /* UIColor+Tools.m */,
				3F0F3B65178DBB6D00163C2A /* UIView+Layout.h */,
				3F0F3B66178DBB6D00163C2A /* UIView+Layout.m */,
			);
			path = categories;
			sourceTree = "<group>";
		};
		3F6D11AD17625E500066A4FA /* Networking */ = {
			isa = PBXGroup;
			children = (
				4C5B55FA17720A15005B79CF /* server.crt */,
				3F6D11AF17625EA20066A4FA /* ALNetworkInterface.h */,
				3F6D11B017625EA20066A4FA /* ALNetworkInterface.m */,
				3F6D11CD17625EAC0066A4FA /* SocketIO */,
				3F6D11BC17625EA20066A4FA /* SocketRocket */,
			);
			name = Networking;
			sourceTree = "<group>";
		};
		3F6D11BC17625EA20066A4FA /* SocketRocket */ = {
			isa = PBXGroup;
			children = (
				3F6D11BD17625EA20066A4FA /* base64.c */,
				3F6D11BE17625EA20066A4FA /* base64.h */,
				3F6D11BF17625EA20066A4FA /* NSData+SRB64Additions.h */,
				3F6D11C017625EA20066A4FA /* NSData+SRB64Additions.m */,
				3F6D11C117625EA20066A4FA /* SocketRocket-Prefix.pch */,
				3F6D11C217625EA20066A4FA /* SRWebSocket.h */,
				3F6D11C317625EA20066A4FA /* SRWebSocket.m */,
			);
			path = SocketRocket;
			sourceTree = "<group>";
		};
		3F6D11CD17625EAC0066A4FA /* SocketIO */ = {
			isa = PBXGroup;
			children = (
				3F6D11B117625EA20066A4FA /* SocketIO.h */,
				3F6D11B217625EA20066A4FA /* SocketIO.m */,
				3F6D11B317625EA20066A4FA /* SocketIOJSONSerialization.h */,
				3F6D11B417625EA20066A4FA /* SocketIOJSONSerialization.m */,
				3F6D11B517625EA20066A4FA /* SocketIOPacket.h */,
				3F6D11B617625EA20066A4FA /* SocketIOPacket.m */,
				3F6D11B717625EA20066A4FA /* SocketIOTransport.h */,
				3F6D11B817625EA20066A4FA /* SocketIOTransportWebsocket.h */,
				3F6D11B917625EA20066A4FA /* SocketIOTransportWebsocket.m */,
				3F6D11BA17625EA20066A4FA /* SocketIOTransportXHR.h */,
				3F6D11BB17625EA20066A4FA /* SocketIOTransportXHR.m */,
			);
			name = SocketIO;
			sourceTree = "<group>";
		};
		3F99F1ED15435F9D0065CBB9 /* Document Model */ = {
			isa = PBXGroup;
			children = (
				3F99F1EF15435FB40065CBB9 /* FileManager */,
				3F99F1EE15435FA80065CBB9 /* UIDocument */,
			);
			name = "Document Model";
			sourceTree = "<group>";
		};
		3F99F1EE15435FA80065CBB9 /* UIDocument */ = {
			isa = PBXGroup;
			children = (
				3F99F1FC154364270065CBB9 /* AccessDocument.h */,
				3F99F1FD154364270065CBB9 /* AccessDocument.m */,
				3F99F1FE154364270065CBB9 /* Note.h */,
				3F99F1FF154364270065CBB9 /* Note.m */,
				3F99F20015436E090065CBB9 /* Lecture.h */,
				3F99F20115436E090065CBB9 /* Lecture.m */,
				3F99F207154375270065CBB9 /* Position.h */,
				3F99F208154375270065CBB9 /* Position.m */,
			);
			name = UIDocument;
			sourceTree = "<group>";
		};
		3F99F1EF15435FB40065CBB9 /* FileManager */ = {
			isa = PBXGroup;
			children = (
				3F99F1F91543641E0065CBB9 /* FileManager.h */,
				3F99F1FA1543641E0065CBB9 /* FileManager.m */,
			);
			name = FileManager;
			sourceTree = "<group>";
		};
		3FAD0BF813A7B7AE00218B1F /* ColorViewController */ = {
			isa = PBXGroup;
			children = (
				3F2DB23F13A65C2D00041736 /* ColorViewController.m */,
				3F2DB23E13A65C2D00041736 /* ColorViewController.h */,
			);
			name = ColorViewController;
			sourceTree = "<group>";
		};
		3FCD5D1115438265005F2A60 /* View */ = {
			isa = PBXGroup;
			children = (
				4C96FA81176289B4002C0D74 /* Connect View */,
				3FED963213708E5100D8D1B8 /* Lecture View */,
				3F0DBDCC13BD170C00E3FEE8 /* About View */,
			);
			name = View;
			sourceTree = "<group>";
		};
		3FCD5D131543829A005F2A60 /* Application Architecture */ = {
			isa = PBXGroup;
			children = (
				3FED963013708E0000D8D1B8 /* App Delegate */,
			);
			name = "Application Architecture";
			sourceTree = "<group>";
		};
		3FCD5D14154382F5005F2A60 /* Model */ = {
			isa = PBXGroup;
			children = (
				3F99F1ED15435F9D0065CBB9 /* Document Model */,
				3FCD5D1515438472005F2A60 /* AccessLectureRuntime.h */,
				3FCD5D1615438472005F2A60 /* AccessLectureRuntime.m */,
			);
			name = Model;
			sourceTree = "<group>";
		};
		3FED95FC1370863E00D8D1B8 = {
			isa = PBXGroup;
			children = (
				3FF7FFD413D5E45300B89A5D /* AlertBG.png */,
				3FED96111370863E00D8D1B8 /* AccessLecture */,
				3FED960A1370863E00D8D1B8 /* Frameworks */,
				3FED96121370863E00D8D1B8 /* Supporting Files */,
				3FED96081370863E00D8D1B8 /* Products */,
				4CE742C71768BDE60026DE71 /* AccessLecture Tests */,
			);
			sourceTree = "<group>";
		};
		3FED96081370863E00D8D1B8 /* Products */ = {
			isa = PBXGroup;
			children = (
				3FED96071370863E00D8D1B8 /* AccessLecture.app */,
				4CE742C31768BDE60026DE71 /* AccessLecture Tests.octest */,
			);
			name = Products;
			sourceTree = "<group>";
		};
		3FED960A1370863E00D8D1B8 /* Frameworks */ = {
			isa = PBXGroup;
			children = (
				2CF45FDC17971C0400E6C69E /* QuartzCore.framework */,
				4C4B8BFB178EF8D900C2F94B /* AVFoundation.framework */,
				3F0F3B70178DCB8B00163C2A /* CoreText.framework */,
				3F6D11D217625F150066A4FA /* libicucore.dylib */,
				3F6D11D017625F0D0066A4FA /* CFNetwork.framework */,
				3F6D11CE17625F060066A4FA /* Security.framework */,
				3FFCFB2113A25388003DAB63 /* MessageUI.framework */,
				3FED960B1370863E00D8D1B8 /* UIKit.framework */,
				3FED960D1370863E00D8D1B8 /* Foundation.framework */,
				3FED960F1370863E00D8D1B8 /* CoreGraphics.framework */,
				3F9BA9C21758FE1C00BEFB55 /* SenTestingKit.framework */,
			);
			name = Frameworks;
			sourceTree = "<group>";
		};
		3FED96111370863E00D8D1B8 /* AccessLecture */ = {
			isa = PBXGroup;
			children = (
				4C5C50C9177B7B300095801A /* Controllers */,
				3F6D11AD17625E500066A4FA /* Networking */,
				3FCD5D14154382F5005F2A60 /* Model */,
				3FCD5D131543829A005F2A60 /* Application Architecture */,
				3FCD5D1115438265005F2A60 /* View */,
			);
			path = AccessLecture;
			sourceTree = "<group>";
		};
		3FED96121370863E00D8D1B8 /* Supporting Files */ = {
			isa = PBXGroup;
			children = (
				2CFC32A1175E7ED600384AEC /* Images */,
				3F5E3F20137C5CAC0022F3C9 /* Default-Portrait~ipad.png */,
				3F5E3F1D137C5CA30022F3C9 /* Default-Landscape~ipad.png */,
				3FAAA84F137848AB00F79C0C /* Icon.png */,
				3FED96131370863E00D8D1B8 /* AccessLecture-Info.plist */,
				3FED96141370863E00D8D1B8 /* InfoPlist.strings */,
				3FED96171370863E00D8D1B8 /* AccessLecture-Prefix.pch */,
				3FED96181370863E00D8D1B8 /* main.m */,
				2CFC329F175E60FC00384AEC /* MainStoryboard.storyboard */,
			);
			name = "Supporting Files";
			path = AccessLecture;
			sourceTree = "<group>";
		};
		3FED963013708E0000D8D1B8 /* App Delegate */ = {
			isa = PBXGroup;
			children = (
				3FED961A1370863E00D8D1B8 /* AccessLectureAppDelegate.h */,
				3FED961B1370863E00D8D1B8 /* AccessLectureAppDelegate.m */,
			);
			name = "App Delegate";
			sourceTree = "<group>";
		};
		3FED963113708E4E00D8D1B8 /* RootViewController */ = {
			isa = PBXGroup;
			children = (
				3FED96201370863E00D8D1B8 /* RootViewController.h */,
				3FED96211370863E00D8D1B8 /* RootViewController.m */,
			);
			name = RootViewController;
			sourceTree = "<group>";
		};
		3FED963213708E5100D8D1B8 /* Lecture View */ = {
			isa = PBXGroup;
			children = (
				4CEA19FF177CAAED00A1DE05 /* LectureCell.h */,
				4CEA1A00177CAAED00A1DE05 /* LectureCell.m */,
				4CEA1A01177CAAED00A1DE05 /* OpenLectureViewController.h */,
				4CEA1A02177CAAED00A1DE05 /* OpenLectureViewController.m */,
				3FAD0BF813A7B7AE00218B1F /* ColorViewController */,
			);
			name = "Lecture View";
			sourceTree = "<group>";
		};
		3FED964313708FC800D8D1B8 /* Lecture View Images */ = {
			isa = PBXGroup;
			children = (
				3FC32EBA13E05E0F00077291 /* biology.png */,
				3FC32EBB13E05E0F00077291 /* geometry.png */,
				3F0FFCFA1371A93A00299663 /* Back.png */,
				3FED96471370909100D8D1B8 /* Invert.png */,
				3FED96481370909100D8D1B8 /* Notes.png */,
				3FED96491370909100D8D1B8 /* Save.png */,
				3FED964A1370909100D8D1B8 /* Selection.png */,
				3FED964B1370909100D8D1B8 /* Settings.png */,
				3FED964F1370909100D8D1B8 /* ZoomIn.png */,
				3FED96501370909100D8D1B8 /* ZoomOut.png */,
			);
			name = "Lecture View Images";
			sourceTree = "<group>";
		};
		4C5C50C9177B7B300095801A /* Controllers */ = {
			isa = PBXGroup;
			children = (
				3FED963113708E4E00D8D1B8 /* RootViewController */,
				2CBF3014177B700C0087C17C /* DrawViewController */,
				4C8ABE7C177CA341007C934C /* NotesViewController */,
				4C8ABE7A177C886C007C934C /* StreamViewController */,
				4C5C50CA177B7B3A0095801A /* LectureViewController */,
			);
			name = Controllers;
			sourceTree = "<group>";
		};
		4C5C50CA177B7B3A0095801A /* LectureViewController */ = {
			isa = PBXGroup;
			children = (
				4C9AB8FB177C6884004A4F65 /* Views */,
				2C3BFE6417A2BF7B00404B9C /* ZoomBounds.h */,
				2C3BFE6317A2BF7B00404B9C /* ZoomBounds.c */,
				4C5C50CB177B7B7C0095801A /* LectureViewContainer.h */,
				4C5C50CC177B7B7C0095801A /* LectureViewContainer.m */,
			);
			name = LectureViewController;
			sourceTree = "<group>";
		};
		4C8ABE7A177C886C007C934C /* StreamViewController */ = {
			isa = PBXGroup;
			children = (
				4CD0A5F5177E1D5000864228 /* DrawingView */,
				4CD0A5EB177DC96E00864228 /* Connect */,
				4C8ABE75177C87BD007C934C /* StreamViewController.h */,
				4C8ABE76177C87BD007C934C /* StreamViewController.m */,
				4C861C05178EE0B600CD499C /* StreamLayout.storyboard */,
			);
			name = StreamViewController;
			sourceTree = "<group>";
		};
		4C8ABE7C177CA341007C934C /* NotesViewController */ = {
			isa = PBXGroup;
			children = (
				3F0F3B62178DBB6D00163C2A /* categories */,
				3F0F3B67178DBB8700163C2A /* FTCoreTextStyle.h */,
				3F0F3B68178DBB8700163C2A /* FTCoreTextStyle.m */,
				3F0F3B69178DBB8700163C2A /* FTCoreTextView.h */,
				3F0F3B6A178DBB8700163C2A /* FTCoreTextView.m */,
				4C8ABE7D177CA356007C934C /* NotesViewController.h */,
				4C8ABE7E177CA356007C934C /* NotesViewController.m */,
				4C8ABE7F177CA356007C934C /* NotesViewController.xib */,
			);
			name = NotesViewController;
			sourceTree = "<group>";
		};
		4C96FA81176289B4002C0D74 /* Connect View */ = {
			isa = PBXGroup;
			children = (
			);
			name = "Connect View";
			sourceTree = "<group>";
		};
		4C9AB8FB177C6884004A4F65 /* Views */ = {
			isa = PBXGroup;
			children = (
				4C9AB8FC177C6895004A4F65 /* TopNav.h */,
				4C9AB8FD177C6895004A4F65 /* TopNav.m */,
			);
			name = Views;
			sourceTree = "<group>";
		};
		4CD0A5EB177DC96E00864228 /* Connect */ = {
			isa = PBXGroup;
			children = (
				4CD0A5EC177DC98600864228 /* ConnectionViewController.h */,
				4CD0A5ED177DC98600864228 /* ConnectionViewController.m */,
				4C4B8BF8178EF57200C2F94B /* QRScanner.h */,
				4C4B8BF9178EF57200C2F94B /* QRScanner.m */,
			);
			name = Connect;
			sourceTree = "<group>";
		};
		4CD0A5F5177E1D5000864228 /* DrawingView */ = {
			isa = PBXGroup;
			children = (
				4CD0A5F6177E1D6800864228 /* StreamDrawing.h */,
				4CD0A5F7177E1D6800864228 /* StreamDrawing.m */,
			);
			name = DrawingView;
			sourceTree = "<group>";
		};
		4CE742C71768BDE60026DE71 /* AccessLecture Tests */ = {
			isa = PBXGroup;
			children = (
				4C5219ED17B1485A00601A4D /* LectureContainer.m */,
				4C51C79C1768F5BE0045DF42 /* Lectures.m */,
				2CCA61AD17B13AB9002DA6A3 /* DrawViewTests.m */,
				3FB653D817B1836D00AE8FB5 /* NotesViewControllerTests.m */,
				2CCA979717B14DD700669275 /* DrawViewControllerTests.m */,
				4CE742C81768BDE60026DE71 /* Supporting Files */,
			);
			path = "AccessLecture Tests";
			sourceTree = "<group>";
		};
		4CE742C81768BDE60026DE71 /* Supporting Files */ = {
			isa = PBXGroup;
			children = (
				4CB8329E1768C0AC008F0099 /* AccessLecture Tests-Info.plist */,
				4CB8329F1768C0AC008F0099 /* AccessLecture Tests-Prefix.pch */,
			);
			name = "Supporting Files";
			sourceTree = "<group>";
		};
/* End PBXGroup section */

/* Begin PBXNativeTarget section */
		3FED96061370863E00D8D1B8 /* AccessLecture */ = {
			isa = PBXNativeTarget;
			buildConfigurationList = 3FED96281370863E00D8D1B8 /* Build configuration list for PBXNativeTarget "AccessLecture" */;
			buildPhases = (
				3FED96031370863E00D8D1B8 /* Sources */,
				3FED96041370863E00D8D1B8 /* Frameworks */,
				3FED96051370863E00D8D1B8 /* Resources */,
			);
			buildRules = (
			);
			dependencies = (
			);
			name = AccessLecture;
			productName = AccessLecture;
			productReference = 3FED96071370863E00D8D1B8 /* AccessLecture.app */;
			productType = "com.apple.product-type.application";
		};
		4CE742C21768BDE60026DE71 /* AccessLecture Tests */ = {
			isa = PBXNativeTarget;
			buildConfigurationList = 4CE742D21768BDE60026DE71 /* Build configuration list for PBXNativeTarget "AccessLecture Tests" */;
			buildPhases = (
				4CE742BF1768BDE60026DE71 /* Sources */,
				4CE742C01768BDE60026DE71 /* Frameworks */,
				4CE742C11768BDE60026DE71 /* Resources */,
			);
			buildRules = (
			);
			dependencies = (
				4CBF5D8B1768DB4E00746377 /* PBXTargetDependency */,
			);
			name = "AccessLecture Tests";
			productName = "AccessLecture Tests";
			productReference = 4CE742C31768BDE60026DE71 /* AccessLecture Tests.octest */;
			productType = "com.apple.product-type.bundle";
		};
/* End PBXNativeTarget section */

/* Begin PBXProject section */
		3FED95FE1370863E00D8D1B8 /* Project object */ = {
			isa = PBXProject;
			attributes = {
				LastUpgradeCheck = 0460;
				TargetAttributes = {
					3FED96061370863E00D8D1B8 = {
						DevelopmentTeam = 4ZD4B3UWF7;
					};
					4CE742C21768BDE60026DE71 = {
						TestTargetID = 3FED96061370863E00D8D1B8;
					};
				};
			};
			buildConfigurationList = 3FED96011370863E00D8D1B8 /* Build configuration list for PBXProject "AccessLecture" */;
			compatibilityVersion = "Xcode 3.2";
			developmentRegion = English;
			hasScannedForEncodings = 0;
			knownRegions = (
				en,
			);
			mainGroup = 3FED95FC1370863E00D8D1B8;
			productRefGroup = 3FED96081370863E00D8D1B8 /* Products */;
			projectDirPath = "";
			projectRoot = "";
			targets = (
				3FED96061370863E00D8D1B8 /* AccessLecture */,
				4CE742C21768BDE60026DE71 /* AccessLecture Tests */,
			);
		};
/* End PBXProject section */

/* Begin PBXResourcesBuildPhase section */
		3FED96051370863E00D8D1B8 /* Resources */ = {
			isa = PBXResourcesBuildPhase;
			buildActionMask = 2147483647;
			files = (
				2CBF301D177B7AB10087C17C /* DrawViewController.xib in Resources */,
				3FA6119817905EDF00A2B4C8 /* redNote.png in Resources */,
				3FED96161370863E00D8D1B8 /* InfoPlist.strings in Resources */,
				3FED96531370909100D8D1B8 /* Invert.png in Resources */,
				3FA6119717905EDF00A2B4C8 /* blue.png in Resources */,
				3FED96541370909100D8D1B8 /* Notes.png in Resources */,
				4C5C50C6177B59D90095801A /* pin.png in Resources */,
				3F0F3B74178DF32E00163C2A /* drawNote.png in Resources */,
				2CF6BA911784919300A695CC /* arrow.png in Resources */,
				3FED96551370909100D8D1B8 /* Save.png in Resources */,
				3FED96561370909100D8D1B8 /* Selection.png in Resources */,
				4C8ABE81177CA356007C934C /* NotesViewController.xib in Resources */,
				3FED96571370909100D8D1B8 /* Settings.png in Resources */,
				4C5B55FB17720A15005B79CF /* server.crt in Resources */,
				3FED965B1370909100D8D1B8 /* ZoomIn.png in Resources */,
				3FED965C1370909100D8D1B8 /* ZoomOut.png in Resources */,
				3F0FFCFB1371A93A00299663 /* Back.png in Resources */,
				3FA6119A17906A8B00A2B4C8 /* yellowNote.png in Resources */,
				2CF6BA981784920D00A695CC /* undo.png in Resources */,
				3FAAA850137848AB00F79C0C /* Icon.png in Resources */,
				3F5E3F1E137C5CA30022F3C9 /* Default-Landscape~ipad.png in Resources */,
				3F0F3B75178DF32E00163C2A /* TextNote.png in Resources */,
				3F5E3F21137C5CAC0022F3C9 /* Default-Portrait~ipad.png in Resources */,
				3F959F0713C7555500A6DA79 /* ClearNotes.png in Resources */,
				2CF6BA921784919300A695CC /* circle.png in Resources */,
				3FAE785413C786F800796813 /* accesslecture.png in Resources */,
				3FF7FFD513D5E45300B89A5D /* AlertBG.png in Resources */,
				2CF6BA961784920100A695CC /* star.png in Resources */,
				4C861C06178EE0B600CD499C /* StreamLayout.storyboard in Resources */,
				3FADD94917983F7A00ADEF76 /* RecycleBin.png in Resources */,
				2C7C981A17999B5C00F8ECE4 /* sample-qr.png in Resources */,
				2CFC32A0175E60FC00384AEC /* MainStoryboard.storyboard in Resources */,
			);
			runOnlyForDeploymentPostprocessing = 0;
		};
		4CE742C11768BDE60026DE71 /* Resources */ = {
			isa = PBXResourcesBuildPhase;
			buildActionMask = 2147483647;
			files = (
			);
			runOnlyForDeploymentPostprocessing = 0;
		};
/* End PBXResourcesBuildPhase section */

/* Begin PBXSourcesBuildPhase section */
		3FED96031370863E00D8D1B8 /* Sources */ = {
			isa = PBXSourcesBuildPhase;
			buildActionMask = 2147483647;
			files = (
				2CBF301C177B7AB10087C17C /* DrawViewController.m in Sources */,
				2CF6BA901784919300A695CC /* AMBezierPath.m in Sources */,
				3FCD5D0B15437D0A005F2A60 /* AccessDocument.m in Sources */,
				4CD0A5F8177E1D6800864228 /* StreamDrawing.m in Sources */,
				3FED96191370863E00D8D1B8 /* main.m in Sources */,
				3F0F3B6E178DBBBD00163C2A /* UIView+Layout.m in Sources */,
				3F0F3B6D178DBBB900163C2A /* UIColor+Tools.m in Sources */,
				3F0F3B6B178DBB9D00163C2A /* FTCoreTextView.m in Sources */,
				4CEA1A03177CAAED00A1DE05 /* LectureCell.m in Sources */,
				3FED961C1370863E00D8D1B8 /* AccessLectureAppDelegate.m in Sources */,
				3FED96221370863E00D8D1B8 /* RootViewController.m in Sources */,
				3F2DB24113A65C2D00041736 /* ColorViewController.m in Sources */,
				3F0DBDD613BD174900E3FEE8 /* AboutViewController.m in Sources */,
				3F99F20215436E090065CBB9 /* Lecture.m in Sources */,
				4C5C50CD177B7B7C0095801A /* LectureViewContainer.m in Sources */,
				3F99F209154375270065CBB9 /* Position.m in Sources */,
				3FCD5D1715438472005F2A60 /* AccessLectureRuntime.m in Sources */,
				4C62BECD175651DB00CAF4CF /* FileManager.m in Sources */,
				4C4B8BFA178EF57200C2F94B /* QRScanner.m in Sources */,
				2C0F886B1760D8EC0062BD16 /* DrawView.m in Sources */,
				3F6D11C417625EA20066A4FA /* ALNetworkInterface.m in Sources */,
				3F0F3B6F178DBC1800163C2A /* FTCoreTextStyle.m in Sources */,
				3F6D11C517625EA20066A4FA /* SocketIO.m in Sources */,
				4CD0A5EF177DC98600864228 /* ConnectionViewController.m in Sources */,
				3F6D11C617625EA20066A4FA /* SocketIOJSONSerialization.m in Sources */,
				3F6D11C717625EA20066A4FA /* SocketIOPacket.m in Sources */,
				4C8ABE80177CA356007C934C /* NotesViewController.m in Sources */,
				3F6D11C817625EA20066A4FA /* SocketIOTransportWebsocket.m in Sources */,
				3F6D11C917625EA20066A4FA /* SocketIOTransportXHR.m in Sources */,
				3F6D11CA17625EA20066A4FA /* base64.c in Sources */,
				3F6D11CB17625EA20066A4FA /* NSData+SRB64Additions.m in Sources */,
				4C9AB8FE177C6895004A4F65 /* TopNav.m in Sources */,
				4CEA1A04177CAAED00A1DE05 /* OpenLectureViewController.m in Sources */,
				4C8ABE78177C87BD007C934C /* StreamViewController.m in Sources */,
				3F6D11CC17625EA20066A4FA /* SRWebSocket.m in Sources */,
				4CADF4F2178DEC19005978C0 /* UISegmentedControlExtension.m in Sources */,
				2C3BFE6517A2BF7B00404B9C /* ZoomBounds.c in Sources */,
			);
			runOnlyForDeploymentPostprocessing = 0;
		};
		4CE742BF1768BDE60026DE71 /* Sources */ = {
			isa = PBXSourcesBuildPhase;
			buildActionMask = 2147483647;
			files = (
				2CCA979817B14DD700669275 /* DrawViewControllerTests.m in Sources */,
				2CCA61AE17B13AB9002DA6A3 /* DrawViewTests.m in Sources */,
				4C51C79D1768F5BE0045DF42 /* Lectures.m in Sources */,
				3FB653D917B1836D00AE8FB5 /* NotesViewControllerTests.m in Sources */,
				4C5219EE17B1485A00601A4D /* LectureContainer.m in Sources */,
			);
			runOnlyForDeploymentPostprocessing = 0;
		};
/* End PBXSourcesBuildPhase section */

/* Begin PBXTargetDependency section */
		4CBF5D8B1768DB4E00746377 /* PBXTargetDependency */ = {
			isa = PBXTargetDependency;
			target = 3FED96061370863E00D8D1B8 /* AccessLecture */;
			targetProxy = 4CBF5D8A1768DB4E00746377 /* PBXContainerItemProxy */;
		};
/* End PBXTargetDependency section */

/* Begin PBXVariantGroup section */
		3FED96141370863E00D8D1B8 /* InfoPlist.strings */ = {
			isa = PBXVariantGroup;
			children = (
				3FED96151370863E00D8D1B8 /* en */,
			);
			name = InfoPlist.strings;
			sourceTree = "<group>";
		};
/* End PBXVariantGroup section */

/* Begin XCBuildConfiguration section */
		3FED96261370863E00D8D1B8 /* Debug */ = {
			isa = XCBuildConfiguration;
			buildSettings = {
				ARCHS = "$(ARCHS_STANDARD_32_BIT)";
				CODE_SIGN_IDENTITY = "";
				"CODE_SIGN_IDENTITY[sdk=iphoneos*]" = "";
				GCC_C_LANGUAGE_STANDARD = gnu99;
				GCC_OPTIMIZATION_LEVEL = 0;
				GCC_PREPROCESSOR_DEFINITIONS = DEBUG;
				GCC_SYMBOLS_PRIVATE_EXTERN = NO;
				GCC_VERSION = "";
				GCC_WARN_ABOUT_RETURN_TYPE = YES;
				GCC_WARN_UNUSED_VARIABLE = YES;
				IPHONEOS_DEPLOYMENT_TARGET = 5.1;
				PROVISIONING_PROFILE = "EC51EB3A-91E0-4B0D-8398-E553BBD0EE94";
				"PROVISIONING_PROFILE[sdk=iphoneos*]" = "EC51EB3A-91E0-4B0D-8398-E553BBD0EE94";
				SDKROOT = iphoneos;
				VALIDATE_PRODUCT = YES;
			};
			name = Debug;
		};
		3FED96271370863E00D8D1B8 /* Release */ = {
			isa = XCBuildConfiguration;
			buildSettings = {
				ARCHS = "$(ARCHS_STANDARD_32_BIT)";
				CODE_SIGN_IDENTITY = "";
				"CODE_SIGN_IDENTITY[sdk=iphoneos*]" = "";
				GCC_C_LANGUAGE_STANDARD = gnu99;
				GCC_VERSION = "";
				GCC_WARN_ABOUT_RETURN_TYPE = YES;
				GCC_WARN_UNUSED_VARIABLE = YES;
				IPHONEOS_DEPLOYMENT_TARGET = 5.1;
				OTHER_CFLAGS = "-DNS_BLOCK_ASSERTIONS=1";
				PROVISIONING_PROFILE = "EC51EB3A-91E0-4B0D-8398-E553BBD0EE94";
				"PROVISIONING_PROFILE[sdk=iphoneos*]" = "EC51EB3A-91E0-4B0D-8398-E553BBD0EE94";
				SDKROOT = iphoneos;
			};
			name = Release;
		};
		3FED96291370863E00D8D1B8 /* Debug */ = {
			isa = XCBuildConfiguration;
			buildSettings = {
				ALWAYS_SEARCH_USER_PATHS = NO;
				CLANG_ENABLE_OBJC_ARC = YES;
				CLANG_WARN__DUPLICATE_METHOD_MATCH = NO;
				CODE_SIGN_IDENTITY = "";
				"CODE_SIGN_IDENTITY[sdk=iphoneos*]" = "";
				COPY_PHASE_STRIP = NO;
				GCC_DYNAMIC_NO_PIC = NO;
				GCC_PRECOMPILE_PREFIX_HEADER = YES;
				GCC_PREFIX_HEADER = "AccessLecture/AccessLecture-Prefix.pch";
				GCC_VERSION = com.apple.compilers.llvm.clang.1_0;
				GCC_WARN_UNUSED_FUNCTION = YES;
				INFOPLIST_FILE = "AccessLecture/AccessLecture-Info.plist";
				IPHONEOS_DEPLOYMENT_TARGET = 6.0;
				PRODUCT_NAME = "$(TARGET_NAME)";
				PROVISIONING_PROFILE = "E9A28986-40E6-45BD-BBB0-020FDD0DB8C4";
				"PROVISIONING_PROFILE[sdk=iphoneos*]" = "E9A28986-40E6-45BD-BBB0-020FDD0DB8C4";
				TARGETED_DEVICE_FAMILY = 2;
				VALIDATE_PRODUCT = YES;
				WRAPPER_EXTENSION = app;
			};
			name = Debug;
		};
		3FED962A1370863E00D8D1B8 /* Release */ = {
			isa = XCBuildConfiguration;
			buildSettings = {
				ALWAYS_SEARCH_USER_PATHS = NO;
				CLANG_ENABLE_OBJC_ARC = YES;
				CLANG_WARN__DUPLICATE_METHOD_MATCH = NO;
				CODE_SIGN_IDENTITY = "";
				"CODE_SIGN_IDENTITY[sdk=iphoneos*]" = "";
				COPY_PHASE_STRIP = YES;
				GCC_PRECOMPILE_PREFIX_HEADER = YES;
				GCC_PREFIX_HEADER = "AccessLecture/AccessLecture-Prefix.pch";
				GCC_VERSION = com.apple.compilers.llvm.clang.1_0;
				GCC_WARN_UNUSED_FUNCTION = YES;
				INFOPLIST_FILE = "AccessLecture/AccessLecture-Info.plist";
				IPHONEOS_DEPLOYMENT_TARGET = 6.0;
				PRODUCT_NAME = "$(TARGET_NAME)";
				PROVISIONING_PROFILE = "E9A28986-40E6-45BD-BBB0-020FDD0DB8C4";
				"PROVISIONING_PROFILE[sdk=iphoneos*]" = "E9A28986-40E6-45BD-BBB0-020FDD0DB8C4";
				TARGETED_DEVICE_FAMILY = 2;
				VALIDATE_PRODUCT = YES;
				WRAPPER_EXTENSION = app;
			};
			name = Release;
		};
		4CE742D31768BDE60026DE71 /* Debug */ = {
			isa = XCBuildConfiguration;
			buildSettings = {
				ALWAYS_SEARCH_USER_PATHS = NO;
				BUNDLE_LOADER = "$(BUILT_PRODUCTS_DIR)/AccessLecture.app/AccessLecture";
				CLANG_CXX_LANGUAGE_STANDARD = "gnu++0x";
				CLANG_CXX_LIBRARY = "libc++";
				CLANG_ENABLE_MODULES = YES;
				CLANG_ENABLE_OBJC_ARC = YES;
				CLANG_WARN_BOOL_CONVERSION = YES;
				CLANG_WARN_CONSTANT_CONVERSION = YES;
				CLANG_WARN_DIRECT_OBJC_ISA_USAGE = YES_ERROR;
				CLANG_WARN_EMPTY_BODY = YES;
				CLANG_WARN_ENUM_CONVERSION = YES;
				CLANG_WARN_INT_CONVERSION = YES;
				CLANG_WARN_OBJC_ROOT_CLASS = YES_ERROR;
				CLANG_WARN__DUPLICATE_METHOD_MATCH = YES;
				CODE_SIGN_IDENTITY = "";
				COPY_PHASE_STRIP = NO;
				FRAMEWORK_SEARCH_PATHS = (
					"$(SDKROOT)/Developer/Library/Frameworks",
					"$(inherited)",
					"$(SYSTEM_APPS_DIR)/Xcode5-DP.app/Contents/Frameworks",
				);
				GCC_DYNAMIC_NO_PIC = NO;
				GCC_PRECOMPILE_PREFIX_HEADER = YES;
				GCC_PREFIX_HEADER = "AccessLecture Tests/AccessLecture Tests-Prefix.pch";
				GCC_PREPROCESSOR_DEFINITIONS = (
					"DEBUG=1",
					"$(inherited)",
				);
				GCC_VERSION = com.apple.compilers.llvm.clang.1_0;
				GCC_WARN_ABOUT_RETURN_TYPE = YES_ERROR;
				GCC_WARN_UNDECLARED_SELECTOR = YES;
				GCC_WARN_UNINITIALIZED_AUTOS = YES;
				GCC_WARN_UNUSED_FUNCTION = YES;
				INFOPLIST_FILE = "AccessLecture Tests/AccessLecture Tests-Info.plist";
				IPHONEOS_DEPLOYMENT_TARGET = 6.0;
				ONLY_ACTIVE_ARCH = YES;
				PRODUCT_NAME = "$(TARGET_NAME)";
				PROVISIONING_PROFILE = "EC51EB3A-91E0-4B0D-8398-E553BBD0EE94";
				TEST_HOST = "$(BUNDLE_LOADER)";
				WRAPPER_EXTENSION = octest;
			};
			name = Debug;
		};
		4CE742D41768BDE60026DE71 /* Release */ = {
			isa = XCBuildConfiguration;
			buildSettings = {
				ALWAYS_SEARCH_USER_PATHS = NO;
				BUNDLE_LOADER = "$(BUILT_PRODUCTS_DIR)/AccessLecture.app/AccessLecture";
				CLANG_CXX_LANGUAGE_STANDARD = "gnu++0x";
				CLANG_CXX_LIBRARY = "libc++";
				CLANG_ENABLE_MODULES = YES;
				CLANG_ENABLE_OBJC_ARC = YES;
				CLANG_WARN_BOOL_CONVERSION = YES;
				CLANG_WARN_CONSTANT_CONVERSION = YES;
				CLANG_WARN_DIRECT_OBJC_ISA_USAGE = YES_ERROR;
				CLANG_WARN_EMPTY_BODY = YES;
				CLANG_WARN_ENUM_CONVERSION = YES;
				CLANG_WARN_INT_CONVERSION = YES;
				CLANG_WARN_OBJC_ROOT_CLASS = YES_ERROR;
				CLANG_WARN__DUPLICATE_METHOD_MATCH = YES;
				CODE_SIGN_IDENTITY = "";
				COPY_PHASE_STRIP = YES;
				ENABLE_NS_ASSERTIONS = NO;
				FRAMEWORK_SEARCH_PATHS = (
					"$(SDKROOT)/Developer/Library/Frameworks",
					"$(inherited)",
					"$(SYSTEM_APPS_DIR)/Xcode5-DP.app/Contents/Frameworks",
				);
				GCC_PRECOMPILE_PREFIX_HEADER = YES;
				GCC_PREFIX_HEADER = "AccessLecture Tests/AccessLecture Tests-Prefix.pch";
				GCC_VERSION = com.apple.compilers.llvm.clang.1_0;
				GCC_WARN_ABOUT_RETURN_TYPE = YES_ERROR;
				GCC_WARN_UNDECLARED_SELECTOR = YES;
				GCC_WARN_UNINITIALIZED_AUTOS = YES;
				GCC_WARN_UNUSED_FUNCTION = YES;
				INFOPLIST_FILE = "AccessLecture Tests/AccessLecture Tests-Info.plist";
				IPHONEOS_DEPLOYMENT_TARGET = 6.0;
				PRODUCT_NAME = "$(TARGET_NAME)";
				PROVISIONING_PROFILE = "EC51EB3A-91E0-4B0D-8398-E553BBD0EE94";
				TEST_HOST = "$(BUNDLE_LOADER)";
				VALIDATE_PRODUCT = YES;
				WRAPPER_EXTENSION = octest;
			};
			name = Release;
		};
/* End XCBuildConfiguration section */

/* Begin XCConfigurationList section */
		3FED96011370863E00D8D1B8 /* Build configuration list for PBXProject "AccessLecture" */ = {
			isa = XCConfigurationList;
			buildConfigurations = (
				3FED96261370863E00D8D1B8 /* Debug */,
				3FED96271370863E00D8D1B8 /* Release */,
			);
			defaultConfigurationIsVisible = 0;
			defaultConfigurationName = Release;
		};
		3FED96281370863E00D8D1B8 /* Build configuration list for PBXNativeTarget "AccessLecture" */ = {
			isa = XCConfigurationList;
			buildConfigurations = (
				3FED96291370863E00D8D1B8 /* Debug */,
				3FED962A1370863E00D8D1B8 /* Release */,
			);
			defaultConfigurationIsVisible = 0;
			defaultConfigurationName = Release;
		};
		4CE742D21768BDE60026DE71 /* Build configuration list for PBXNativeTarget "AccessLecture Tests" */ = {
			isa = XCConfigurationList;
			buildConfigurations = (
				4CE742D31768BDE60026DE71 /* Debug */,
				4CE742D41768BDE60026DE71 /* Release */,
			);
			defaultConfigurationIsVisible = 0;
			defaultConfigurationName = Release;
		};
/* End XCConfigurationList section */
	};
	rootObject = 3FED95FE1370863E00D8D1B8 /* Project object */;
}
